// !$*UTF8*$!
{
	archiveVersion = 1;
	classes = {
	};
	objectVersion = 46;
	objects = {

/* Begin PBXBuildFile section */
		7EAAA90918A4376D0075379C /* Foundation.framework in Frameworks */ = {isa = PBXBuildFile; fileRef = 7EAAA90818A4376D0075379C /* Foundation.framework */; };
		7EAAA91718A4376D0075379C /* XCTest.framework in Frameworks */ = {isa = PBXBuildFile; fileRef = 7EAAA91618A4376D0075379C /* XCTest.framework */; };
		7EAAA91818A4376D0075379C /* Foundation.framework in Frameworks */ = {isa = PBXBuildFile; fileRef = 7EAAA90818A4376D0075379C /* Foundation.framework */; };
		7EAAA91A18A4376D0075379C /* UIKit.framework in Frameworks */ = {isa = PBXBuildFile; fileRef = 7EAAA91918A4376D0075379C /* UIKit.framework */; };
		7EAAA91D18A4376D0075379C /* libBloodMagic.a in Frameworks */ = {isa = PBXBuildFile; fileRef = 7EAAA90518A4376D0075379C /* libBloodMagic.a */; };
		7EAAA92318A4376D0075379C /* InfoPlist.strings in Resources */ = {isa = PBXBuildFile; fileRef = 7EAAA92118A4376D0075379C /* InfoPlist.strings */; };
		7EAAA92518A4376D0075379C /* BloodMagicTests.m in Sources */ = {isa = PBXBuildFile; fileRef = 7EAAA92418A4376D0075379C /* BloodMagicTests.m */; };
		7EAAA9A918A4378C0075379C /* BMClass.mm in Sources */ = {isa = PBXBuildFile; fileRef = 7EAAA93618A4378C0075379C /* BMClass.mm */; };
		7EAAA9AA18A4378C0075379C /* BMClassCache.mm in Sources */ = {isa = PBXBuildFile; fileRef = 7EAAA93918A4378C0075379C /* BMClassCache.mm */; };
		7EAAA9AB18A4378C0075379C /* BMClassCollector.mm in Sources */ = {isa = PBXBuildFile; fileRef = 7EAAA93C18A4378C0075379C /* BMClassCollector.mm */; };
		7EAAA9AC18A4378C0075379C /* BMPropertyCollector.mm in Sources */ = {isa = PBXBuildFile; fileRef = 7EAAA93E18A4378C0075379C /* BMPropertyCollector.mm */; };
		7EAAA9AD18A4378C0075379C /* BMPropertyFinder.mm in Sources */ = {isa = PBXBuildFile; fileRef = 7EAAA94118A4378C0075379C /* BMPropertyFinder.mm */; };
		7EAAA9AE18A4378C0075379C /* BMDynamicPropertyInjector.mm in Sources */ = {isa = PBXBuildFile; fileRef = 7EAAA94418A4378C0075379C /* BMDynamicPropertyInjector.mm */; };
		7EAAA9AF18A4378C0075379C /* BMKVCInjector.m in Sources */ = {isa = PBXBuildFile; fileRef = 7EAAA94618A4378C0075379C /* BMKVCInjector.m */; };
		7EAAA9B018A4378C0075379C /* BMPropertyTypeParser.mm in Sources */ = {isa = PBXBuildFile; fileRef = 7EAAA94918A4378C0075379C /* BMPropertyTypeParser.mm */; };
		7EAAA9B118A4378C0075379C /* BMInternalProperty.mm in Sources */ = {isa = PBXBuildFile; fileRef = 7EAAA94C18A4378C0075379C /* BMInternalProperty.mm */; };
		7EAAA9B218A4378C0075379C /* BMInternalPropertyFactory.mm in Sources */ = {isa = PBXBuildFile; fileRef = 7EAAA94E18A4378C0075379C /* BMInternalPropertyFactory.mm */; };
		7EAAA9B318A4378C0075379C /* BMInternalPropertyTemplate.mm in Sources */ = {isa = PBXBuildFile; fileRef = 7EAAA95018A4378C0075379C /* BMInternalPropertyTemplate.mm */; };
		7EAAA9B418A4378C0075379C /* BMPropertyKVCHandler.mm in Sources */ = {isa = PBXBuildFile; fileRef = 7EAAA95318A4378C0075379C /* BMPropertyKVCHandler.mm */; };
		7EAAA9B518A4378C0075379C /* BMPropertyValueService.mm in Sources */ = {isa = PBXBuildFile; fileRef = 7EAAA95518A4378C0075379C /* BMPropertyValueService.mm */; };
		7EAAA9B618A4378C0075379C /* BMCompsiteProperty.mm in Sources */ = {isa = PBXBuildFile; fileRef = 7EAAA95818A4378C0075379C /* BMCompsiteProperty.mm */; };
		7EAAA9B718A4378C0075379C /* BMPrimitiveCharProperty.mm in Sources */ = {isa = PBXBuildFile; fileRef = 7EAAA95A18A4378C0075379C /* BMPrimitiveCharProperty.mm */; };
		7EAAA9B818A4378C0075379C /* BMPrimitiveDoubleProperty.mm in Sources */ = {isa = PBXBuildFile; fileRef = 7EAAA95C18A4378C0075379C /* BMPrimitiveDoubleProperty.mm */; };
		7EAAA9B918A4378C0075379C /* BMPrimitiveFloatProperty.mm in Sources */ = {isa = PBXBuildFile; fileRef = 7EAAA95E18A4378C0075379C /* BMPrimitiveFloatProperty.mm */; };
		7EAAA9BA18A4378C0075379C /* BMPrimitiveIntProperty.mm in Sources */ = {isa = PBXBuildFile; fileRef = 7EAAA96018A4378C0075379C /* BMPrimitiveIntProperty.mm */; };
		7EAAA9BB18A4378C0075379C /* BMPrimitiveLongLongProperty.mm in Sources */ = {isa = PBXBuildFile; fileRef = 7EAAA96218A4378C0075379C /* BMPrimitiveLongLongProperty.mm */; };
		7EAAA9BC18A4378C0075379C /* BMPrimitiveLongProperty.mm in Sources */ = {isa = PBXBuildFile; fileRef = 7EAAA96418A4378C0075379C /* BMPrimitiveLongProperty.mm */; };
		7EAAA9BD18A4378C0075379C /* BMPrimitiveShortProperty.mm in Sources */ = {isa = PBXBuildFile; fileRef = 7EAAA96618A4378C0075379C /* BMPrimitiveShortProperty.mm */; };
		7EAAA9BE18A4378C0075379C /* BMPrimitiveUnsignedCharProperty.mm in Sources */ = {isa = PBXBuildFile; fileRef = 7EAAA96818A4378C0075379C /* BMPrimitiveUnsignedCharProperty.mm */; };
		7EAAA9BF18A4378C0075379C /* BMPrimitiveUnsignedIntProperty.mm in Sources */ = {isa = PBXBuildFile; fileRef = 7EAAA96A18A4378C0075379C /* BMPrimitiveUnsignedIntProperty.mm */; };
		7EAAA9C018A4378C0075379C /* BMPrimitiveUnsignedLongLongProperty.mm in Sources */ = {isa = PBXBuildFile; fileRef = 7EAAA96C18A4378C0075379C /* BMPrimitiveUnsignedLongLongProperty.mm */; };
		7EAAA9C118A4378C0075379C /* BMPrimitiveUnsignedLongProperty.mm in Sources */ = {isa = PBXBuildFile; fileRef = 7EAAA96E18A4378C0075379C /* BMPrimitiveUnsignedLongProperty.mm */; };
		7EAAA9C218A4378C0075379C /* BMPrimitiveUnsignedShortProperty.mm in Sources */ = {isa = PBXBuildFile; fileRef = 7EAAA97018A4378C0075379C /* BMPrimitiveUnsignedShortProperty.mm */; };
		7EAAA9C318A4378C0075379C /* BMBloodMagicInjector.mm in Sources */ = {isa = PBXBuildFile; fileRef = 7EAAA97618A4378C0075379C /* BMBloodMagicInjector.mm */; };
		7EAAA9C418A4378C0075379C /* BMProperty.mm in Sources */ = {isa = PBXBuildFile; fileRef = 7EAAA97918A4378C0075379C /* BMProperty.mm */; };
		7EAAA9C518A4378C0075379C /* BMFinalHook.mm in Sources */ = {isa = PBXBuildFile; fileRef = 7EAAA97E18A4378C0075379C /* BMFinalHook.mm */; };
		7EAAA9C618A4378C0075379C /* BMFinalModuleLoader.m in Sources */ = {isa = PBXBuildFile; fileRef = 7EAAA98018A4378C0075379C /* BMFinalModuleLoader.m */; };
		7EAAA9C718A4378C0075379C /* BMInitializer.m in Sources */ = {isa = PBXBuildFile; fileRef = 7EAAA98718A4378C0075379C /* BMInitializer.m */; };
		7EAAA9C818A4378C0075379C /* BMInitializerRegistry.m in Sources */ = {isa = PBXBuildFile; fileRef = 7EAAA98A18A4378C0075379C /* BMInitializerRegistry.m */; };
		7EAAA9C918A4378C0075379C /* BMLazyHook.mm in Sources */ = {isa = PBXBuildFile; fileRef = 7EAAA99018A4378C0075379C /* BMLazyHook.mm */; };
		7EAAA9CA18A4378C0075379C /* BMLazyInitializerFinder.mm in Sources */ = {isa = PBXBuildFile; fileRef = 7EAAA99218A4378C0075379C /* BMLazyInitializerFinder.mm */; };
		7EAAA9CB18A4378C0075379C /* BMLazyModuleLoader.m in Sources */ = {isa = PBXBuildFile; fileRef = 7EAAA99418A4378C0075379C /* BMLazyModuleLoader.m */; };
		7EAAA9CC18A4378C0075379C /* BMInitializer+LazyInitializer.m in Sources */ = {isa = PBXBuildFile; fileRef = 7EAAA99718A4378C0075379C /* BMInitializer+LazyInitializer.m */; };
		7EAAA9CD18A4378C0075379C /* BMInitializerRegistry+LazyRegistry.m in Sources */ = {isa = PBXBuildFile; fileRef = 7EAAA99918A4378C0075379C /* BMInitializerRegistry+LazyRegistry.m */; };
		7EAAA9CE18A4378C0075379C /* BMLazyInitializer.mm in Sources */ = {isa = PBXBuildFile; fileRef = 7EAAA99F18A4378C0075379C /* BMLazyInitializer.mm */; };
		7EAAA9CF18A4378C0075379C /* BMPartialHook.mm in Sources */ = {isa = PBXBuildFile; fileRef = 7EAAA9A418A4378C0075379C /* BMPartialHook.mm */; };
		7EAAA9D018A4378C0075379C /* BMPartialModuleLoader.m in Sources */ = {isa = PBXBuildFile; fileRef = 7EAAA9A618A4378C0075379C /* BMPartialModuleLoader.m */; };
/* End PBXBuildFile section */

/* Begin PBXContainerItemProxy section */
		7EAAA91B18A4376D0075379C /* PBXContainerItemProxy */ = {
			isa = PBXContainerItemProxy;
			containerPortal = 7EAAA8FD18A4376D0075379C /* Project object */;
			proxyType = 1;
			remoteGlobalIDString = 7EAAA90418A4376D0075379C;
			remoteInfo = BloodMagic;
		};
/* End PBXContainerItemProxy section */

/* Begin PBXCopyFilesBuildPhase section */
		7EAAA90318A4376D0075379C /* CopyFiles */ = {
			isa = PBXCopyFilesBuildPhase;
			buildActionMask = 2147483647;
			dstPath = "include/$(PRODUCT_NAME)";
			dstSubfolderSpec = 16;
			files = (
			);
			runOnlyForDeploymentPostprocessing = 0;
		};
/* End PBXCopyFilesBuildPhase section */

/* Begin PBXFileReference section */
		7EAAA90518A4376D0075379C /* libBloodMagic.a */ = {isa = PBXFileReference; explicitFileType = archive.ar; includeInIndex = 0; path = libBloodMagic.a; sourceTree = BUILT_PRODUCTS_DIR; };
		7EAAA90818A4376D0075379C /* Foundation.framework */ = {isa = PBXFileReference; lastKnownFileType = wrapper.framework; name = Foundation.framework; path = System/Library/Frameworks/Foundation.framework; sourceTree = SDKROOT; };
		7EAAA90C18A4376D0075379C /* BloodMagic-Prefix.pch */ = {isa = PBXFileReference; lastKnownFileType = sourcecode.c.h; path = "BloodMagic-Prefix.pch"; sourceTree = "<group>"; };
		7EAAA91518A4376D0075379C /* BloodMagicTests.xctest */ = {isa = PBXFileReference; explicitFileType = wrapper.cfbundle; includeInIndex = 0; path = BloodMagicTests.xctest; sourceTree = BUILT_PRODUCTS_DIR; };
		7EAAA91618A4376D0075379C /* XCTest.framework */ = {isa = PBXFileReference; lastKnownFileType = wrapper.framework; name = XCTest.framework; path = Library/Frameworks/XCTest.framework; sourceTree = DEVELOPER_DIR; };
		7EAAA91918A4376D0075379C /* UIKit.framework */ = {isa = PBXFileReference; lastKnownFileType = wrapper.framework; name = UIKit.framework; path = Library/Frameworks/UIKit.framework; sourceTree = DEVELOPER_DIR; };
		7EAAA92018A4376D0075379C /* BloodMagicTests-Info.plist */ = {isa = PBXFileReference; lastKnownFileType = text.plist.xml; path = "BloodMagicTests-Info.plist"; sourceTree = "<group>"; };
		7EAAA92218A4376D0075379C /* en */ = {isa = PBXFileReference; lastKnownFileType = text.plist.strings; name = en; path = en.lproj/InfoPlist.strings; sourceTree = "<group>"; };
		7EAAA92418A4376D0075379C /* BloodMagicTests.m */ = {isa = PBXFileReference; lastKnownFileType = sourcecode.c.objc; path = BloodMagicTests.m; sourceTree = "<group>"; };
		7EAAA93118A4378C0075379C /* Core.h */ = {isa = PBXFileReference; fileEncoding = 4; lastKnownFileType = sourcecode.c.h; path = Core.h; sourceTree = "<group>"; };
		7EAAA93318A4378C0075379C /* BMInternalTypes.h */ = {isa = PBXFileReference; fileEncoding = 4; lastKnownFileType = sourcecode.c.h; path = BMInternalTypes.h; sourceTree = "<group>"; };
		7EAAA93518A4378C0075379C /* BMClass.h */ = {isa = PBXFileReference; fileEncoding = 4; lastKnownFileType = sourcecode.c.h; path = BMClass.h; sourceTree = "<group>"; };
		7EAAA93618A4378C0075379C /* BMClass.mm */ = {isa = PBXFileReference; fileEncoding = 4; lastKnownFileType = sourcecode.cpp.objcpp; path = BMClass.mm; sourceTree = "<group>"; };
		7EAAA93718A4378C0075379C /* BMClass_Private.h */ = {isa = PBXFileReference; fileEncoding = 4; lastKnownFileType = sourcecode.c.h; path = BMClass_Private.h; sourceTree = "<group>"; };
		7EAAA93818A4378C0075379C /* BMClassCache.h */ = {isa = PBXFileReference; fileEncoding = 4; lastKnownFileType = sourcecode.c.h; path = BMClassCache.h; sourceTree = "<group>"; };
		7EAAA93918A4378C0075379C /* BMClassCache.mm */ = {isa = PBXFileReference; fileEncoding = 4; lastKnownFileType = sourcecode.cpp.objcpp; path = BMClassCache.mm; sourceTree = "<group>"; };
		7EAAA93B18A4378C0075379C /* BMClassCollector.h */ = {isa = PBXFileReference; fileEncoding = 4; lastKnownFileType = sourcecode.c.h; path = BMClassCollector.h; sourceTree = "<group>"; };
		7EAAA93C18A4378C0075379C /* BMClassCollector.mm */ = {isa = PBXFileReference; fileEncoding = 4; lastKnownFileType = sourcecode.cpp.objcpp; path = BMClassCollector.mm; sourceTree = "<group>"; };
		7EAAA93D18A4378C0075379C /* BMPropertyCollector.h */ = {isa = PBXFileReference; fileEncoding = 4; lastKnownFileType = sourcecode.c.h; path = BMPropertyCollector.h; sourceTree = "<group>"; };
		7EAAA93E18A4378C0075379C /* BMPropertyCollector.mm */ = {isa = PBXFileReference; fileEncoding = 4; lastKnownFileType = sourcecode.cpp.objcpp; path = BMPropertyCollector.mm; sourceTree = "<group>"; };
		7EAAA94018A4378C0075379C /* BMPropertyFinder.h */ = {isa = PBXFileReference; fileEncoding = 4; lastKnownFileType = sourcecode.c.h; path = BMPropertyFinder.h; sourceTree = "<group>"; };
		7EAAA94118A4378C0075379C /* BMPropertyFinder.mm */ = {isa = PBXFileReference; fileEncoding = 4; lastKnownFileType = sourcecode.cpp.objcpp; path = BMPropertyFinder.mm; sourceTree = "<group>"; };
		7EAAA94318A4378C0075379C /* BMDynamicPropertyInjector.h */ = {isa = PBXFileReference; fileEncoding = 4; lastKnownFileType = sourcecode.c.h; path = BMDynamicPropertyInjector.h; sourceTree = "<group>"; };
		7EAAA94418A4378C0075379C /* BMDynamicPropertyInjector.mm */ = {isa = PBXFileReference; fileEncoding = 4; lastKnownFileType = sourcecode.cpp.objcpp; path = BMDynamicPropertyInjector.mm; sourceTree = "<group>"; };
		7EAAA94518A4378C0075379C /* BMKVCInjector.h */ = {isa = PBXFileReference; fileEncoding = 4; lastKnownFileType = sourcecode.c.h; path = BMKVCInjector.h; sourceTree = "<group>"; };
		7EAAA94618A4378C0075379C /* BMKVCInjector.m */ = {isa = PBXFileReference; fileEncoding = 4; lastKnownFileType = sourcecode.c.objc; path = BMKVCInjector.m; sourceTree = "<group>"; };
		7EAAA94818A4378C0075379C /* BMPropertyTypeParser.h */ = {isa = PBXFileReference; fileEncoding = 4; lastKnownFileType = sourcecode.c.h; path = BMPropertyTypeParser.h; sourceTree = "<group>"; };
		7EAAA94918A4378C0075379C /* BMPropertyTypeParser.mm */ = {isa = PBXFileReference; fileEncoding = 4; lastKnownFileType = sourcecode.cpp.objcpp; path = BMPropertyTypeParser.mm; sourceTree = "<group>"; };
		7EAAA94B18A4378C0075379C /* BMInternalProperty.h */ = {isa = PBXFileReference; fileEncoding = 4; lastKnownFileType = sourcecode.c.h; path = BMInternalProperty.h; sourceTree = "<group>"; };
		7EAAA94C18A4378C0075379C /* BMInternalProperty.mm */ = {isa = PBXFileReference; fileEncoding = 4; lastKnownFileType = sourcecode.cpp.objcpp; path = BMInternalProperty.mm; sourceTree = "<group>"; };
		7EAAA94D18A4378C0075379C /* BMInternalPropertyFactory.h */ = {isa = PBXFileReference; fileEncoding = 4; lastKnownFileType = sourcecode.c.h; path = BMInternalPropertyFactory.h; sourceTree = "<group>"; };
		7EAAA94E18A4378C0075379C /* BMInternalPropertyFactory.mm */ = {isa = PBXFileReference; fileEncoding = 4; lastKnownFileType = sourcecode.cpp.objcpp; path = BMInternalPropertyFactory.mm; sourceTree = "<group>"; };
		7EAAA94F18A4378C0075379C /* BMInternalPropertyTemplate.h */ = {isa = PBXFileReference; fileEncoding = 4; lastKnownFileType = sourcecode.c.h; path = BMInternalPropertyTemplate.h; sourceTree = "<group>"; };
		7EAAA95018A4378C0075379C /* BMInternalPropertyTemplate.mm */ = {isa = PBXFileReference; fileEncoding = 4; lastKnownFileType = sourcecode.cpp.objcpp; path = BMInternalPropertyTemplate.mm; sourceTree = "<group>"; };
		7EAAA95118A4378C0075379C /* BMProperty_Private.h */ = {isa = PBXFileReference; fileEncoding = 4; lastKnownFileType = sourcecode.c.h; path = BMProperty_Private.h; sourceTree = "<group>"; };
		7EAAA95218A4378C0075379C /* BMPropertyKVCHandler.h */ = {isa = PBXFileReference; fileEncoding = 4; lastKnownFileType = sourcecode.c.h; path = BMPropertyKVCHandler.h; sourceTree = "<group>"; };
		7EAAA95318A4378C0075379C /* BMPropertyKVCHandler.mm */ = {isa = PBXFileReference; fileEncoding = 4; lastKnownFileType = sourcecode.cpp.objcpp; path = BMPropertyKVCHandler.mm; sourceTree = "<group>"; };
		7EAAA95418A4378C0075379C /* BMPropertyValueService.h */ = {isa = PBXFileReference; fileEncoding = 4; lastKnownFileType = sourcecode.c.h; path = BMPropertyValueService.h; sourceTree = "<group>"; };
		7EAAA95518A4378C0075379C /* BMPropertyValueService.mm */ = {isa = PBXFileReference; fileEncoding = 4; lastKnownFileType = sourcecode.cpp.objcpp; path = BMPropertyValueService.mm; sourceTree = "<group>"; };
		7EAAA95718A4378C0075379C /* BMCompsiteProperty.h */ = {isa = PBXFileReference; fileEncoding = 4; lastKnownFileType = sourcecode.c.h; path = BMCompsiteProperty.h; sourceTree = "<group>"; };
		7EAAA95818A4378C0075379C /* BMCompsiteProperty.mm */ = {isa = PBXFileReference; fileEncoding = 4; lastKnownFileType = sourcecode.cpp.objcpp; path = BMCompsiteProperty.mm; sourceTree = "<group>"; };
		7EAAA95918A4378C0075379C /* BMPrimitiveCharProperty.h */ = {isa = PBXFileReference; fileEncoding = 4; lastKnownFileType = sourcecode.c.h; path = BMPrimitiveCharProperty.h; sourceTree = "<group>"; };
		7EAAA95A18A4378C0075379C /* BMPrimitiveCharProperty.mm */ = {isa = PBXFileReference; fileEncoding = 4; lastKnownFileType = sourcecode.cpp.objcpp; path = BMPrimitiveCharProperty.mm; sourceTree = "<group>"; };
		7EAAA95B18A4378C0075379C /* BMPrimitiveDoubleProperty.h */ = {isa = PBXFileReference; fileEncoding = 4; lastKnownFileType = sourcecode.c.h; path = BMPrimitiveDoubleProperty.h; sourceTree = "<group>"; };
		7EAAA95C18A4378C0075379C /* BMPrimitiveDoubleProperty.mm */ = {isa = PBXFileReference; fileEncoding = 4; lastKnownFileType = sourcecode.cpp.objcpp; path = BMPrimitiveDoubleProperty.mm; sourceTree = "<group>"; };
		7EAAA95D18A4378C0075379C /* BMPrimitiveFloatProperty.h */ = {isa = PBXFileReference; fileEncoding = 4; lastKnownFileType = sourcecode.c.h; path = BMPrimitiveFloatProperty.h; sourceTree = "<group>"; };
		7EAAA95E18A4378C0075379C /* BMPrimitiveFloatProperty.mm */ = {isa = PBXFileReference; fileEncoding = 4; lastKnownFileType = sourcecode.cpp.objcpp; path = BMPrimitiveFloatProperty.mm; sourceTree = "<group>"; };
		7EAAA95F18A4378C0075379C /* BMPrimitiveIntProperty.h */ = {isa = PBXFileReference; fileEncoding = 4; lastKnownFileType = sourcecode.c.h; path = BMPrimitiveIntProperty.h; sourceTree = "<group>"; };
		7EAAA96018A4378C0075379C /* BMPrimitiveIntProperty.mm */ = {isa = PBXFileReference; fileEncoding = 4; lastKnownFileType = sourcecode.cpp.objcpp; path = BMPrimitiveIntProperty.mm; sourceTree = "<group>"; };
		7EAAA96118A4378C0075379C /* BMPrimitiveLongLongProperty.h */ = {isa = PBXFileReference; fileEncoding = 4; lastKnownFileType = sourcecode.c.h; path = BMPrimitiveLongLongProperty.h; sourceTree = "<group>"; };
		7EAAA96218A4378C0075379C /* BMPrimitiveLongLongProperty.mm */ = {isa = PBXFileReference; fileEncoding = 4; lastKnownFileType = sourcecode.cpp.objcpp; path = BMPrimitiveLongLongProperty.mm; sourceTree = "<group>"; };
		7EAAA96318A4378C0075379C /* BMPrimitiveLongProperty.h */ = {isa = PBXFileReference; fileEncoding = 4; lastKnownFileType = sourcecode.c.h; path = BMPrimitiveLongProperty.h; sourceTree = "<group>"; };
		7EAAA96418A4378C0075379C /* BMPrimitiveLongProperty.mm */ = {isa = PBXFileReference; fileEncoding = 4; lastKnownFileType = sourcecode.cpp.objcpp; path = BMPrimitiveLongProperty.mm; sourceTree = "<group>"; };
		7EAAA96518A4378C0075379C /* BMPrimitiveShortProperty.h */ = {isa = PBXFileReference; fileEncoding = 4; lastKnownFileType = sourcecode.c.h; path = BMPrimitiveShortProperty.h; sourceTree = "<group>"; };
		7EAAA96618A4378C0075379C /* BMPrimitiveShortProperty.mm */ = {isa = PBXFileReference; fileEncoding = 4; lastKnownFileType = sourcecode.cpp.objcpp; path = BMPrimitiveShortProperty.mm; sourceTree = "<group>"; };
		7EAAA96718A4378C0075379C /* BMPrimitiveUnsignedCharProperty.h */ = {isa = PBXFileReference; fileEncoding = 4; lastKnownFileType = sourcecode.c.h; path = BMPrimitiveUnsignedCharProperty.h; sourceTree = "<group>"; };
		7EAAA96818A4378C0075379C /* BMPrimitiveUnsignedCharProperty.mm */ = {isa = PBXFileReference; fileEncoding = 4; lastKnownFileType = sourcecode.cpp.objcpp; path = BMPrimitiveUnsignedCharProperty.mm; sourceTree = "<group>"; };
		7EAAA96918A4378C0075379C /* BMPrimitiveUnsignedIntProperty.h */ = {isa = PBXFileReference; fileEncoding = 4; lastKnownFileType = sourcecode.c.h; path = BMPrimitiveUnsignedIntProperty.h; sourceTree = "<group>"; };
		7EAAA96A18A4378C0075379C /* BMPrimitiveUnsignedIntProperty.mm */ = {isa = PBXFileReference; fileEncoding = 4; lastKnownFileType = sourcecode.cpp.objcpp; path = BMPrimitiveUnsignedIntProperty.mm; sourceTree = "<group>"; };
		7EAAA96B18A4378C0075379C /* BMPrimitiveUnsignedLongLongProperty.h */ = {isa = PBXFileReference; fileEncoding = 4; lastKnownFileType = sourcecode.c.h; path = BMPrimitiveUnsignedLongLongProperty.h; sourceTree = "<group>"; };
		7EAAA96C18A4378C0075379C /* BMPrimitiveUnsignedLongLongProperty.mm */ = {isa = PBXFileReference; fileEncoding = 4; lastKnownFileType = sourcecode.cpp.objcpp; path = BMPrimitiveUnsignedLongLongProperty.mm; sourceTree = "<group>"; };
		7EAAA96D18A4378C0075379C /* BMPrimitiveUnsignedLongProperty.h */ = {isa = PBXFileReference; fileEncoding = 4; lastKnownFileType = sourcecode.c.h; path = BMPrimitiveUnsignedLongProperty.h; sourceTree = "<group>"; };
		7EAAA96E18A4378C0075379C /* BMPrimitiveUnsignedLongProperty.mm */ = {isa = PBXFileReference; fileEncoding = 4; lastKnownFileType = sourcecode.cpp.objcpp; path = BMPrimitiveUnsignedLongProperty.mm; sourceTree = "<group>"; };
		7EAAA96F18A4378C0075379C /* BMPrimitiveUnsignedShortProperty.h */ = {isa = PBXFileReference; fileEncoding = 4; lastKnownFileType = sourcecode.c.h; path = BMPrimitiveUnsignedShortProperty.h; sourceTree = "<group>"; };
		7EAAA97018A4378C0075379C /* BMPrimitiveUnsignedShortProperty.mm */ = {isa = PBXFileReference; fileEncoding = 4; lastKnownFileType = sourcecode.cpp.objcpp; path = BMPrimitiveUnsignedShortProperty.mm; sourceTree = "<group>"; };
		7EAAA97218A4378C0075379C /* BMHook.h */ = {isa = PBXFileReference; fileEncoding = 4; lastKnownFileType = sourcecode.c.h; path = BMHook.h; sourceTree = "<group>"; };
		7EAAA97318A4378C0075379C /* BMPublicCoreDefnitions.h */ = {isa = PBXFileReference; fileEncoding = 4; lastKnownFileType = sourcecode.c.h; path = BMPublicCoreDefnitions.h; sourceTree = "<group>"; };
		7EAAA97518A4378C0075379C /* BMBloodMagicInjector.h */ = {isa = PBXFileReference; fileEncoding = 4; lastKnownFileType = sourcecode.c.h; path = BMBloodMagicInjector.h; sourceTree = "<group>"; };
		7EAAA97618A4378C0075379C /* BMBloodMagicInjector.mm */ = {isa = PBXFileReference; fileEncoding = 4; lastKnownFileType = sourcecode.cpp.objcpp; path = BMBloodMagicInjector.mm; sourceTree = "<group>"; };
		7EAAA97818A4378C0075379C /* BMProperty.h */ = {isa = PBXFileReference; fileEncoding = 4; lastKnownFileType = sourcecode.c.h; path = BMProperty.h; sourceTree = "<group>"; };
		7EAAA97918A4378C0075379C /* BMProperty.mm */ = {isa = PBXFileReference; fileEncoding = 4; lastKnownFileType = sourcecode.cpp.objcpp; path = BMProperty.mm; sourceTree = "<group>"; };
		7EAAA97B18A4378C0075379C /* Final.h */ = {isa = PBXFileReference; fileEncoding = 4; lastKnownFileType = sourcecode.c.h; path = Final.h; sourceTree = "<group>"; };
		7EAAA97D18A4378C0075379C /* BMFinalHook.h */ = {isa = PBXFileReference; fileEncoding = 4; lastKnownFileType = sourcecode.c.h; path = BMFinalHook.h; sourceTree = "<group>"; };
		7EAAA97E18A4378C0075379C /* BMFinalHook.mm */ = {isa = PBXFileReference; fileEncoding = 4; lastKnownFileType = sourcecode.cpp.objcpp; path = BMFinalHook.mm; sourceTree = "<group>"; };
		7EAAA97F18A4378C0075379C /* BMFinalModuleLoader.h */ = {isa = PBXFileReference; fileEncoding = 4; lastKnownFileType = sourcecode.c.h; path = BMFinalModuleLoader.h; sourceTree = "<group>"; };
		7EAAA98018A4378C0075379C /* BMFinalModuleLoader.m */ = {isa = PBXFileReference; fileEncoding = 4; lastKnownFileType = sourcecode.c.objc; path = BMFinalModuleLoader.m; sourceTree = "<group>"; };
		7EAAA98218A4378C0075379C /* BMFinal.h */ = {isa = PBXFileReference; fileEncoding = 4; lastKnownFileType = sourcecode.c.h; path = BMFinal.h; sourceTree = "<group>"; };
		7EAAA98418A4378C0075379C /* Initializers.h */ = {isa = PBXFileReference; fileEncoding = 4; lastKnownFileType = sourcecode.c.h; path = Initializers.h; sourceTree = "<group>"; };
		7EAAA98618A4378C0075379C /* BMInitializer.h */ = {isa = PBXFileReference; fileEncoding = 4; lastKnownFileType = sourcecode.c.h; path = BMInitializer.h; sourceTree = "<group>"; };
		7EAAA98718A4378C0075379C /* BMInitializer.m */ = {isa = PBXFileReference; fileEncoding = 4; lastKnownFileType = sourcecode.c.objc; path = BMInitializer.m; sourceTree = "<group>"; };
		7EAAA98818A4378C0075379C /* BMInitializer_Private.h */ = {isa = PBXFileReference; fileEncoding = 4; lastKnownFileType = sourcecode.c.h; path = BMInitializer_Private.h; sourceTree = "<group>"; };
		7EAAA98918A4378C0075379C /* BMInitializerRegistry.h */ = {isa = PBXFileReference; fileEncoding = 4; lastKnownFileType = sourcecode.c.h; path = BMInitializerRegistry.h; sourceTree = "<group>"; };
		7EAAA98A18A4378C0075379C /* BMInitializerRegistry.m */ = {isa = PBXFileReference; fileEncoding = 4; lastKnownFileType = sourcecode.c.objc; path = BMInitializerRegistry.m; sourceTree = "<group>"; };
		7EAAA98C18A4378C0075379C /* Lazy.h */ = {isa = PBXFileReference; fileEncoding = 4; lastKnownFileType = sourcecode.c.h; path = Lazy.h; sourceTree = "<group>"; };
		7EAAA98D18A4378C0075379C /* Lazy_cxx.h */ = {isa = PBXFileReference; fileEncoding = 4; lastKnownFileType = sourcecode.c.h; path = Lazy_cxx.h; sourceTree = "<group>"; };
		7EAAA98F18A4378C0075379C /* BMLazyHook.h */ = {isa = PBXFileReference; fileEncoding = 4; lastKnownFileType = sourcecode.c.h; path = BMLazyHook.h; sourceTree = "<group>"; };
		7EAAA99018A4378C0075379C /* BMLazyHook.mm */ = {isa = PBXFileReference; fileEncoding = 4; lastKnownFileType = sourcecode.cpp.objcpp; path = BMLazyHook.mm; sourceTree = "<group>"; };
		7EAAA99118A4378C0075379C /* BMLazyInitializerFinder.h */ = {isa = PBXFileReference; fileEncoding = 4; lastKnownFileType = sourcecode.c.h; path = BMLazyInitializerFinder.h; sourceTree = "<group>"; };
		7EAAA99218A4378C0075379C /* BMLazyInitializerFinder.mm */ = {isa = PBXFileReference; fileEncoding = 4; lastKnownFileType = sourcecode.cpp.objcpp; path = BMLazyInitializerFinder.mm; sourceTree = "<group>"; };
		7EAAA99318A4378C0075379C /* BMLazyModuleLoader.h */ = {isa = PBXFileReference; fileEncoding = 4; lastKnownFileType = sourcecode.c.h; path = BMLazyModuleLoader.h; sourceTree = "<group>"; };
		7EAAA99418A4378C0075379C /* BMLazyModuleLoader.m */ = {isa = PBXFileReference; fileEncoding = 4; lastKnownFileType = sourcecode.c.objc; path = BMLazyModuleLoader.m; sourceTree = "<group>"; };
		7EAAA99618A4378C0075379C /* BMInitializer+LazyInitializer.h */ = {isa = PBXFileReference; fileEncoding = 4; lastKnownFileType = sourcecode.c.h; path = "BMInitializer+LazyInitializer.h"; sourceTree = "<group>"; };
		7EAAA99718A4378C0075379C /* BMInitializer+LazyInitializer.m */ = {isa = PBXFileReference; fileEncoding = 4; lastKnownFileType = sourcecode.c.objc; path = "BMInitializer+LazyInitializer.m"; sourceTree = "<group>"; };
		7EAAA99818A4378C0075379C /* BMInitializerRegistry+LazyRegistry.h */ = {isa = PBXFileReference; fileEncoding = 4; lastKnownFileType = sourcecode.c.h; path = "BMInitializerRegistry+LazyRegistry.h"; sourceTree = "<group>"; };
		7EAAA99918A4378C0075379C /* BMInitializerRegistry+LazyRegistry.m */ = {isa = PBXFileReference; fileEncoding = 4; lastKnownFileType = sourcecode.c.objc; path = "BMInitializerRegistry+LazyRegistry.m"; sourceTree = "<group>"; };
		7EAAA99A18A4378C0075379C /* BMLazy.h */ = {isa = PBXFileReference; fileEncoding = 4; lastKnownFileType = sourcecode.c.h; path = BMLazy.h; sourceTree = "<group>"; };
		7EAAA99B18A4378C0075379C /* BMLazyDefinitions.h */ = {isa = PBXFileReference; fileEncoding = 4; lastKnownFileType = sourcecode.c.h; path = BMLazyDefinitions.h; sourceTree = "<group>"; };
		7EAAA99C18A4378C0075379C /* BMLazyExclude.h */ = {isa = PBXFileReference; fileEncoding = 4; lastKnownFileType = sourcecode.c.h; path = BMLazyExclude.h; sourceTree = "<group>"; };
		7EAAA99E18A4378C0075379C /* BMLazyInitializer.h */ = {isa = PBXFileReference; fileEncoding = 4; lastKnownFileType = sourcecode.c.h; path = BMLazyInitializer.h; sourceTree = "<group>"; };
		7EAAA99F18A4378C0075379C /* BMLazyInitializer.mm */ = {isa = PBXFileReference; fileEncoding = 4; lastKnownFileType = sourcecode.cpp.objcpp; path = BMLazyInitializer.mm; sourceTree = "<group>"; };
		7EAAA9A118A4378C0075379C /* Partial.h */ = {isa = PBXFileReference; fileEncoding = 4; lastKnownFileType = sourcecode.c.h; path = Partial.h; sourceTree = "<group>"; };
		7EAAA9A318A4378C0075379C /* BMPartialHook.h */ = {isa = PBXFileReference; fileEncoding = 4; lastKnownFileType = sourcecode.c.h; path = BMPartialHook.h; sourceTree = "<group>"; };
		7EAAA9A418A4378C0075379C /* BMPartialHook.mm */ = {isa = PBXFileReference; fileEncoding = 4; lastKnownFileType = sourcecode.cpp.objcpp; path = BMPartialHook.mm; sourceTree = "<group>"; };
		7EAAA9A518A4378C0075379C /* BMPartialModuleLoader.h */ = {isa = PBXFileReference; fileEncoding = 4; lastKnownFileType = sourcecode.c.h; path = BMPartialModuleLoader.h; sourceTree = "<group>"; };
		7EAAA9A618A4378C0075379C /* BMPartialModuleLoader.m */ = {isa = PBXFileReference; fileEncoding = 4; lastKnownFileType = sourcecode.c.objc; path = BMPartialModuleLoader.m; sourceTree = "<group>"; };
		7EAAA9A818A4378C0075379C /* BMPartial.h */ = {isa = PBXFileReference; fileEncoding = 4; lastKnownFileType = sourcecode.c.h; path = BMPartial.h; sourceTree = "<group>"; };
		7EAAA9D218A437CA0075379C /* BloodMagic.h */ = {isa = PBXFileReference; lastKnownFileType = sourcecode.c.h; name = BloodMagic.h; path = ../BloodMagic.h; sourceTree = "<group>"; };
/* End PBXFileReference section */

/* Begin PBXFrameworksBuildPhase section */
		7EAAA90218A4376D0075379C /* Frameworks */ = {
			isa = PBXFrameworksBuildPhase;
			buildActionMask = 2147483647;
			files = (
				7EAAA90918A4376D0075379C /* Foundation.framework in Frameworks */,
			);
			runOnlyForDeploymentPostprocessing = 0;
		};
		7EAAA91218A4376D0075379C /* Frameworks */ = {
			isa = PBXFrameworksBuildPhase;
			buildActionMask = 2147483647;
			files = (
				7EAAA91718A4376D0075379C /* XCTest.framework in Frameworks */,
				7EAAA91A18A4376D0075379C /* UIKit.framework in Frameworks */,
				7EAAA91D18A4376D0075379C /* libBloodMagic.a in Frameworks */,
				7EAAA91818A4376D0075379C /* Foundation.framework in Frameworks */,
			);
			runOnlyForDeploymentPostprocessing = 0;
		};
/* End PBXFrameworksBuildPhase section */

/* Begin PBXGroup section */
		7EAAA8FC18A4376D0075379C = {
			isa = PBXGroup;
			children = (
				7EAAA90A18A4376D0075379C /* BloodMagic */,
				7EAAA91E18A4376D0075379C /* BloodMagicTests */,
				7EAAA90718A4376D0075379C /* Frameworks */,
				7EAAA90618A4376D0075379C /* Products */,
			);
			sourceTree = "<group>";
		};
		7EAAA90618A4376D0075379C /* Products */ = {
			isa = PBXGroup;
			children = (
				7EAAA90518A4376D0075379C /* libBloodMagic.a */,
				7EAAA91518A4376D0075379C /* BloodMagicTests.xctest */,
			);
			name = Products;
			sourceTree = "<group>";
		};
		7EAAA90718A4376D0075379C /* Frameworks */ = {
			isa = PBXGroup;
			children = (
				7EAAA90818A4376D0075379C /* Foundation.framework */,
				7EAAA91618A4376D0075379C /* XCTest.framework */,
				7EAAA91918A4376D0075379C /* UIKit.framework */,
			);
			name = Frameworks;
			sourceTree = "<group>";
		};
		7EAAA90A18A4376D0075379C /* BloodMagic */ = {
			isa = PBXGroup;
			children = (
				7EAAA92E18A4378C0075379C /* Sources */,
				7EAAA90B18A4376D0075379C /* Supporting Files */,
			);
			path = BloodMagic;
			sourceTree = "<group>";
		};
		7EAAA90B18A4376D0075379C /* Supporting Files */ = {
			isa = PBXGroup;
			children = (
				7EAAA90C18A4376D0075379C /* BloodMagic-Prefix.pch */,
			);
			name = "Supporting Files";
			sourceTree = "<group>";
		};
		7EAAA91E18A4376D0075379C /* BloodMagicTests */ = {
			isa = PBXGroup;
			children = (
				7EAAA92418A4376D0075379C /* BloodMagicTests.m */,
				7EAAA91F18A4376D0075379C /* Supporting Files */,
			);
			path = BloodMagicTests;
			sourceTree = "<group>";
		};
		7EAAA91F18A4376D0075379C /* Supporting Files */ = {
			isa = PBXGroup;
			children = (
				7EAAA92018A4376D0075379C /* BloodMagicTests-Info.plist */,
				7EAAA92118A4376D0075379C /* InfoPlist.strings */,
			);
			name = "Supporting Files";
			sourceTree = "<group>";
		};
		7EAAA92E18A4378C0075379C /* Sources */ = {
			isa = PBXGroup;
			children = (
				7EAAA9D218A437CA0075379C /* BloodMagic.h */,
				7EAAA92F18A4378C0075379C /* Modules */,
			);
			name = Sources;
			path = ../../../BloodMagic/Sources;
			sourceTree = "<group>";
		};
		7EAAA92F18A4378C0075379C /* Modules */ = {
			isa = PBXGroup;
			children = (
				7EAAA93018A4378C0075379C /* Core */,
				7EAAA97A18A4378C0075379C /* Final */,
				7EAAA98318A4378C0075379C /* Initializers */,
				7EAAA98B18A4378C0075379C /* Lazy */,
				7EAAA9A018A4378C0075379C /* Partial */,
			);
			path = Modules;
			sourceTree = "<group>";
		};
		7EAAA93018A4378C0075379C /* Core */ = {
			isa = PBXGroup;
			children = (
				7EAAA93118A4378C0075379C /* Core.h */,
				7EAAA93218A4378C0075379C /* Private */,
				7EAAA97118A4378C0075379C /* Public */,
			);
			path = Core;
			sourceTree = "<group>";
		};
		7EAAA93218A4378C0075379C /* Private */ = {
			isa = PBXGroup;
			children = (
				7EAAA93318A4378C0075379C /* BMInternalTypes.h */,
				7EAAA93418A4378C0075379C /* Classes */,
				7EAAA93A18A4378C0075379C /* Collectors */,
				7EAAA93F18A4378C0075379C /* Finders */,
				7EAAA94218A4378C0075379C /* Injectors */,
				7EAAA94718A4378C0075379C /* Parsers */,
				7EAAA94A18A4378C0075379C /* Properties */,
			);
			path = Private;
			sourceTree = "<group>";
		};
		7EAAA93418A4378C0075379C /* Classes */ = {
			isa = PBXGroup;
			children = (
				7EAAA93518A4378C0075379C /* BMClass.h */,
				7EAAA93618A4378C0075379C /* BMClass.mm */,
				7EAAA93718A4378C0075379C /* BMClass_Private.h */,
				7EAAA93818A4378C0075379C /* BMClassCache.h */,
				7EAAA93918A4378C0075379C /* BMClassCache.mm */,
			);
			path = Classes;
			sourceTree = "<group>";
		};
		7EAAA93A18A4378C0075379C /* Collectors */ = {
			isa = PBXGroup;
			children = (
				7EAAA93B18A4378C0075379C /* BMClassCollector.h */,
				7EAAA93C18A4378C0075379C /* BMClassCollector.mm */,
				7EAAA93D18A4378C0075379C /* BMPropertyCollector.h */,
				7EAAA93E18A4378C0075379C /* BMPropertyCollector.mm */,
			);
			path = Collectors;
			sourceTree = "<group>";
		};
		7EAAA93F18A4378C0075379C /* Finders */ = {
			isa = PBXGroup;
			children = (
				7EAAA94018A4378C0075379C /* BMPropertyFinder.h */,
				7EAAA94118A4378C0075379C /* BMPropertyFinder.mm */,
			);
			path = Finders;
			sourceTree = "<group>";
		};
		7EAAA94218A4378C0075379C /* Injectors */ = {
			isa = PBXGroup;
			children = (
				7EAAA94318A4378C0075379C /* BMDynamicPropertyInjector.h */,
				7EAAA94418A4378C0075379C /* BMDynamicPropertyInjector.mm */,
				7EAAA94518A4378C0075379C /* BMKVCInjector.h */,
				7EAAA94618A4378C0075379C /* BMKVCInjector.m */,
			);
			path = Injectors;
			sourceTree = "<group>";
		};
		7EAAA94718A4378C0075379C /* Parsers */ = {
			isa = PBXGroup;
			children = (
				7EAAA94818A4378C0075379C /* BMPropertyTypeParser.h */,
				7EAAA94918A4378C0075379C /* BMPropertyTypeParser.mm */,
			);
			path = Parsers;
			sourceTree = "<group>";
		};
		7EAAA94A18A4378C0075379C /* Properties */ = {
			isa = PBXGroup;
			children = (
				7EAAA94B18A4378C0075379C /* BMInternalProperty.h */,
				7EAAA94C18A4378C0075379C /* BMInternalProperty.mm */,
				7EAAA94D18A4378C0075379C /* BMInternalPropertyFactory.h */,
				7EAAA94E18A4378C0075379C /* BMInternalPropertyFactory.mm */,
				7EAAA94F18A4378C0075379C /* BMInternalPropertyTemplate.h */,
				7EAAA95018A4378C0075379C /* BMInternalPropertyTemplate.mm */,
				7EAAA95118A4378C0075379C /* BMProperty_Private.h */,
				7EAAA95218A4378C0075379C /* BMPropertyKVCHandler.h */,
				7EAAA95318A4378C0075379C /* BMPropertyKVCHandler.mm */,
				7EAAA95418A4378C0075379C /* BMPropertyValueService.h */,
				7EAAA95518A4378C0075379C /* BMPropertyValueService.mm */,
				7EAAA95618A4378C0075379C /* ConcreteProperties */,
			);
			path = Properties;
			sourceTree = "<group>";
		};
		7EAAA95618A4378C0075379C /* ConcreteProperties */ = {
			isa = PBXGroup;
			children = (
				7EAAA95718A4378C0075379C /* BMCompsiteProperty.h */,
				7EAAA95818A4378C0075379C /* BMCompsiteProperty.mm */,
				7EAAA95918A4378C0075379C /* BMPrimitiveCharProperty.h */,
				7EAAA95A18A4378C0075379C /* BMPrimitiveCharProperty.mm */,
				7EAAA95B18A4378C0075379C /* BMPrimitiveDoubleProperty.h */,
				7EAAA95C18A4378C0075379C /* BMPrimitiveDoubleProperty.mm */,
				7EAAA95D18A4378C0075379C /* BMPrimitiveFloatProperty.h */,
				7EAAA95E18A4378C0075379C /* BMPrimitiveFloatProperty.mm */,
				7EAAA95F18A4378C0075379C /* BMPrimitiveIntProperty.h */,
				7EAAA96018A4378C0075379C /* BMPrimitiveIntProperty.mm */,
				7EAAA96118A4378C0075379C /* BMPrimitiveLongLongProperty.h */,
				7EAAA96218A4378C0075379C /* BMPrimitiveLongLongProperty.mm */,
				7EAAA96318A4378C0075379C /* BMPrimitiveLongProperty.h */,
				7EAAA96418A4378C0075379C /* BMPrimitiveLongProperty.mm */,
				7EAAA96518A4378C0075379C /* BMPrimitiveShortProperty.h */,
				7EAAA96618A4378C0075379C /* BMPrimitiveShortProperty.mm */,
				7EAAA96718A4378C0075379C /* BMPrimitiveUnsignedCharProperty.h */,
				7EAAA96818A4378C0075379C /* BMPrimitiveUnsignedCharProperty.mm */,
				7EAAA96918A4378C0075379C /* BMPrimitiveUnsignedIntProperty.h */,
				7EAAA96A18A4378C0075379C /* BMPrimitiveUnsignedIntProperty.mm */,
				7EAAA96B18A4378C0075379C /* BMPrimitiveUnsignedLongLongProperty.h */,
				7EAAA96C18A4378C0075379C /* BMPrimitiveUnsignedLongLongProperty.mm */,
				7EAAA96D18A4378C0075379C /* BMPrimitiveUnsignedLongProperty.h */,
				7EAAA96E18A4378C0075379C /* BMPrimitiveUnsignedLongProperty.mm */,
				7EAAA96F18A4378C0075379C /* BMPrimitiveUnsignedShortProperty.h */,
				7EAAA97018A4378C0075379C /* BMPrimitiveUnsignedShortProperty.mm */,
			);
			path = ConcreteProperties;
			sourceTree = "<group>";
		};
		7EAAA97118A4378C0075379C /* Public */ = {
			isa = PBXGroup;
			children = (
				7EAAA97218A4378C0075379C /* BMHook.h */,
				7EAAA97318A4378C0075379C /* BMPublicCoreDefnitions.h */,
				7EAAA97418A4378C0075379C /* Injectors */,
				7EAAA97718A4378C0075379C /* Property */,
			);
			path = Public;
			sourceTree = "<group>";
		};
		7EAAA97418A4378C0075379C /* Injectors */ = {
			isa = PBXGroup;
			children = (
				7EAAA97518A4378C0075379C /* BMBloodMagicInjector.h */,
				7EAAA97618A4378C0075379C /* BMBloodMagicInjector.mm */,
			);
			path = Injectors;
			sourceTree = "<group>";
		};
		7EAAA97718A4378C0075379C /* Property */ = {
			isa = PBXGroup;
			children = (
				7EAAA97818A4378C0075379C /* BMProperty.h */,
				7EAAA97918A4378C0075379C /* BMProperty.mm */,
			);
			path = Property;
			sourceTree = "<group>";
		};
		7EAAA97A18A4378C0075379C /* Final */ = {
			isa = PBXGroup;
			children = (
				7EAAA97B18A4378C0075379C /* Final.h */,
				7EAAA97C18A4378C0075379C /* Private */,
				7EAAA98118A4378C0075379C /* Public */,
			);
			path = Final;
			sourceTree = "<group>";
		};
		7EAAA97C18A4378C0075379C /* Private */ = {
			isa = PBXGroup;
			children = (
				7EAAA97D18A4378C0075379C /* BMFinalHook.h */,
				7EAAA97E18A4378C0075379C /* BMFinalHook.mm */,
				7EAAA97F18A4378C0075379C /* BMFinalModuleLoader.h */,
				7EAAA98018A4378C0075379C /* BMFinalModuleLoader.m */,
			);
			path = Private;
			sourceTree = "<group>";
		};
		7EAAA98118A4378C0075379C /* Public */ = {
			isa = PBXGroup;
			children = (
				7EAAA98218A4378C0075379C /* BMFinal.h */,
			);
			path = Public;
			sourceTree = "<group>";
		};
		7EAAA98318A4378C0075379C /* Initializers */ = {
			isa = PBXGroup;
			children = (
				7EAAA98418A4378C0075379C /* Initializers.h */,
				7EAAA98518A4378C0075379C /* Public */,
			);
			path = Initializers;
			sourceTree = "<group>";
		};
		7EAAA98518A4378C0075379C /* Public */ = {
			isa = PBXGroup;
			children = (
				7EAAA98618A4378C0075379C /* BMInitializer.h */,
				7EAAA98718A4378C0075379C /* BMInitializer.m */,
				7EAAA98818A4378C0075379C /* BMInitializer_Private.h */,
				7EAAA98918A4378C0075379C /* BMInitializerRegistry.h */,
				7EAAA98A18A4378C0075379C /* BMInitializerRegistry.m */,
			);
			path = Public;
			sourceTree = "<group>";
		};
		7EAAA98B18A4378C0075379C /* Lazy */ = {
			isa = PBXGroup;
			children = (
				7EAAA98C18A4378C0075379C /* Lazy.h */,
				7EAAA98D18A4378C0075379C /* Lazy_cxx.h */,
				7EAAA98E18A4378C0075379C /* Private */,
				7EAAA99518A4378C0075379C /* Public */,
			);
			path = Lazy;
			sourceTree = "<group>";
		};
		7EAAA98E18A4378C0075379C /* Private */ = {
			isa = PBXGroup;
			children = (
				7EAAA98F18A4378C0075379C /* BMLazyHook.h */,
				7EAAA99018A4378C0075379C /* BMLazyHook.mm */,
				7EAAA99118A4378C0075379C /* BMLazyInitializerFinder.h */,
				7EAAA99218A4378C0075379C /* BMLazyInitializerFinder.mm */,
				7EAAA99318A4378C0075379C /* BMLazyModuleLoader.h */,
				7EAAA99418A4378C0075379C /* BMLazyModuleLoader.m */,
			);
			path = Private;
			sourceTree = "<group>";
		};
		7EAAA99518A4378C0075379C /* Public */ = {
			isa = PBXGroup;
			children = (
				7EAAA99618A4378C0075379C /* BMInitializer+LazyInitializer.h */,
				7EAAA99718A4378C0075379C /* BMInitializer+LazyInitializer.m */,
				7EAAA99818A4378C0075379C /* BMInitializerRegistry+LazyRegistry.h */,
				7EAAA99918A4378C0075379C /* BMInitializerRegistry+LazyRegistry.m */,
				7EAAA99A18A4378C0075379C /* BMLazy.h */,
				7EAAA99B18A4378C0075379C /* BMLazyDefinitions.h */,
				7EAAA99C18A4378C0075379C /* BMLazyExclude.h */,
				7EAAA99D18A4378C0075379C /* cxx */,
			);
			path = Public;
			sourceTree = "<group>";
		};
		7EAAA99D18A4378C0075379C /* cxx */ = {
			isa = PBXGroup;
			children = (
				7EAAA99E18A4378C0075379C /* BMLazyInitializer.h */,
				7EAAA99F18A4378C0075379C /* BMLazyInitializer.mm */,
			);
			path = cxx;
			sourceTree = "<group>";
		};
		7EAAA9A018A4378C0075379C /* Partial */ = {
			isa = PBXGroup;
			children = (
				7EAAA9A118A4378C0075379C /* Partial.h */,
				7EAAA9A218A4378C0075379C /* Private */,
				7EAAA9A718A4378C0075379C /* Public */,
			);
			path = Partial;
			sourceTree = "<group>";
		};
		7EAAA9A218A4378C0075379C /* Private */ = {
			isa = PBXGroup;
			children = (
				7EAAA9A318A4378C0075379C /* BMPartialHook.h */,
				7EAAA9A418A4378C0075379C /* BMPartialHook.mm */,
				7EAAA9A518A4378C0075379C /* BMPartialModuleLoader.h */,
				7EAAA9A618A4378C0075379C /* BMPartialModuleLoader.m */,
			);
			path = Private;
			sourceTree = "<group>";
		};
		7EAAA9A718A4378C0075379C /* Public */ = {
			isa = PBXGroup;
			children = (
				7EAAA9A818A4378C0075379C /* BMPartial.h */,
			);
			path = Public;
			sourceTree = "<group>";
		};
/* End PBXGroup section */

/* Begin PBXNativeTarget section */
		7EAAA90418A4376D0075379C /* BloodMagic */ = {
			isa = PBXNativeTarget;
			buildConfigurationList = 7EAAA92818A4376D0075379C /* Build configuration list for PBXNativeTarget "BloodMagic" */;
			buildPhases = (
				7EAAA90118A4376D0075379C /* Sources */,
				7EAAA90218A4376D0075379C /* Frameworks */,
				7EAAA90318A4376D0075379C /* CopyFiles */,
			);
			buildRules = (
			);
			dependencies = (
			);
			name = BloodMagic;
			productName = BloodMagic;
			productReference = 7EAAA90518A4376D0075379C /* libBloodMagic.a */;
			productType = "com.apple.product-type.library.static";
		};
		7EAAA91418A4376D0075379C /* BloodMagicTests */ = {
			isa = PBXNativeTarget;
			buildConfigurationList = 7EAAA92B18A4376D0075379C /* Build configuration list for PBXNativeTarget "BloodMagicTests" */;
			buildPhases = (
				7EAAA91118A4376D0075379C /* Sources */,
				7EAAA91218A4376D0075379C /* Frameworks */,
				7EAAA91318A4376D0075379C /* Resources */,
			);
			buildRules = (
			);
			dependencies = (
				7EAAA91C18A4376D0075379C /* PBXTargetDependency */,
			);
			name = BloodMagicTests;
			productName = BloodMagicTests;
			productReference = 7EAAA91518A4376D0075379C /* BloodMagicTests.xctest */;
			productType = "com.apple.product-type.bundle.unit-test";
		};
/* End PBXNativeTarget section */

/* Begin PBXProject section */
		7EAAA8FD18A4376D0075379C /* Project object */ = {
			isa = PBXProject;
			attributes = {
				LastUpgradeCheck = 0500;
				ORGANIZATIONNAME = railsware;
			};
			buildConfigurationList = 7EAAA90018A4376D0075379C /* Build configuration list for PBXProject "BloodMagic" */;
			compatibilityVersion = "Xcode 3.2";
			developmentRegion = English;
			hasScannedForEncodings = 0;
			knownRegions = (
				en,
			);
			mainGroup = 7EAAA8FC18A4376D0075379C;
			productRefGroup = 7EAAA90618A4376D0075379C /* Products */;
			projectDirPath = "";
			projectRoot = "";
			targets = (
				7EAAA90418A4376D0075379C /* BloodMagic */,
				7EAAA91418A4376D0075379C /* BloodMagicTests */,
			);
		};
/* End PBXProject section */

/* Begin PBXResourcesBuildPhase section */
		7EAAA91318A4376D0075379C /* Resources */ = {
			isa = PBXResourcesBuildPhase;
			buildActionMask = 2147483647;
			files = (
				7EAAA92318A4376D0075379C /* InfoPlist.strings in Resources */,
			);
			runOnlyForDeploymentPostprocessing = 0;
		};
/* End PBXResourcesBuildPhase section */

/* Begin PBXSourcesBuildPhase section */
		7EAAA90118A4376D0075379C /* Sources */ = {
			isa = PBXSourcesBuildPhase;
			buildActionMask = 2147483647;
			files = (
				7EAAA9C318A4378C0075379C /* BMBloodMagicInjector.mm in Sources */,
				7EAAA9CA18A4378C0075379C /* BMLazyInitializerFinder.mm in Sources */,
				7EAAA9C418A4378C0075379C /* BMProperty.mm in Sources */,
				7EAAA9CD18A4378C0075379C /* BMInitializerRegistry+LazyRegistry.m in Sources */,
				7EAAA9C018A4378C0075379C /* BMPrimitiveUnsignedLongLongProperty.mm in Sources */,
				7EAAA9B718A4378C0075379C /* BMPrimitiveCharProperty.mm in Sources */,
				7EAAA9AA18A4378C0075379C /* BMClassCache.mm in Sources */,
				7EAAA9B218A4378C0075379C /* BMInternalPropertyFactory.mm in Sources */,
				7EAAA9BA18A4378C0075379C /* BMPrimitiveIntProperty.mm in Sources */,
				7EAAA9CC18A4378C0075379C /* BMInitializer+LazyInitializer.m in Sources */,
				7EAAA9BE18A4378C0075379C /* BMPrimitiveUnsignedCharProperty.mm in Sources */,
				7EAAA9D018A4378C0075379C /* BMPartialModuleLoader.m in Sources */,
				7EAAA9AC18A4378C0075379C /* BMPropertyCollector.mm in Sources */,
				7EAAA9B018A4378C0075379C /* BMPropertyTypeParser.mm in Sources */,
				7EAAA9C718A4378C0075379C /* BMInitializer.m in Sources */,
				7EAAA9A918A4378C0075379C /* BMClass.mm in Sources */,
				7EAAA9BC18A4378C0075379C /* BMPrimitiveLongProperty.mm in Sources */,
				7EAAA9C518A4378C0075379C /* BMFinalHook.mm in Sources */,
				7EAAA9C918A4378C0075379C /* BMLazyHook.mm in Sources */,
				7EAAA9B618A4378C0075379C /* BMCompsiteProperty.mm in Sources */,
				7EAAA9CB18A4378C0075379C /* BMLazyModuleLoader.m in Sources */,
				7EAAA9C118A4378C0075379C /* BMPrimitiveUnsignedLongProperty.mm in Sources */,
				7EAAA9B318A4378C0075379C /* BMInternalPropertyTemplate.mm in Sources */,
				7EAAA9B118A4378C0075379C /* BMInternalProperty.mm in Sources */,
				7EAAA9AE18A4378C0075379C /* BMDynamicPropertyInjector.mm in Sources */,
				7EAAA9C618A4378C0075379C /* BMFinalModuleLoader.m in Sources */,
				7EAAA9B918A4378C0075379C /* BMPrimitiveFloatProperty.mm in Sources */,
				7EAAA9BB18A4378C0075379C /* BMPrimitiveLongLongProperty.mm in Sources */,
				7EAAA9AD18A4378C0075379C /* BMPropertyFinder.mm in Sources */,
				7EAAA9B518A4378C0075379C /* BMPropertyValueService.mm in Sources */,
				7EAAA9BD18A4378C0075379C /* BMPrimitiveShortProperty.mm in Sources */,
				7EAAA9B818A4378C0075379C /* BMPrimitiveDoubleProperty.mm in Sources */,
				7EAAA9C218A4378C0075379C /* BMPrimitiveUnsignedShortProperty.mm in Sources */,
				7EAAA9B418A4378C0075379C /* BMPropertyKVCHandler.mm in Sources */,
				7EAAA9CE18A4378C0075379C /* BMLazyInitializer.mm in Sources */,
				7EAAA9CF18A4378C0075379C /* BMPartialHook.mm in Sources */,
				7EAAA9BF18A4378C0075379C /* BMPrimitiveUnsignedIntProperty.mm in Sources */,
				7EAAA9AF18A4378C0075379C /* BMKVCInjector.m in Sources */,
				7EAAA9C818A4378C0075379C /* BMInitializerRegistry.m in Sources */,
				7EAAA9AB18A4378C0075379C /* BMClassCollector.mm in Sources */,
			);
			runOnlyForDeploymentPostprocessing = 0;
		};
		7EAAA91118A4376D0075379C /* Sources */ = {
			isa = PBXSourcesBuildPhase;
			buildActionMask = 2147483647;
			files = (
				7EAAA92518A4376D0075379C /* BloodMagicTests.m in Sources */,
			);
			runOnlyForDeploymentPostprocessing = 0;
		};
/* End PBXSourcesBuildPhase section */

/* Begin PBXTargetDependency section */
		7EAAA91C18A4376D0075379C /* PBXTargetDependency */ = {
			isa = PBXTargetDependency;
			target = 7EAAA90418A4376D0075379C /* BloodMagic */;
			targetProxy = 7EAAA91B18A4376D0075379C /* PBXContainerItemProxy */;
		};
/* End PBXTargetDependency section */

/* Begin PBXVariantGroup section */
		7EAAA92118A4376D0075379C /* InfoPlist.strings */ = {
			isa = PBXVariantGroup;
			children = (
				7EAAA92218A4376D0075379C /* en */,
			);
			name = InfoPlist.strings;
			sourceTree = "<group>";
		};
/* End PBXVariantGroup section */

/* Begin XCBuildConfiguration section */
		7EAAA92618A4376D0075379C /* Debug */ = {
			isa = XCBuildConfiguration;
			buildSettings = {
				ALWAYS_SEARCH_USER_PATHS = NO;
				ARCHS = "$(ARCHS_STANDARD_INCLUDING_64_BIT)";
				CLANG_CXX_LANGUAGE_STANDARD = "gnu++0x";
				CLANG_CXX_LIBRARY = "libc++";
				CLANG_ENABLE_MODULES = YES;
				CLANG_ENABLE_OBJC_ARC = YES;
				CLANG_WARN_BOOL_CONVERSION = YES;
				CLANG_WARN_CONSTANT_CONVERSION = YES;
				CLANG_WARN_DIRECT_OBJC_ISA_USAGE = YES_ERROR;
				CLANG_WARN_EMPTY_BODY = YES;
				CLANG_WARN_ENUM_CONVERSION = YES;
				CLANG_WARN_INT_CONVERSION = YES;
				CLANG_WARN_OBJC_ROOT_CLASS = YES_ERROR;
				CLANG_WARN__DUPLICATE_METHOD_MATCH = YES;
				COPY_PHASE_STRIP = NO;
				GCC_C_LANGUAGE_STANDARD = gnu99;
				GCC_DYNAMIC_NO_PIC = NO;
				GCC_OPTIMIZATION_LEVEL = 0;
				GCC_PREPROCESSOR_DEFINITIONS = (
					"DEBUG=1",
					"$(inherited)",
				);
				GCC_SYMBOLS_PRIVATE_EXTERN = NO;
				GCC_WARN_64_TO_32_BIT_CONVERSION = YES;
				GCC_WARN_ABOUT_RETURN_TYPE = YES_ERROR;
				GCC_WARN_UNDECLARED_SELECTOR = YES;
				GCC_WARN_UNINITIALIZED_AUTOS = YES;
				GCC_WARN_UNUSED_FUNCTION = YES;
				GCC_WARN_UNUSED_VARIABLE = YES;
				IPHONEOS_DEPLOYMENT_TARGET = 7.0;
				ONLY_ACTIVE_ARCH = YES;
				SDKROOT = iphoneos;
			};
			name = Debug;
		};
		7EAAA92718A4376D0075379C /* Release */ = {
			isa = XCBuildConfiguration;
			buildSettings = {
				ALWAYS_SEARCH_USER_PATHS = NO;
				ARCHS = "$(ARCHS_STANDARD_INCLUDING_64_BIT)";
				CLANG_CXX_LANGUAGE_STANDARD = "gnu++0x";
				CLANG_CXX_LIBRARY = "libc++";
				CLANG_ENABLE_MODULES = YES;
				CLANG_ENABLE_OBJC_ARC = YES;
				CLANG_WARN_BOOL_CONVERSION = YES;
				CLANG_WARN_CONSTANT_CONVERSION = YES;
				CLANG_WARN_DIRECT_OBJC_ISA_USAGE = YES_ERROR;
				CLANG_WARN_EMPTY_BODY = YES;
				CLANG_WARN_ENUM_CONVERSION = YES;
				CLANG_WARN_INT_CONVERSION = YES;
				CLANG_WARN_OBJC_ROOT_CLASS = YES_ERROR;
				CLANG_WARN__DUPLICATE_METHOD_MATCH = YES;
				COPY_PHASE_STRIP = YES;
				ENABLE_NS_ASSERTIONS = NO;
				GCC_C_LANGUAGE_STANDARD = gnu99;
				GCC_WARN_64_TO_32_BIT_CONVERSION = YES;
				GCC_WARN_ABOUT_RETURN_TYPE = YES_ERROR;
				GCC_WARN_UNDECLARED_SELECTOR = YES;
				GCC_WARN_UNINITIALIZED_AUTOS = YES;
				GCC_WARN_UNUSED_FUNCTION = YES;
				GCC_WARN_UNUSED_VARIABLE = YES;
				IPHONEOS_DEPLOYMENT_TARGET = 7.0;
				SDKROOT = iphoneos;
				VALIDATE_PRODUCT = YES;
			};
			name = Release;
		};
		7EAAA92918A4376D0075379C /* Debug */ = {
			isa = XCBuildConfiguration;
			buildSettings = {
				DSTROOT = /tmp/BloodMagic.dst;
				GCC_PRECOMPILE_PREFIX_HEADER = YES;
				GCC_PREFIX_HEADER = "BloodMagic/BloodMagic-Prefix.pch";
				OTHER_LDFLAGS = "-ObjC";
				PRODUCT_NAME = "$(TARGET_NAME)";
				SKIP_INSTALL = YES;
			};
			name = Debug;
		};
		7EAAA92A18A4376D0075379C /* Release */ = {
			isa = XCBuildConfiguration;
			buildSettings = {
				DSTROOT = /tmp/BloodMagic.dst;
				GCC_PRECOMPILE_PREFIX_HEADER = YES;
				GCC_PREFIX_HEADER = "BloodMagic/BloodMagic-Prefix.pch";
				OTHER_LDFLAGS = "-ObjC";
				PRODUCT_NAME = "$(TARGET_NAME)";
				SKIP_INSTALL = YES;
			};
			name = Release;
		};
		7EAAA92C18A4376D0075379C /* Debug */ = {
			isa = XCBuildConfiguration;
			buildSettings = {
				ARCHS = "$(ARCHS_STANDARD_INCLUDING_64_BIT)";
				FRAMEWORK_SEARCH_PATHS = (
					"$(SDKROOT)/Developer/Library/Frameworks",
					"$(inherited)",
					"$(DEVELOPER_FRAMEWORKS_DIR)",
				);
				GCC_PRECOMPILE_PREFIX_HEADER = YES;
				GCC_PREFIX_HEADER = "BloodMagic/BloodMagic-Prefix.pch";
				GCC_PREPROCESSOR_DEFINITIONS = (
					"DEBUG=1",
					"$(inherited)",
				);
				INFOPLIST_FILE = "BloodMagicTests/BloodMagicTests-Info.plist";
				PRODUCT_NAME = "$(TARGET_NAME)";
				WRAPPER_EXTENSION = xctest;
			};
			name = Debug;
		};
		7EAAA92D18A4376D0075379C /* Release */ = {
			isa = XCBuildConfiguration;
			buildSettings = {
				ARCHS = "$(ARCHS_STANDARD_INCLUDING_64_BIT)";
				FRAMEWORK_SEARCH_PATHS = (
					"$(SDKROOT)/Developer/Library/Frameworks",
					"$(inherited)",
					"$(DEVELOPER_FRAMEWORKS_DIR)",
				);
				GCC_PRECOMPILE_PREFIX_HEADER = YES;
				GCC_PREFIX_HEADER = "BloodMagic/BloodMagic-Prefix.pch";
				INFOPLIST_FILE = "BloodMagicTests/BloodMagicTests-Info.plist";
				PRODUCT_NAME = "$(TARGET_NAME)";
				WRAPPER_EXTENSION = xctest;
			};
			name = Release;
		};
/* End XCBuildConfiguration section */

/* Begin XCConfigurationList section */
		7EAAA90018A4376D0075379C /* Build configuration list for PBXProject "BloodMagic" */ = {
			isa = XCConfigurationList;
			buildConfigurations = (
				7EAAA92618A4376D0075379C /* Debug */,
				7EAAA92718A4376D0075379C /* Release */,
			);
			defaultConfigurationIsVisible = 0;
			defaultConfigurationName = Release;
		};
		7EAAA92818A4376D0075379C /* Build configuration list for PBXNativeTarget "BloodMagic" */ = {
			isa = XCConfigurationList;
			buildConfigurations = (
				7EAAA92918A4376D0075379C /* Debug */,
				7EAAA92A18A4376D0075379C /* Release */,
			);
			defaultConfigurationIsVisible = 0;
		};
		7EAAA92B18A4376D0075379C /* Build configuration list for PBXNativeTarget "BloodMagicTests" */ = {
			isa = XCConfigurationList;
			buildConfigurations = (
				7EAAA92C18A4376D0075379C /* Debug */,
				7EAAA92D18A4376D0075379C /* Release */,
			);
			defaultConfigurationIsVisible = 0;
		};
/* End XCConfigurationList section */
	};
	rootObject = 7EAAA8FD18A4376D0075379C /* Project object */;
}
