// !$*UTF8*$!
{
	archiveVersion = 1;
	classes = {
	};
	objectVersion = 46;
	objects = {

/* Begin PBXBuildFile section */
		46435A8E185F60F6003FE5E7 /* BMClassCache.mm in Sources */ = {isa = PBXBuildFile; fileRef = 46435A8D185F60F6003FE5E7 /* BMClassCache.mm */; };
		46435A91185F8A1F003FE5E7 /* BMProject.m in Sources */ = {isa = PBXBuildFile; fileRef = 46435A90185F8A1F003FE5E7 /* BMProject.m */; };
		46535A1518207993004A9DA4 /* BMClass.mm in Sources */ = {isa = PBXBuildFile; fileRef = 46535A1418207993004A9DA4 /* BMClass.mm */; };
		4663AFE618DD797C0073ADA4 /* BMHookedModel.m in Sources */ = {isa = PBXBuildFile; fileRef = 4663AFE518DD797C0073ADA4 /* BMHookedModel.m */; };
		4663AFE818DD798A0073ADA4 /* BMLazyHooksSpec.mm in Sources */ = {isa = PBXBuildFile; fileRef = 4663AFE718DD798A0073ADA4 /* BMLazyHooksSpec.mm */; };
		4665B8FE181DE41600E56A01 /* BMDerivedLazyModel.m in Sources */ = {isa = PBXBuildFile; fileRef = 4665B8FD181DE41600E56A01 /* BMDerivedLazyModel.m */; };
		4665B901181F167100E56A01 /* BMDerivedExtendedModel.m in Sources */ = {isa = PBXBuildFile; fileRef = 4665B900181F167100E56A01 /* BMDerivedExtendedModel.m */; };
		467029D7182D958E003EAFB0 /* BMInheritedModel.m in Sources */ = {isa = PBXBuildFile; fileRef = 467029D6182D958E003EAFB0 /* BMInheritedModel.m */; };
		467029DD182DA49D003EAFB0 /* BMInheritedExcludedModel.m in Sources */ = {isa = PBXBuildFile; fileRef = 467029DC182DA49D003EAFB0 /* BMInheritedExcludedModel.m */; };
		467F6F3918F5508400205D29 /* BMStandardStorage.m in Sources */ = {isa = PBXBuildFile; fileRef = 467F6F3818F5508400205D29 /* BMStandardStorage.m */; };
		467F6F3C18F5509000205D29 /* BMCustomStorage.m in Sources */ = {isa = PBXBuildFile; fileRef = 467F6F3B18F5509000205D29 /* BMCustomStorage.m */; };
		467F6F3F18F5510600205D29 /* BMPreferenceSpec.mm in Sources */ = {isa = PBXBuildFile; fileRef = 467F6F3E18F5510600205D29 /* BMPreferenceSpec.mm */; };
		46A6BA8018AECBE300C01CDC /* MultiplePropertiesSpec.mm in Sources */ = {isa = PBXBuildFile; fileRef = 46A6BA7F18AECBE300C01CDC /* MultiplePropertiesSpec.mm */; settings = {COMPILER_FLAGS = "-fno-objc-arc"; }; };
		46A6BA8318AECBFB00C01CDC /* BMMultiple.m in Sources */ = {isa = PBXBuildFile; fileRef = 46A6BA8218AECBFB00C01CDC /* BMMultiple.m */; };
		46DD5B8518A26ED500DD4830 /* BMFinalModel.m in Sources */ = {isa = PBXBuildFile; fileRef = 46DD5B8418A26ED500DD4830 /* BMFinalModel.m */; };
		46DD5B8818A2711900DD4830 /* BMFinalSpec.mm in Sources */ = {isa = PBXBuildFile; fileRef = 46DD5B8718A2711900DD4830 /* BMFinalSpec.mm */; settings = {COMPILER_FLAGS = "-fno-objc-arc"; }; };
		46DD5B9218A3EE9000DD4830 /* BMFinalHook.mm in Sources */ = {isa = PBXBuildFile; fileRef = 46DD5B9118A3EE9000DD4830 /* BMFinalHook.mm */; };
		46DD5B9518A3EFD500DD4830 /* BMFinalModuleLoader.m in Sources */ = {isa = PBXBuildFile; fileRef = 46DD5B9418A3EFD500DD4830 /* BMFinalModuleLoader.m */; };
		46F2A74318DA37FA00EAADB0 /* BMInitializerFinderSpec.mm in Sources */ = {isa = PBXBuildFile; fileRef = 46F2A74218DA37FA00EAADB0 /* BMInitializerFinderSpec.mm */; };
		46F2A74618DA381E00EAADB0 /* BMInitializerModel.m in Sources */ = {isa = PBXBuildFile; fileRef = 46F2A74518DA381E00EAADB0 /* BMInitializerModel.m */; };
		5898A017EC315B4F7ACA8ED4 /* BMPrimitiveDoubleProperty.mm in Sources */ = {isa = PBXBuildFile; fileRef = 5898A44ADC6CBCAB1D7450AF /* BMPrimitiveDoubleProperty.mm */; };
		5898A0CDBC271D861D86A9D4 /* BMPropertyValueService.mm in Sources */ = {isa = PBXBuildFile; fileRef = 5898A964B7BE16D059B05D2B /* BMPropertyValueService.mm */; };
		5898A1CBA9606A1BD3D94399 /* BMDerivedModel.mm in Sources */ = {isa = PBXBuildFile; fileRef = 5898A29F077635D7ABE153A4 /* BMDerivedModel.mm */; };
		5898A218C9410D8867560420 /* BMPropertyKVCHandler.mm in Sources */ = {isa = PBXBuildFile; fileRef = 5898A28663DDF3F3BA7AFDD9 /* BMPropertyKVCHandler.mm */; };
		5898A234C8F98F32DEA0C427 /* BMLazyInitializer.mm in Sources */ = {isa = PBXBuildFile; fileRef = 5898A77B21962B60BC691E1E /* BMLazyInitializer.mm */; };
		5898A249297C9E1F30D810D0 /* BMPropertyCollectorSpec.mm in Sources */ = {isa = PBXBuildFile; fileRef = 5898AB03D505BEEAA3C6642E /* BMPropertyCollectorSpec.mm */; settings = {COMPILER_FLAGS = "-fno-objc-arc"; }; };
		5898A27BCE0B33AD1E8E4C66 /* main.m in Sources */ = {isa = PBXBuildFile; fileRef = 5898A8018761C6808041620C /* main.m */; };
		5898A2C8207D7781F57F24EA /* Default@2x.png in Resources */ = {isa = PBXBuildFile; fileRef = 5898A133A66D70A440474897 /* Default@2x.png */; };
		5898A3719A705BD6EC7C3E9D /* BMFatModel.m in Sources */ = {isa = PBXBuildFile; fileRef = 5898AF609766255D9E734C8C /* BMFatModel.m */; };
		5898A3F32A113286A329FB13 /* BMPropertyCollector.mm in Sources */ = {isa = PBXBuildFile; fileRef = 5898A5E97EFA8A48AEA991F6 /* BMPropertyCollector.mm */; };
		5898A3FD3F85991506BCC251 /* BMInitializerRegistry+LazyRegistry.m in Sources */ = {isa = PBXBuildFile; fileRef = 5898AC5D06D970807E136F41 /* BMInitializerRegistry+LazyRegistry.m */; };
		5898A4179EA38C3AC9700FE6 /* BMInternalPropertyFactory.mm in Sources */ = {isa = PBXBuildFile; fileRef = 5898AD28A392EAA3FAE516A6 /* BMInternalPropertyFactory.mm */; };
		5898A440B7DF163D8A5829CB /* BMPropertyTypeParserSpec.mm in Sources */ = {isa = PBXBuildFile; fileRef = 5898A4239B9E4000CFB3E695 /* BMPropertyTypeParserSpec.mm */; };
		5898A45B2A4DCE1A9AA65DCB /* BMUser.m in Sources */ = {isa = PBXBuildFile; fileRef = 5898ABA54CB1FDD879918252 /* BMUser.m */; };
		5898A4E69E7A24DE95E1E8A0 /* BMPrimitiveLongLongProperty.mm in Sources */ = {isa = PBXBuildFile; fileRef = 5898A00A6BF6E6793CD7D67F /* BMPrimitiveLongLongProperty.mm */; };
		5898A55C5D70026099999F20 /* BMPrimitiveFloatProperty.mm in Sources */ = {isa = PBXBuildFile; fileRef = 5898AB36EF21FFE02F7E95A3 /* BMPrimitiveFloatProperty.mm */; };
		5898A563F84AC7463D8DDC35 /* BMInitializerSpec.mm in Sources */ = {isa = PBXBuildFile; fileRef = 5898A5CD525AC6AE9B392FC4 /* BMInitializerSpec.mm */; settings = {COMPILER_FLAGS = "-fno-objc-arc"; }; };
		5898A5B7E6C5E94E2FA6F615 /* BMInitializerRegistry.m in Sources */ = {isa = PBXBuildFile; fileRef = 5898A34FD5C35BD598B1A11E /* BMInitializerRegistry.m */; };
		5898A5B8898AB5C3BB60B7D7 /* BMPropertyFinder.mm in Sources */ = {isa = PBXBuildFile; fileRef = 5898AA03DB938ADD52A695FB /* BMPropertyFinder.mm */; };
		5898A5D0BC3F831DDE32C388 /* Podfile in Resources */ = {isa = PBXBuildFile; fileRef = 5898AC10B28C12F4824ED56E /* Podfile */; };
		5898A5D5376DD0CC1122BA2A /* BMPropertyTypeParser.mm in Sources */ = {isa = PBXBuildFile; fileRef = 5898ADC9AE557375AFF36A5A /* BMPropertyTypeParser.mm */; };
		5898A61EC3D55D4B81954F8B /* BMClassCollectorSpec.mm in Sources */ = {isa = PBXBuildFile; fileRef = 5898AA4D3CDC443AF363BD44 /* BMClassCollectorSpec.mm */; settings = {COMPILER_FLAGS = "-fno-objc-arc"; }; };
		5898A651A77CDB32E60D64C5 /* BMInternalPropertyTemplate.mm in Sources */ = {isa = PBXBuildFile; fileRef = 5898AFEDFC0917CBBD32A3FF /* BMInternalPropertyTemplate.mm */; };
		5898A65B63ACA3AEBDDB271C /* BMInitializer.m in Sources */ = {isa = PBXBuildFile; fileRef = 5898A2B6AE9F0D991ED04E36 /* BMInitializer.m */; };
		5898A66BAF0F869845D90CD4 /* BMPrimitiveShortProperty.mm in Sources */ = {isa = PBXBuildFile; fileRef = 5898A5076BD6FE710272339A /* BMPrimitiveShortProperty.mm */; };
		5898A6C6B784E1E14B5BD973 /* BMPrimitiveUnsignedIntProperty.mm in Sources */ = {isa = PBXBuildFile; fileRef = 5898A30E2BBCADC9BCACC4BF /* BMPrimitiveUnsignedIntProperty.mm */; };
		5898A76EC56F78D669E39538 /* BMClassCollector.mm in Sources */ = {isa = PBXBuildFile; fileRef = 5898A96D679982C27C309333 /* BMClassCollector.mm */; };
		5898A773D33DA2B9534F964D /* BMPrimitiveUnsignedCharProperty.mm in Sources */ = {isa = PBXBuildFile; fileRef = 5898AAD4E07E2D7B42B00A68 /* BMPrimitiveUnsignedCharProperty.mm */; };
		5898A7BA1B185B8009A29A86 /* BMAnotherLazyModel.m in Sources */ = {isa = PBXBuildFile; fileRef = 5898AE68393D2FA383B6E0E3 /* BMAnotherLazyModel.m */; };
		5898A7D05176A61081F991ED /* BMDynamicPropertyInjector.mm in Sources */ = {isa = PBXBuildFile; fileRef = 5898A8DAF052929211F88752 /* BMDynamicPropertyInjector.mm */; };
		5898A823498F8761546A0C4A /* BMLazyModel.m in Sources */ = {isa = PBXBuildFile; fileRef = 5898A4A1810763453463D20B /* BMLazyModel.m */; };
		5898A8315483748CCEA9E6E8 /* BMBloodMagicInjector.mm in Sources */ = {isa = PBXBuildFile; fileRef = 5898A87A2F83073496E12690 /* BMBloodMagicInjector.mm */; };
		5898A83570614C55B432D848 /* BMInitializer+LazyInitializer.m in Sources */ = {isa = PBXBuildFile; fileRef = 5898AB1F52BFF48E4C3DE65C /* BMInitializer+LazyInitializer.m */; };
		5898A85C94EC84E38CD0E755 /* BMBloodMagicInjectorSpec.mm in Sources */ = {isa = PBXBuildFile; fileRef = 5898A24538965685603A3E94 /* BMBloodMagicInjectorSpec.mm */; settings = {COMPILER_FLAGS = "-fno-objc-arc"; }; };
		5898A8741F5E6A53D2ED3899 /* BMEntityWithoutProtocols.m in Sources */ = {isa = PBXBuildFile; fileRef = 5898A2916C0B285BCC6D8D22 /* BMEntityWithoutProtocols.m */; };
		5898A8ED9D434EF755D75136 /* BMPrimitiveUnsignedLongProperty.mm in Sources */ = {isa = PBXBuildFile; fileRef = 5898AE86E34292B96D05DAA4 /* BMPrimitiveUnsignedLongProperty.mm */; };
		5898A8FEFD44EB7E5C18D61B /* LazySpec.mm in Sources */ = {isa = PBXBuildFile; fileRef = 5898A87ABE5DDCA021D4B972 /* LazySpec.mm */; settings = {COMPILER_FLAGS = "-fno-objc-arc"; }; };
		5898A906CC8ECD6E99A13CF9 /* BMPrimitiveLongProperty.mm in Sources */ = {isa = PBXBuildFile; fileRef = 5898ACA257539D36AC542B5C /* BMPrimitiveLongProperty.mm */; };
		5898AA70A774F7DF8E909999 /* Default-568h@2x.png in Resources */ = {isa = PBXBuildFile; fileRef = 5898A814D657DD9212874C36 /* Default-568h@2x.png */; };
		5898AA834CBABF16303FEB52 /* BMPrimitiveIntProperty.mm in Sources */ = {isa = PBXBuildFile; fileRef = 5898A465F93827E7DBF72E82 /* BMPrimitiveIntProperty.mm */; };
		5898AA90B595309AE51C3A7E /* BMKVCInjector.m in Sources */ = {isa = PBXBuildFile; fileRef = 5898A4F5295E8136D4D4EB45 /* BMKVCInjector.m */; };
		5898AAE85D683A61FC4796E1 /* BMInternalProperty.mm in Sources */ = {isa = PBXBuildFile; fileRef = 5898AF26F9ED8167F06562E9 /* BMInternalProperty.mm */; };
		5898AAF2DCEC3423B78DD0FE /* BMPrimitiveUnsignedShortProperty.mm in Sources */ = {isa = PBXBuildFile; fileRef = 5898A4A554737916846C3AC3 /* BMPrimitiveUnsignedShortProperty.mm */; };
		5898AB9C4CB354AE02C69D96 /* Default.png in Resources */ = {isa = PBXBuildFile; fileRef = 5898A5D2A99CE78B9AA7F571 /* Default.png */; };
		5898ABF44B746E7583646C13 /* BMLazyHook.mm in Sources */ = {isa = PBXBuildFile; fileRef = 5898A80630FF05327FC75DF8 /* BMLazyHook.mm */; };
		5898AC739A2AC086C3D8C8E3 /* BMPrimitiveUnsignedLongLongProperty.mm in Sources */ = {isa = PBXBuildFile; fileRef = 5898AD76894E8A32BAD57705 /* BMPrimitiveUnsignedLongLongProperty.mm */; };
		5898ACD9D84887129205F314 /* BMCompsiteProperty.mm in Sources */ = {isa = PBXBuildFile; fileRef = 5898A6834D58538F8D843245 /* BMCompsiteProperty.mm */; };
		5898AE4A4B22742AC125B9C3 /* BMFatDynamicModel.m in Sources */ = {isa = PBXBuildFile; fileRef = 5898AC19F85BB236C5A894E5 /* BMFatDynamicModel.m */; };
		5898AE69FBE7838F959AFD3B /* BMLazyInitializerFinder.mm in Sources */ = {isa = PBXBuildFile; fileRef = 5898AB726253851E30D7ABED /* BMLazyInitializerFinder.mm */; };
		5898AEFE4638A4A76E754D55 /* BMTestProtocolModel.m in Sources */ = {isa = PBXBuildFile; fileRef = 5898AB48E07B499415688C53 /* BMTestProtocolModel.m */; };
		5898AF46023327D4875EE89A /* BMBaseModel.mm in Sources */ = {isa = PBXBuildFile; fileRef = 5898A17D6FCF311A9623421E /* BMBaseModel.mm */; };
		5898AFDE4DD1390DE717B55F /* BMPrimitiveCharProperty.mm in Sources */ = {isa = PBXBuildFile; fileRef = 5898A7002E604DF850319996 /* BMPrimitiveCharProperty.mm */; };
		5898AFFD9D64A3A7C5FE7A2C /* BMPropertySpec.mm in Sources */ = {isa = PBXBuildFile; fileRef = 5898AAA1520BC6CEEB4844F5 /* BMPropertySpec.mm */; settings = {COMPILER_FLAGS = "-fno-objc-arc"; }; };
		6B8761CDAA8CBF29EBA4B7DE /* BMPartialWrapperView.m in Sources */ = {isa = PBXBuildFile; fileRef = 6B876085169B80F1F3E90826 /* BMPartialWrapperView.m */; };
		6B876476984A4DEBF9D875B5 /* BMPartialModuleLoader.m in Sources */ = {isa = PBXBuildFile; fileRef = 6B876E7DDAEBFFAC9E3CEF95 /* BMPartialModuleLoader.m */; };
		6B8764CAE53CAE3A13BBD06F /* BMInheritedProtocol.m in Sources */ = {isa = PBXBuildFile; fileRef = 6B8762AB53AF36D327BDDE2C /* BMInheritedProtocol.m */; };
		6B8764D5DCF794CEFDC703C9 /* BMPreferenceHook.m in Sources */ = {isa = PBXBuildFile; fileRef = 6B876C54AD78847F441FC47F /* BMPreferenceHook.m */; };
		6B8766E9F0D89354E31E41F0 /* BMTestPartialView.m in Sources */ = {isa = PBXBuildFile; fileRef = 6B8761081E781EA7D14A4DEB /* BMTestPartialView.m */; };
		6B87673B4FA4120C94BCAA3B /* BMPartialHook.mm in Sources */ = {isa = PBXBuildFile; fileRef = 6B876180729C3B3443E9C7C4 /* BMPartialHook.mm */; };
		6B87674CBAD58DEEF5A2DD18 /* BMPreferenceModuleLoader.m in Sources */ = {isa = PBXBuildFile; fileRef = 6B876765D3EAAC22F947CDC5 /* BMPreferenceModuleLoader.m */; };
		6B87690D16274EFAC2003EF1 /* BMProperty.mm in Sources */ = {isa = PBXBuildFile; fileRef = 6B876AFD1AAA3C414487B226 /* BMProperty.mm */; };
		6B876E7DD795CD09E74BFE16 /* LazyProtocolsSpec.mm in Sources */ = {isa = PBXBuildFile; fileRef = 6B876F22748D58CCE8D43895 /* LazyProtocolsSpec.mm */; };
		6B876EEDF8582A401DED9E9C /* BMPartialSpec.mm in Sources */ = {isa = PBXBuildFile; fileRef = 6B876D9EE344396A8B4EE51F /* BMPartialSpec.mm */; settings = {COMPILER_FLAGS = "-fno-objc-arc"; }; };
		6B876FB8AA2B123CD27E3B38 /* BMTestPartialView.xib in Resources */ = {isa = PBXBuildFile; fileRef = 6B876F598E75C28B6ECAAC87 /* BMTestPartialView.xib */; };
		BBEC1366FC85407F9C9DE034 /* libPods.a in Frameworks */ = {isa = PBXBuildFile; fileRef = ABE4C2C66C0F4B13850586E3 /* libPods.a */; };
		CA0D845E1803BF8B0068D8F9 /* BMLazyModuleLoader.m in Sources */ = {isa = PBXBuildFile; fileRef = CA0D845D1803BF8B0068D8F9 /* BMLazyModuleLoader.m */; };
		CADB6AF5178FFE330060E11D /* UIKit.framework in Frameworks */ = {isa = PBXBuildFile; fileRef = CADB6AF4178FFE330060E11D /* UIKit.framework */; };
		CADB6AF7178FFE330060E11D /* Foundation.framework in Frameworks */ = {isa = PBXBuildFile; fileRef = CADB6AF6178FFE330060E11D /* Foundation.framework */; };
		CADB6AF9178FFE330060E11D /* CoreGraphics.framework in Frameworks */ = {isa = PBXBuildFile; fileRef = CADB6AF8178FFE330060E11D /* CoreGraphics.framework */; };
/* End PBXBuildFile section */

/* Begin PBXFileReference section */
		46435A87185F5E4F003FE5E7 /* BMClass_Private.h */ = {isa = PBXFileReference; lastKnownFileType = sourcecode.c.h; path = BMClass_Private.h; sourceTree = "<group>"; };
		46435A8C185F60F6003FE5E7 /* BMClassCache.h */ = {isa = PBXFileReference; fileEncoding = 4; lastKnownFileType = sourcecode.c.h; path = BMClassCache.h; sourceTree = "<group>"; };
		46435A8D185F60F6003FE5E7 /* BMClassCache.mm */ = {isa = PBXFileReference; fileEncoding = 4; lastKnownFileType = sourcecode.cpp.objcpp; path = BMClassCache.mm; sourceTree = "<group>"; };
		46435A8F185F8A1F003FE5E7 /* BMProject.h */ = {isa = PBXFileReference; fileEncoding = 4; lastKnownFileType = sourcecode.c.h; path = BMProject.h; sourceTree = "<group>"; };
		46435A90185F8A1F003FE5E7 /* BMProject.m */ = {isa = PBXFileReference; fileEncoding = 4; lastKnownFileType = sourcecode.c.objc; path = BMProject.m; sourceTree = "<group>"; };
		46535A1318207993004A9DA4 /* BMClass.h */ = {isa = PBXFileReference; fileEncoding = 4; lastKnownFileType = sourcecode.c.h; path = BMClass.h; sourceTree = "<group>"; };
		46535A1418207993004A9DA4 /* BMClass.mm */ = {isa = PBXFileReference; fileEncoding = 4; lastKnownFileType = sourcecode.cpp.objcpp; path = BMClass.mm; sourceTree = "<group>"; };
		4663AFE418DD797C0073ADA4 /* BMHookedModel.h */ = {isa = PBXFileReference; fileEncoding = 4; lastKnownFileType = sourcecode.c.h; path = BMHookedModel.h; sourceTree = "<group>"; };
		4663AFE518DD797C0073ADA4 /* BMHookedModel.m */ = {isa = PBXFileReference; fileEncoding = 4; lastKnownFileType = sourcecode.c.objc; path = BMHookedModel.m; sourceTree = "<group>"; };
		4663AFE718DD798A0073ADA4 /* BMLazyHooksSpec.mm */ = {isa = PBXFileReference; fileEncoding = 4; lastKnownFileType = sourcecode.cpp.objcpp; path = BMLazyHooksSpec.mm; sourceTree = "<group>"; };
		4665B8FC181DE41600E56A01 /* BMDerivedLazyModel.h */ = {isa = PBXFileReference; fileEncoding = 4; lastKnownFileType = sourcecode.c.h; path = BMDerivedLazyModel.h; sourceTree = "<group>"; };
		4665B8FD181DE41600E56A01 /* BMDerivedLazyModel.m */ = {isa = PBXFileReference; fileEncoding = 4; lastKnownFileType = sourcecode.c.objc; path = BMDerivedLazyModel.m; sourceTree = "<group>"; };
		4665B8FF181F167100E56A01 /* BMDerivedExtendedModel.h */ = {isa = PBXFileReference; fileEncoding = 4; lastKnownFileType = sourcecode.c.h; path = BMDerivedExtendedModel.h; sourceTree = "<group>"; };
		4665B900181F167100E56A01 /* BMDerivedExtendedModel.m */ = {isa = PBXFileReference; fileEncoding = 4; lastKnownFileType = sourcecode.c.objc; path = BMDerivedExtendedModel.m; sourceTree = "<group>"; };
		467029D4182D94CC003EAFB0 /* BMLazyExclude.h */ = {isa = PBXFileReference; lastKnownFileType = sourcecode.c.h; path = BMLazyExclude.h; sourceTree = "<group>"; };
		467029D5182D958E003EAFB0 /* BMInheritedModel.h */ = {isa = PBXFileReference; fileEncoding = 4; lastKnownFileType = sourcecode.c.h; path = BMInheritedModel.h; sourceTree = "<group>"; };
		467029D6182D958E003EAFB0 /* BMInheritedModel.m */ = {isa = PBXFileReference; fileEncoding = 4; lastKnownFileType = sourcecode.c.objc; path = BMInheritedModel.m; sourceTree = "<group>"; };
		467029DB182DA49D003EAFB0 /* BMInheritedExcludedModel.h */ = {isa = PBXFileReference; fileEncoding = 4; lastKnownFileType = sourcecode.c.h; path = BMInheritedExcludedModel.h; sourceTree = "<group>"; };
		467029DC182DA49D003EAFB0 /* BMInheritedExcludedModel.m */ = {isa = PBXFileReference; fileEncoding = 4; lastKnownFileType = sourcecode.c.objc; path = BMInheritedExcludedModel.m; sourceTree = "<group>"; };
		467F6F3718F5508400205D29 /* BMStandardStorage.h */ = {isa = PBXFileReference; fileEncoding = 4; lastKnownFileType = sourcecode.c.h; path = BMStandardStorage.h; sourceTree = "<group>"; };
		467F6F3818F5508400205D29 /* BMStandardStorage.m */ = {isa = PBXFileReference; fileEncoding = 4; lastKnownFileType = sourcecode.c.objc; path = BMStandardStorage.m; sourceTree = "<group>"; };
		467F6F3A18F5509000205D29 /* BMCustomStorage.h */ = {isa = PBXFileReference; fileEncoding = 4; lastKnownFileType = sourcecode.c.h; path = BMCustomStorage.h; sourceTree = "<group>"; };
		467F6F3B18F5509000205D29 /* BMCustomStorage.m */ = {isa = PBXFileReference; fileEncoding = 4; lastKnownFileType = sourcecode.c.objc; path = BMCustomStorage.m; sourceTree = "<group>"; };
		467F6F3E18F5510600205D29 /* BMPreferenceSpec.mm */ = {isa = PBXFileReference; fileEncoding = 4; lastKnownFileType = sourcecode.cpp.objcpp; path = BMPreferenceSpec.mm; sourceTree = "<group>"; };
		469981CD18A4C91E0027F8FA /* BMFinalModel_Private.h */ = {isa = PBXFileReference; lastKnownFileType = sourcecode.c.h; path = BMFinalModel_Private.h; sourceTree = "<group>"; };
		46A6BA7F18AECBE300C01CDC /* MultiplePropertiesSpec.mm */ = {isa = PBXFileReference; fileEncoding = 4; lastKnownFileType = sourcecode.cpp.objcpp; path = MultiplePropertiesSpec.mm; sourceTree = "<group>"; };
		46A6BA8118AECBFB00C01CDC /* BMMultiple.h */ = {isa = PBXFileReference; fileEncoding = 4; lastKnownFileType = sourcecode.c.h; path = BMMultiple.h; sourceTree = "<group>"; };
		46A6BA8218AECBFB00C01CDC /* BMMultiple.m */ = {isa = PBXFileReference; fileEncoding = 4; lastKnownFileType = sourcecode.c.objc; path = BMMultiple.m; sourceTree = "<group>"; };
		46DD5B8318A26ED500DD4830 /* BMFinalModel.h */ = {isa = PBXFileReference; fileEncoding = 4; lastKnownFileType = sourcecode.c.h; path = BMFinalModel.h; sourceTree = "<group>"; };
		46DD5B8418A26ED500DD4830 /* BMFinalModel.m */ = {isa = PBXFileReference; fileEncoding = 4; lastKnownFileType = sourcecode.c.objc; path = BMFinalModel.m; sourceTree = "<group>"; };
		46DD5B8718A2711900DD4830 /* BMFinalSpec.mm */ = {isa = PBXFileReference; fileEncoding = 4; lastKnownFileType = sourcecode.cpp.objcpp; path = BMFinalSpec.mm; sourceTree = "<group>"; };
		46DD5B8F18A3EE7600DD4830 /* BMFinal.h */ = {isa = PBXFileReference; lastKnownFileType = sourcecode.c.h; path = BMFinal.h; sourceTree = "<group>"; };
		46DD5B9018A3EE9000DD4830 /* BMFinalHook.h */ = {isa = PBXFileReference; fileEncoding = 4; lastKnownFileType = sourcecode.c.h; path = BMFinalHook.h; sourceTree = "<group>"; };
		46DD5B9118A3EE9000DD4830 /* BMFinalHook.mm */ = {isa = PBXFileReference; fileEncoding = 4; lastKnownFileType = sourcecode.cpp.objcpp; path = BMFinalHook.mm; sourceTree = "<group>"; };
		46DD5B9318A3EFD500DD4830 /* BMFinalModuleLoader.h */ = {isa = PBXFileReference; fileEncoding = 4; lastKnownFileType = sourcecode.c.h; path = BMFinalModuleLoader.h; sourceTree = "<group>"; };
		46DD5B9418A3EFD500DD4830 /* BMFinalModuleLoader.m */ = {isa = PBXFileReference; fileEncoding = 4; lastKnownFileType = sourcecode.c.objc; path = BMFinalModuleLoader.m; sourceTree = "<group>"; };
		46F2A74218DA37FA00EAADB0 /* BMInitializerFinderSpec.mm */ = {isa = PBXFileReference; fileEncoding = 4; lastKnownFileType = sourcecode.cpp.objcpp; path = BMInitializerFinderSpec.mm; sourceTree = "<group>"; };
		46F2A74418DA381E00EAADB0 /* BMInitializerModel.h */ = {isa = PBXFileReference; fileEncoding = 4; lastKnownFileType = sourcecode.c.h; path = BMInitializerModel.h; sourceTree = "<group>"; };
		46F2A74518DA381E00EAADB0 /* BMInitializerModel.m */ = {isa = PBXFileReference; fileEncoding = 4; lastKnownFileType = sourcecode.c.objc; path = BMInitializerModel.m; sourceTree = "<group>"; };
		5898A00A6BF6E6793CD7D67F /* BMPrimitiveLongLongProperty.mm */ = {isa = PBXFileReference; fileEncoding = 4; lastKnownFileType = sourcecode.cpp.objcpp; path = BMPrimitiveLongLongProperty.mm; sourceTree = "<group>"; };
		5898A05C65B2C230BF4EEA30 /* BMLazyTestProtocol.h */ = {isa = PBXFileReference; fileEncoding = 4; lastKnownFileType = sourcecode.c.h; path = BMLazyTestProtocol.h; sourceTree = "<group>"; };
		5898A0F6CC0832C2AAC67AE6 /* BMPropertyFinder.h */ = {isa = PBXFileReference; fileEncoding = 4; lastKnownFileType = sourcecode.c.h; path = BMPropertyFinder.h; sourceTree = "<group>"; };
		5898A133A66D70A440474897 /* Default@2x.png */ = {isa = PBXFileReference; lastKnownFileType = image.png; path = "Default@2x.png"; sourceTree = "<group>"; };
		5898A137D9E0D2ADD672538E /* BMKVCInjector.h */ = {isa = PBXFileReference; fileEncoding = 4; lastKnownFileType = sourcecode.c.h; path = BMKVCInjector.h; sourceTree = "<group>"; };
		5898A13A7F388FAEFCFB1FA3 /* BMCompsiteProperty.h */ = {isa = PBXFileReference; fileEncoding = 4; lastKnownFileType = sourcecode.c.h; path = BMCompsiteProperty.h; sourceTree = "<group>"; };
		5898A13ABA2FAFB3C1BA2ECC /* BMUser.h */ = {isa = PBXFileReference; fileEncoding = 4; lastKnownFileType = sourcecode.c.h; path = BMUser.h; sourceTree = "<group>"; };
		5898A149D312FC06A9484573 /* BMHook.h */ = {isa = PBXFileReference; fileEncoding = 4; lastKnownFileType = sourcecode.c.h; path = BMHook.h; sourceTree = "<group>"; };
		5898A17D6FCF311A9623421E /* BMBaseModel.mm */ = {isa = PBXFileReference; fileEncoding = 4; lastKnownFileType = sourcecode.cpp.objcpp; path = BMBaseModel.mm; sourceTree = "<group>"; };
		5898A186DDB289E67E1B2E92 /* BMTestProtocolModel.h */ = {isa = PBXFileReference; fileEncoding = 4; lastKnownFileType = sourcecode.c.h; path = BMTestProtocolModel.h; sourceTree = "<group>"; };
		5898A1D35AEBE8E36E906CCA /* BMInitializer_Private.h */ = {isa = PBXFileReference; fileEncoding = 4; lastKnownFileType = sourcecode.c.h; path = BMInitializer_Private.h; sourceTree = "<group>"; };
		5898A1FB0B40C6C457870EE7 /* BMProperty_Private.h */ = {isa = PBXFileReference; fileEncoding = 4; lastKnownFileType = sourcecode.c.h; path = BMProperty_Private.h; sourceTree = "<group>"; };
		5898A229D3D15A975412F930 /* BloodMagic-Info.plist */ = {isa = PBXFileReference; fileEncoding = 4; lastKnownFileType = text.plist.info; path = "BloodMagic-Info.plist"; sourceTree = "<group>"; };
		5898A22B36B614509CC62C8A /* BMPropertyTypeParser.h */ = {isa = PBXFileReference; fileEncoding = 4; lastKnownFileType = sourcecode.c.h; path = BMPropertyTypeParser.h; sourceTree = "<group>"; };
		5898A2397B0F92C7E95B0FAB /* BMEntityWithoutProtocols.h */ = {isa = PBXFileReference; fileEncoding = 4; lastKnownFileType = sourcecode.c.h; path = BMEntityWithoutProtocols.h; sourceTree = "<group>"; };
		5898A24538965685603A3E94 /* BMBloodMagicInjectorSpec.mm */ = {isa = PBXFileReference; fileEncoding = 4; lastKnownFileType = sourcecode.cpp.objcpp; path = BMBloodMagicInjectorSpec.mm; sourceTree = "<group>"; };
		5898A26EA3E33E7FD675D081 /* BMBloodMagicInjector.h */ = {isa = PBXFileReference; fileEncoding = 4; lastKnownFileType = sourcecode.c.h; path = BMBloodMagicInjector.h; sourceTree = "<group>"; };
		5898A28663DDF3F3BA7AFDD9 /* BMPropertyKVCHandler.mm */ = {isa = PBXFileReference; fileEncoding = 4; lastKnownFileType = sourcecode.cpp.objcpp; path = BMPropertyKVCHandler.mm; sourceTree = "<group>"; };
		5898A2916C0B285BCC6D8D22 /* BMEntityWithoutProtocols.m */ = {isa = PBXFileReference; fileEncoding = 4; lastKnownFileType = sourcecode.c.objc; path = BMEntityWithoutProtocols.m; sourceTree = "<group>"; };
		5898A29F077635D7ABE153A4 /* BMDerivedModel.mm */ = {isa = PBXFileReference; fileEncoding = 4; lastKnownFileType = sourcecode.cpp.objcpp; path = BMDerivedModel.mm; sourceTree = "<group>"; };
		5898A2A6AB1CDFCD419700DC /* BMLazyInitializer.h */ = {isa = PBXFileReference; fileEncoding = 4; lastKnownFileType = sourcecode.c.h; path = BMLazyInitializer.h; sourceTree = "<group>"; };
		5898A2B6AE9F0D991ED04E36 /* BMInitializer.m */ = {isa = PBXFileReference; fileEncoding = 4; lastKnownFileType = sourcecode.c.objc; path = BMInitializer.m; sourceTree = "<group>"; };
		5898A2EF09380095DD200671 /* BMPrimitiveLongLongProperty.h */ = {isa = PBXFileReference; fileEncoding = 4; lastKnownFileType = sourcecode.c.h; path = BMPrimitiveLongLongProperty.h; sourceTree = "<group>"; };
		5898A30E2BBCADC9BCACC4BF /* BMPrimitiveUnsignedIntProperty.mm */ = {isa = PBXFileReference; fileEncoding = 4; lastKnownFileType = sourcecode.cpp.objcpp; path = BMPrimitiveUnsignedIntProperty.mm; sourceTree = "<group>"; };
		5898A31B2260B06ADEA89C9B /* BMInternalPropertyFactory.h */ = {isa = PBXFileReference; fileEncoding = 4; lastKnownFileType = sourcecode.c.h; path = BMInternalPropertyFactory.h; sourceTree = "<group>"; };
		5898A34FD5C35BD598B1A11E /* BMInitializerRegistry.m */ = {isa = PBXFileReference; fileEncoding = 4; lastKnownFileType = sourcecode.c.objc; path = BMInitializerRegistry.m; sourceTree = "<group>"; };
		5898A364FD70B97A294A963A /* BMDynamicPropertyInjector.h */ = {isa = PBXFileReference; fileEncoding = 4; lastKnownFileType = sourcecode.c.h; path = BMDynamicPropertyInjector.h; sourceTree = "<group>"; };
		5898A3D04BB40BA7B8B877B1 /* BMPrimitiveUnsignedLongLongProperty.h */ = {isa = PBXFileReference; fileEncoding = 4; lastKnownFileType = sourcecode.c.h; path = BMPrimitiveUnsignedLongLongProperty.h; sourceTree = "<group>"; };
		5898A4239B9E4000CFB3E695 /* BMPropertyTypeParserSpec.mm */ = {isa = PBXFileReference; fileEncoding = 4; lastKnownFileType = sourcecode.cpp.objcpp; path = BMPropertyTypeParserSpec.mm; sourceTree = "<group>"; };
		5898A44ADC6CBCAB1D7450AF /* BMPrimitiveDoubleProperty.mm */ = {isa = PBXFileReference; fileEncoding = 4; lastKnownFileType = sourcecode.cpp.objcpp; path = BMPrimitiveDoubleProperty.mm; sourceTree = "<group>"; };
		5898A465F93827E7DBF72E82 /* BMPrimitiveIntProperty.mm */ = {isa = PBXFileReference; fileEncoding = 4; lastKnownFileType = sourcecode.cpp.objcpp; path = BMPrimitiveIntProperty.mm; sourceTree = "<group>"; };
		5898A4A1810763453463D20B /* BMLazyModel.m */ = {isa = PBXFileReference; fileEncoding = 4; lastKnownFileType = sourcecode.c.objc; path = BMLazyModel.m; sourceTree = "<group>"; };
		5898A4A554737916846C3AC3 /* BMPrimitiveUnsignedShortProperty.mm */ = {isa = PBXFileReference; fileEncoding = 4; lastKnownFileType = sourcecode.cpp.objcpp; path = BMPrimitiveUnsignedShortProperty.mm; sourceTree = "<group>"; };
		5898A4F5295E8136D4D4EB45 /* BMKVCInjector.m */ = {isa = PBXFileReference; fileEncoding = 4; lastKnownFileType = sourcecode.c.objc; path = BMKVCInjector.m; sourceTree = "<group>"; };
		5898A5076BD6FE710272339A /* BMPrimitiveShortProperty.mm */ = {isa = PBXFileReference; fileEncoding = 4; lastKnownFileType = sourcecode.cpp.objcpp; path = BMPrimitiveShortProperty.mm; sourceTree = "<group>"; };
		5898A58C0F3DA7769B0D19E9 /* BMInternalProperty.h */ = {isa = PBXFileReference; fileEncoding = 4; lastKnownFileType = sourcecode.c.h; path = BMInternalProperty.h; sourceTree = "<group>"; };
		5898A5CD525AC6AE9B392FC4 /* BMInitializerSpec.mm */ = {isa = PBXFileReference; fileEncoding = 4; lastKnownFileType = sourcecode.cpp.objcpp; path = BMInitializerSpec.mm; sourceTree = "<group>"; };
		5898A5D2A99CE78B9AA7F571 /* Default.png */ = {isa = PBXFileReference; lastKnownFileType = image.png; path = Default.png; sourceTree = "<group>"; };
		5898A5E97EFA8A48AEA991F6 /* BMPropertyCollector.mm */ = {isa = PBXFileReference; fileEncoding = 4; lastKnownFileType = sourcecode.cpp.objcpp; path = BMPropertyCollector.mm; sourceTree = "<group>"; };
		5898A6668657BD77086EB963 /* BMTestProtocol.h */ = {isa = PBXFileReference; fileEncoding = 4; lastKnownFileType = sourcecode.c.h; path = BMTestProtocol.h; sourceTree = "<group>"; };
		5898A6834D58538F8D843245 /* BMCompsiteProperty.mm */ = {isa = PBXFileReference; fileEncoding = 4; lastKnownFileType = sourcecode.cpp.objcpp; path = BMCompsiteProperty.mm; sourceTree = "<group>"; };
		5898A7002E604DF850319996 /* BMPrimitiveCharProperty.mm */ = {isa = PBXFileReference; fileEncoding = 4; lastKnownFileType = sourcecode.cpp.objcpp; path = BMPrimitiveCharProperty.mm; sourceTree = "<group>"; };
		5898A703E558929782CC712D /* BMLazyModuleLoader.h */ = {isa = PBXFileReference; fileEncoding = 4; lastKnownFileType = sourcecode.c.h; path = BMLazyModuleLoader.h; sourceTree = "<group>"; };
		5898A71B8AF66DF557B67E7F /* BMClassCollector.h */ = {isa = PBXFileReference; fileEncoding = 4; lastKnownFileType = sourcecode.c.h; path = BMClassCollector.h; sourceTree = "<group>"; };
		5898A76A19A37C4A1B6A850B /* BMLazyHook.h */ = {isa = PBXFileReference; fileEncoding = 4; lastKnownFileType = sourcecode.c.h; path = BMLazyHook.h; sourceTree = "<group>"; };
		5898A77B21962B60BC691E1E /* BMLazyInitializer.mm */ = {isa = PBXFileReference; fileEncoding = 4; lastKnownFileType = sourcecode.cpp.objcpp; path = BMLazyInitializer.mm; sourceTree = "<group>"; };
		5898A7DA60BD450A0CDFA120 /* BMInitializerRegistry.h */ = {isa = PBXFileReference; fileEncoding = 4; lastKnownFileType = sourcecode.c.h; path = BMInitializerRegistry.h; sourceTree = "<group>"; };
		5898A8018761C6808041620C /* main.m */ = {isa = PBXFileReference; fileEncoding = 4; lastKnownFileType = sourcecode.c.objc; path = main.m; sourceTree = "<group>"; };
		5898A80630FF05327FC75DF8 /* BMLazyHook.mm */ = {isa = PBXFileReference; fileEncoding = 4; lastKnownFileType = sourcecode.cpp.objcpp; path = BMLazyHook.mm; sourceTree = "<group>"; };
		5898A814D657DD9212874C36 /* Default-568h@2x.png */ = {isa = PBXFileReference; lastKnownFileType = image.png; path = "Default-568h@2x.png"; sourceTree = "<group>"; };
		5898A82CFD1F53CD71F7941B /* BloodMagic-Prefix.pch */ = {isa = PBXFileReference; fileEncoding = 4; lastKnownFileType = sourcecode.c.h; path = "BloodMagic-Prefix.pch"; sourceTree = "<group>"; };
		5898A8368CE2E3C020F672B3 /* BMFatDynamicModel.h */ = {isa = PBXFileReference; fileEncoding = 4; lastKnownFileType = sourcecode.c.h; path = BMFatDynamicModel.h; sourceTree = "<group>"; };
		5898A83C183F57B2C0937ABD /* BMInitializer+LazyInitializer.h */ = {isa = PBXFileReference; fileEncoding = 4; lastKnownFileType = sourcecode.c.h; path = "BMInitializer+LazyInitializer.h"; sourceTree = "<group>"; };
		5898A875524120E81360C779 /* BMPrimitiveUnsignedIntProperty.h */ = {isa = PBXFileReference; fileEncoding = 4; lastKnownFileType = sourcecode.c.h; path = BMPrimitiveUnsignedIntProperty.h; sourceTree = "<group>"; };
		5898A87A2F83073496E12690 /* BMBloodMagicInjector.mm */ = {isa = PBXFileReference; fileEncoding = 4; lastKnownFileType = sourcecode.cpp.objcpp; path = BMBloodMagicInjector.mm; sourceTree = "<group>"; };
		5898A87ABE5DDCA021D4B972 /* LazySpec.mm */ = {isa = PBXFileReference; fileEncoding = 4; lastKnownFileType = sourcecode.cpp.objcpp; path = LazySpec.mm; sourceTree = "<group>"; };
		5898A8AE9D2813476024CC65 /* BMPrimitiveFloatProperty.h */ = {isa = PBXFileReference; fileEncoding = 4; lastKnownFileType = sourcecode.c.h; path = BMPrimitiveFloatProperty.h; sourceTree = "<group>"; };
		5898A8BAFFC537024EE4C585 /* BMPropertyValueService.h */ = {isa = PBXFileReference; fileEncoding = 4; lastKnownFileType = sourcecode.c.h; path = BMPropertyValueService.h; sourceTree = "<group>"; };
		5898A8D7B73A7128D29ED58B /* BMPrimitiveShortProperty.h */ = {isa = PBXFileReference; fileEncoding = 4; lastKnownFileType = sourcecode.c.h; path = BMPrimitiveShortProperty.h; sourceTree = "<group>"; };
		5898A8DAF052929211F88752 /* BMDynamicPropertyInjector.mm */ = {isa = PBXFileReference; fileEncoding = 4; lastKnownFileType = sourcecode.cpp.objcpp; path = BMDynamicPropertyInjector.mm; sourceTree = "<group>"; };
		5898A964B7BE16D059B05D2B /* BMPropertyValueService.mm */ = {isa = PBXFileReference; fileEncoding = 4; lastKnownFileType = sourcecode.cpp.objcpp; path = BMPropertyValueService.mm; sourceTree = "<group>"; };
		5898A966FB03512A9F26B718 /* BMPrimitiveUnsignedShortProperty.h */ = {isa = PBXFileReference; fileEncoding = 4; lastKnownFileType = sourcecode.c.h; path = BMPrimitiveUnsignedShortProperty.h; sourceTree = "<group>"; };
		5898A96D679982C27C309333 /* BMClassCollector.mm */ = {isa = PBXFileReference; fileEncoding = 4; lastKnownFileType = sourcecode.cpp.objcpp; path = BMClassCollector.mm; sourceTree = "<group>"; };
		5898A9919F65F14D0894DE4B /* BMPrimitiveDoubleProperty.h */ = {isa = PBXFileReference; fileEncoding = 4; lastKnownFileType = sourcecode.c.h; path = BMPrimitiveDoubleProperty.h; sourceTree = "<group>"; };
		5898AA03DB938ADD52A695FB /* BMPropertyFinder.mm */ = {isa = PBXFileReference; fileEncoding = 4; lastKnownFileType = sourcecode.cpp.objcpp; path = BMPropertyFinder.mm; sourceTree = "<group>"; };
		5898AA4D3CDC443AF363BD44 /* BMClassCollectorSpec.mm */ = {isa = PBXFileReference; fileEncoding = 4; lastKnownFileType = sourcecode.cpp.objcpp; path = BMClassCollectorSpec.mm; sourceTree = "<group>"; };
		5898AA637DFC1677DFC4475C /* BMLazyModel.h */ = {isa = PBXFileReference; fileEncoding = 4; lastKnownFileType = sourcecode.c.h; path = BMLazyModel.h; sourceTree = "<group>"; };
		5898AAA1520BC6CEEB4844F5 /* BMPropertySpec.mm */ = {isa = PBXFileReference; fileEncoding = 4; lastKnownFileType = sourcecode.cpp.objcpp; path = BMPropertySpec.mm; sourceTree = "<group>"; };
		5898AAD4E07E2D7B42B00A68 /* BMPrimitiveUnsignedCharProperty.mm */ = {isa = PBXFileReference; fileEncoding = 4; lastKnownFileType = sourcecode.cpp.objcpp; path = BMPrimitiveUnsignedCharProperty.mm; sourceTree = "<group>"; };
		5898AAE84167173170C22605 /* BMBaseModel.h */ = {isa = PBXFileReference; fileEncoding = 4; lastKnownFileType = sourcecode.c.h; path = BMBaseModel.h; sourceTree = "<group>"; };
		5898AB03D505BEEAA3C6642E /* BMPropertyCollectorSpec.mm */ = {isa = PBXFileReference; fileEncoding = 4; lastKnownFileType = sourcecode.cpp.objcpp; path = BMPropertyCollectorSpec.mm; sourceTree = "<group>"; };
		5898AB1F52BFF48E4C3DE65C /* BMInitializer+LazyInitializer.m */ = {isa = PBXFileReference; fileEncoding = 4; lastKnownFileType = sourcecode.c.objc; path = "BMInitializer+LazyInitializer.m"; sourceTree = "<group>"; };
		5898AB36EF21FFE02F7E95A3 /* BMPrimitiveFloatProperty.mm */ = {isa = PBXFileReference; fileEncoding = 4; lastKnownFileType = sourcecode.cpp.objcpp; path = BMPrimitiveFloatProperty.mm; sourceTree = "<group>"; };
		5898AB48E07B499415688C53 /* BMTestProtocolModel.m */ = {isa = PBXFileReference; fileEncoding = 4; lastKnownFileType = sourcecode.c.objc; path = BMTestProtocolModel.m; sourceTree = "<group>"; };
		5898AB726253851E30D7ABED /* BMLazyInitializerFinder.mm */ = {isa = PBXFileReference; fileEncoding = 4; lastKnownFileType = sourcecode.cpp.objcpp; path = BMLazyInitializerFinder.mm; sourceTree = "<group>"; };
		5898AB9F4613E1ECA2E75711 /* BMInitializerRegistry+LazyRegistry.h */ = {isa = PBXFileReference; fileEncoding = 4; lastKnownFileType = sourcecode.c.h; path = "BMInitializerRegistry+LazyRegistry.h"; sourceTree = "<group>"; };
		5898ABA54CB1FDD879918252 /* BMUser.m */ = {isa = PBXFileReference; fileEncoding = 4; lastKnownFileType = sourcecode.c.objc; path = BMUser.m; sourceTree = "<group>"; };
		5898AC10B28C12F4824ED56E /* Podfile */ = {isa = PBXFileReference; fileEncoding = 4; lastKnownFileType = text; path = Podfile; sourceTree = "<group>"; };
		5898AC19F85BB236C5A894E5 /* BMFatDynamicModel.m */ = {isa = PBXFileReference; fileEncoding = 4; lastKnownFileType = sourcecode.c.objc; path = BMFatDynamicModel.m; sourceTree = "<group>"; };
		5898AC1CD2B2C4D3D48600CC /* BMLazyInitializerFinder.h */ = {isa = PBXFileReference; fileEncoding = 4; lastKnownFileType = sourcecode.c.h; path = BMLazyInitializerFinder.h; sourceTree = "<group>"; };
		5898AC5D06D970807E136F41 /* BMInitializerRegistry+LazyRegistry.m */ = {isa = PBXFileReference; fileEncoding = 4; lastKnownFileType = sourcecode.c.objc; path = "BMInitializerRegistry+LazyRegistry.m"; sourceTree = "<group>"; };
		5898ACA257539D36AC542B5C /* BMPrimitiveLongProperty.mm */ = {isa = PBXFileReference; fileEncoding = 4; lastKnownFileType = sourcecode.cpp.objcpp; path = BMPrimitiveLongProperty.mm; sourceTree = "<group>"; };
		5898ACA5069B5D47DFF23D88 /* BMFatModel.h */ = {isa = PBXFileReference; fileEncoding = 4; lastKnownFileType = sourcecode.c.h; path = BMFatModel.h; sourceTree = "<group>"; };
		5898ACB33534C6A20FB372C7 /* BMAnotherLazyModel.h */ = {isa = PBXFileReference; fileEncoding = 4; lastKnownFileType = sourcecode.c.h; path = BMAnotherLazyModel.h; sourceTree = "<group>"; };
		5898ACB657BA24774521E52F /* SpecHelper.h */ = {isa = PBXFileReference; fileEncoding = 4; lastKnownFileType = sourcecode.c.h; path = SpecHelper.h; sourceTree = "<group>"; };
		5898ACE40181D8DAEBC54212 /* BMPrimitiveUnsignedLongProperty.h */ = {isa = PBXFileReference; fileEncoding = 4; lastKnownFileType = sourcecode.c.h; path = BMPrimitiveUnsignedLongProperty.h; sourceTree = "<group>"; };
		5898AD28A392EAA3FAE516A6 /* BMInternalPropertyFactory.mm */ = {isa = PBXFileReference; fileEncoding = 4; lastKnownFileType = sourcecode.cpp.objcpp; path = BMInternalPropertyFactory.mm; sourceTree = "<group>"; };
		5898AD69F9108807AD109048 /* BMPublicCoreDefnitions.h */ = {isa = PBXFileReference; fileEncoding = 4; lastKnownFileType = sourcecode.c.h; path = BMPublicCoreDefnitions.h; sourceTree = "<group>"; };
		5898AD6EF217FC8183F0DFB5 /* BMPrimitiveIntProperty.h */ = {isa = PBXFileReference; fileEncoding = 4; lastKnownFileType = sourcecode.c.h; path = BMPrimitiveIntProperty.h; sourceTree = "<group>"; };
		5898AD76894E8A32BAD57705 /* BMPrimitiveUnsignedLongLongProperty.mm */ = {isa = PBXFileReference; fileEncoding = 4; lastKnownFileType = sourcecode.cpp.objcpp; path = BMPrimitiveUnsignedLongLongProperty.mm; sourceTree = "<group>"; };
		5898ADB350603FE30D34CF8A /* BMInitializer.h */ = {isa = PBXFileReference; fileEncoding = 4; lastKnownFileType = sourcecode.c.h; path = BMInitializer.h; sourceTree = "<group>"; };
		5898ADC9AE557375AFF36A5A /* BMPropertyTypeParser.mm */ = {isa = PBXFileReference; fileEncoding = 4; lastKnownFileType = sourcecode.cpp.objcpp; path = BMPropertyTypeParser.mm; sourceTree = "<group>"; };
		5898ADD2F19F769DC98274B7 /* BMPropertyCollector.h */ = {isa = PBXFileReference; fileEncoding = 4; lastKnownFileType = sourcecode.c.h; path = BMPropertyCollector.h; sourceTree = "<group>"; };
		5898ADF87BC8A526E3AC9656 /* BMPrimitiveLongProperty.h */ = {isa = PBXFileReference; fileEncoding = 4; lastKnownFileType = sourcecode.c.h; path = BMPrimitiveLongProperty.h; sourceTree = "<group>"; };
		5898AE04162FB7A76DD2FA43 /* BMPrimitiveUnsignedCharProperty.h */ = {isa = PBXFileReference; fileEncoding = 4; lastKnownFileType = sourcecode.c.h; path = BMPrimitiveUnsignedCharProperty.h; sourceTree = "<group>"; };
		5898AE28D8A20B0F07093014 /* BMInternalPropertyTemplate.h */ = {isa = PBXFileReference; fileEncoding = 4; lastKnownFileType = sourcecode.c.h; path = BMInternalPropertyTemplate.h; sourceTree = "<group>"; };
		5898AE53E7AB7DADC55FE83A /* BMPrimitiveCharProperty.h */ = {isa = PBXFileReference; fileEncoding = 4; lastKnownFileType = sourcecode.c.h; path = BMPrimitiveCharProperty.h; sourceTree = "<group>"; };
		5898AE68393D2FA383B6E0E3 /* BMAnotherLazyModel.m */ = {isa = PBXFileReference; fileEncoding = 4; lastKnownFileType = sourcecode.c.objc; path = BMAnotherLazyModel.m; sourceTree = "<group>"; };
		5898AE86E34292B96D05DAA4 /* BMPrimitiveUnsignedLongProperty.mm */ = {isa = PBXFileReference; fileEncoding = 4; lastKnownFileType = sourcecode.cpp.objcpp; path = BMPrimitiveUnsignedLongProperty.mm; sourceTree = "<group>"; };
		5898AEB1DF36EF33AFE5A21B /* BMLazyDefinitions.h */ = {isa = PBXFileReference; fileEncoding = 4; lastKnownFileType = sourcecode.c.h; path = BMLazyDefinitions.h; sourceTree = "<group>"; };
		5898AEF8CAA0DB0BBB750EA0 /* BMLazy.h */ = {isa = PBXFileReference; fileEncoding = 4; lastKnownFileType = sourcecode.c.h; path = BMLazy.h; sourceTree = "<group>"; };
		5898AF0FA6CF74B0A05389D4 /* BMPropertyKVCHandler.h */ = {isa = PBXFileReference; fileEncoding = 4; lastKnownFileType = sourcecode.c.h; path = BMPropertyKVCHandler.h; sourceTree = "<group>"; };
		5898AF26F9ED8167F06562E9 /* BMInternalProperty.mm */ = {isa = PBXFileReference; fileEncoding = 4; lastKnownFileType = sourcecode.cpp.objcpp; path = BMInternalProperty.mm; sourceTree = "<group>"; };
		5898AF33B270563953264AC2 /* BMDerivedModel.h */ = {isa = PBXFileReference; fileEncoding = 4; lastKnownFileType = sourcecode.c.h; path = BMDerivedModel.h; sourceTree = "<group>"; };
		5898AF609766255D9E734C8C /* BMFatModel.m */ = {isa = PBXFileReference; fileEncoding = 4; lastKnownFileType = sourcecode.c.objc; path = BMFatModel.m; sourceTree = "<group>"; };
		5898AFE76C9AAEDBB60AC0A4 /* BMFatTestProtocol.h */ = {isa = PBXFileReference; fileEncoding = 4; lastKnownFileType = sourcecode.c.h; path = BMFatTestProtocol.h; sourceTree = "<group>"; };
		5898AFEDFC0917CBBD32A3FF /* BMInternalPropertyTemplate.mm */ = {isa = PBXFileReference; fileEncoding = 4; lastKnownFileType = sourcecode.cpp.objcpp; path = BMInternalPropertyTemplate.mm; sourceTree = "<group>"; };
		6B876020B111F4C8A68A4059 /* BMProperty.h */ = {isa = PBXFileReference; fileEncoding = 4; lastKnownFileType = sourcecode.c.h; path = BMProperty.h; sourceTree = "<group>"; };
		6B876085169B80F1F3E90826 /* BMPartialWrapperView.m */ = {isa = PBXFileReference; fileEncoding = 4; lastKnownFileType = sourcecode.c.objc; path = BMPartialWrapperView.m; sourceTree = "<group>"; };
		6B8761081E781EA7D14A4DEB /* BMTestPartialView.m */ = {isa = PBXFileReference; fileEncoding = 4; lastKnownFileType = sourcecode.c.objc; path = BMTestPartialView.m; sourceTree = "<group>"; };
		6B876111AB860E76E876080F /* BMPartial.h */ = {isa = PBXFileReference; fileEncoding = 4; lastKnownFileType = sourcecode.c.h; path = BMPartial.h; sourceTree = "<group>"; };
		6B87617F9B1578554B3F26E5 /* Lazy_cxx.h */ = {isa = PBXFileReference; fileEncoding = 4; lastKnownFileType = sourcecode.c.h; path = Lazy_cxx.h; sourceTree = "<group>"; };
		6B876180729C3B3443E9C7C4 /* BMPartialHook.mm */ = {isa = PBXFileReference; fileEncoding = 4; lastKnownFileType = sourcecode.cpp.objcpp; path = BMPartialHook.mm; sourceTree = "<group>"; };
		6B87622831C2EDB044B772E8 /* BMPreferenceHook.h */ = {isa = PBXFileReference; fileEncoding = 4; lastKnownFileType = sourcecode.c.h; path = BMPreferenceHook.h; sourceTree = "<group>"; };
		6B8762841AEA753743D57E43 /* BMPartialHook.h */ = {isa = PBXFileReference; fileEncoding = 4; lastKnownFileType = sourcecode.c.h; path = BMPartialHook.h; sourceTree = "<group>"; };
		6B876287C8AC1D5F5A2B5942 /* BMPreference.h */ = {isa = PBXFileReference; fileEncoding = 4; lastKnownFileType = sourcecode.c.h; path = BMPreference.h; sourceTree = "<group>"; };
		6B8762AB53AF36D327BDDE2C /* BMInheritedProtocol.m */ = {isa = PBXFileReference; fileEncoding = 4; lastKnownFileType = sourcecode.c.objc; path = BMInheritedProtocol.m; sourceTree = "<group>"; };
		6B8763A7E32B983A1A8E88D8 /* Final.h */ = {isa = PBXFileReference; fileEncoding = 4; lastKnownFileType = sourcecode.c.h; path = Final.h; sourceTree = "<group>"; };
		6B876688EF1E1722917B305E /* Initializers.h */ = {isa = PBXFileReference; fileEncoding = 4; lastKnownFileType = sourcecode.c.h; path = Initializers.h; sourceTree = "<group>"; };
		6B8766D74A276049A5B243AB /* Partial.h */ = {isa = PBXFileReference; fileEncoding = 4; lastKnownFileType = sourcecode.c.h; path = Partial.h; sourceTree = "<group>"; };
		6B876744FFA157EE330D0A2A /* Core.h */ = {isa = PBXFileReference; fileEncoding = 4; lastKnownFileType = sourcecode.c.h; path = Core.h; sourceTree = "<group>"; };
		6B876765D3EAAC22F947CDC5 /* BMPreferenceModuleLoader.m */ = {isa = PBXFileReference; fileEncoding = 4; lastKnownFileType = sourcecode.c.objc; path = BMPreferenceModuleLoader.m; sourceTree = "<group>"; };
		6B8768AEF7B39442021A524B /* BMInternalTypes.h */ = {isa = PBXFileReference; fileEncoding = 4; lastKnownFileType = sourcecode.c.h; path = BMInternalTypes.h; sourceTree = "<group>"; };
		6B876989598903CB20ADE4FF /* BMInheritedProtocol.h */ = {isa = PBXFileReference; fileEncoding = 4; lastKnownFileType = sourcecode.c.h; path = BMInheritedProtocol.h; sourceTree = "<group>"; };
		6B876AFD1AAA3C414487B226 /* BMProperty.mm */ = {isa = PBXFileReference; fileEncoding = 4; lastKnownFileType = sourcecode.cpp.objcpp; path = BMProperty.mm; sourceTree = "<group>"; };
		6B876B1B9240F9C64CC89BBB /* BMPreferenceModuleLoader.h */ = {isa = PBXFileReference; fileEncoding = 4; lastKnownFileType = sourcecode.c.h; path = BMPreferenceModuleLoader.h; sourceTree = "<group>"; };
		6B876C366CB4050E12956584 /* Lazy.h */ = {isa = PBXFileReference; fileEncoding = 4; lastKnownFileType = sourcecode.c.h; path = Lazy.h; sourceTree = "<group>"; };
		6B876C54AD78847F441FC47F /* BMPreferenceHook.m */ = {isa = PBXFileReference; fileEncoding = 4; lastKnownFileType = sourcecode.c.objc; path = BMPreferenceHook.m; sourceTree = "<group>"; };
		6B876C8236ED1A26770478E5 /* BMPartialModuleLoader.h */ = {isa = PBXFileReference; fileEncoding = 4; lastKnownFileType = sourcecode.c.h; path = BMPartialModuleLoader.h; sourceTree = "<group>"; };
		6B876D9EE344396A8B4EE51F /* BMPartialSpec.mm */ = {isa = PBXFileReference; fileEncoding = 4; lastKnownFileType = sourcecode.cpp.objcpp; path = BMPartialSpec.mm; sourceTree = "<group>"; };
		6B876E01073EDAB9D216804C /* BMTestPartialView.h */ = {isa = PBXFileReference; fileEncoding = 4; lastKnownFileType = sourcecode.c.h; path = BMTestPartialView.h; sourceTree = "<group>"; };
		6B876E7DDAEBFFAC9E3CEF95 /* BMPartialModuleLoader.m */ = {isa = PBXFileReference; fileEncoding = 4; lastKnownFileType = sourcecode.c.objc; path = BMPartialModuleLoader.m; sourceTree = "<group>"; };
		6B876EB0A34531ECE6D29C20 /* BMPartialWrapperView.h */ = {isa = PBXFileReference; fileEncoding = 4; lastKnownFileType = sourcecode.c.h; path = BMPartialWrapperView.h; sourceTree = "<group>"; };
		6B876F22748D58CCE8D43895 /* LazyProtocolsSpec.mm */ = {isa = PBXFileReference; fileEncoding = 4; lastKnownFileType = sourcecode.cpp.objcpp; path = LazyProtocolsSpec.mm; sourceTree = "<group>"; };
		6B876F598E75C28B6ECAAC87 /* BMTestPartialView.xib */ = {isa = PBXFileReference; lastKnownFileType = file.xib; path = BMTestPartialView.xib; sourceTree = "<group>"; };
		ABE4C2C66C0F4B13850586E3 /* libPods.a */ = {isa = PBXFileReference; explicitFileType = archive.ar; includeInIndex = 0; path = libPods.a; sourceTree = BUILT_PRODUCTS_DIR; };
		CA0D845D1803BF8B0068D8F9 /* BMLazyModuleLoader.m */ = {isa = PBXFileReference; fileEncoding = 4; lastKnownFileType = sourcecode.c.objc; path = BMLazyModuleLoader.m; sourceTree = "<group>"; };
		CADB6AF1178FFE330060E11D /* BloodMagic.app */ = {isa = PBXFileReference; explicitFileType = wrapper.application; includeInIndex = 0; path = BloodMagic.app; sourceTree = BUILT_PRODUCTS_DIR; };
		CADB6AF4178FFE330060E11D /* UIKit.framework */ = {isa = PBXFileReference; lastKnownFileType = wrapper.framework; name = UIKit.framework; path = System/Library/Frameworks/UIKit.framework; sourceTree = SDKROOT; };
		CADB6AF6178FFE330060E11D /* Foundation.framework */ = {isa = PBXFileReference; lastKnownFileType = wrapper.framework; name = Foundation.framework; path = System/Library/Frameworks/Foundation.framework; sourceTree = SDKROOT; };
		CADB6AF8178FFE330060E11D /* CoreGraphics.framework */ = {isa = PBXFileReference; lastKnownFileType = wrapper.framework; name = CoreGraphics.framework; path = System/Library/Frameworks/CoreGraphics.framework; sourceTree = SDKROOT; };
		E0923875F301408CA184BE42 /* Pods.xcconfig */ = {isa = PBXFileReference; includeInIndex = 1; lastKnownFileType = text.xcconfig; name = Pods.xcconfig; path = Pods/Pods.xcconfig; sourceTree = SOURCE_ROOT; };
/* End PBXFileReference section */

/* Begin PBXFrameworksBuildPhase section */
		CADB6AEE178FFE330060E11D /* Frameworks */ = {
			isa = PBXFrameworksBuildPhase;
			buildActionMask = 2147483647;
			files = (
				CADB6AF5178FFE330060E11D /* UIKit.framework in Frameworks */,
				CADB6AF7178FFE330060E11D /* Foundation.framework in Frameworks */,
				CADB6AF9178FFE330060E11D /* CoreGraphics.framework in Frameworks */,
				BBEC1366FC85407F9C9DE034 /* libPods.a in Frameworks */,
			);
			runOnlyForDeploymentPostprocessing = 0;
		};
/* End PBXFrameworksBuildPhase section */

/* Begin PBXGroup section */
		46535A1218207975004A9DA4 /* Classes */ = {
			isa = PBXGroup;
			children = (
				46435A87185F5E4F003FE5E7 /* BMClass_Private.h */,
				46535A1318207993004A9DA4 /* BMClass.h */,
				46535A1418207993004A9DA4 /* BMClass.mm */,
				46435A8C185F60F6003FE5E7 /* BMClassCache.h */,
				46435A8D185F60F6003FE5E7 /* BMClassCache.mm */,
			);
			path = Classes;
			sourceTree = "<group>";
		};
		467F6F3618F5505100205D29 /* Preference */ = {
			isa = PBXGroup;
			children = (
				467F6F3718F5508400205D29 /* BMStandardStorage.h */,
				467F6F3818F5508400205D29 /* BMStandardStorage.m */,
				467F6F3A18F5509000205D29 /* BMCustomStorage.h */,
				467F6F3B18F5509000205D29 /* BMCustomStorage.m */,
			);
			path = Preference;
			sourceTree = "<group>";
		};
		467F6F3D18F5509D00205D29 /* Preference */ = {
			isa = PBXGroup;
			children = (
				467F6F3E18F5510600205D29 /* BMPreferenceSpec.mm */,
			);
			path = Preference;
			sourceTree = "<group>";
		};
		46A6BA7E18AECB3500C01CDC /* MultipleProperties */ = {
			isa = PBXGroup;
			children = (
				46A6BA7F18AECBE300C01CDC /* MultiplePropertiesSpec.mm */,
			);
			path = MultipleProperties;
			sourceTree = "<group>";
		};
		46DD5B8218A26EAA00DD4830 /* Final */ = {
			isa = PBXGroup;
			children = (
				469981CD18A4C91E0027F8FA /* BMFinalModel_Private.h */,
				46DD5B8318A26ED500DD4830 /* BMFinalModel.h */,
				46DD5B8418A26ED500DD4830 /* BMFinalModel.m */,
			);
			path = Final;
			sourceTree = "<group>";
		};
		46DD5B8618A270E900DD4830 /* Final */ = {
			isa = PBXGroup;
			children = (
				46DD5B8718A2711900DD4830 /* BMFinalSpec.mm */,
			);
			path = Final;
			sourceTree = "<group>";
		};
		46DD5B8918A3EE1600DD4830 /* Final */ = {
			isa = PBXGroup;
			children = (
				46DD5B8E18A3EE5400DD4830 /* Private */,
				46DD5B8D18A3EE4500DD4830 /* Public */,
			);
			path = Final;
			sourceTree = "<group>";
		};
		46DD5B8D18A3EE4500DD4830 /* Public */ = {
			isa = PBXGroup;
			children = (
				46DD5B8F18A3EE7600DD4830 /* BMFinal.h */,
			);
			path = Public;
			sourceTree = "<group>";
		};
		46DD5B8E18A3EE5400DD4830 /* Private */ = {
			isa = PBXGroup;
			children = (
				46DD5B9018A3EE9000DD4830 /* BMFinalHook.h */,
				46DD5B9118A3EE9000DD4830 /* BMFinalHook.mm */,
				46DD5B9318A3EFD500DD4830 /* BMFinalModuleLoader.h */,
				46DD5B9418A3EFD500DD4830 /* BMFinalModuleLoader.m */,
			);
			path = Private;
			sourceTree = "<group>";
		};
		5898A05DDFF3CB72918D36BE /* BMClassCollector */ = {
			isa = PBXGroup;
			children = (
				5898AA4D3CDC443AF363BD44 /* BMClassCollectorSpec.mm */,
			);
			path = BMClassCollector;
			sourceTree = "<group>";
		};
		5898A09B25989B8A1FD1BDF7 /* Specs */ = {
			isa = PBXGroup;
			children = (
				5898A9A1A842D90808CAA8C1 /* Modules */,
			);
			path = Specs;
			sourceTree = "<group>";
		};
		5898A0A6FE808724133FD0EE /* Injectors */ = {
			isa = PBXGroup;
			children = (
				5898A26EA3E33E7FD675D081 /* BMBloodMagicInjector.h */,
				5898A87A2F83073496E12690 /* BMBloodMagicInjector.mm */,
			);
			path = Injectors;
			sourceTree = "<group>";
		};
		5898A0EE123F78A40C1169BB /* LazySpecs */ = {
			isa = PBXGroup;
			children = (
				4663AFE418DD797C0073ADA4 /* BMHookedModel.h */,
				4663AFE518DD797C0073ADA4 /* BMHookedModel.m */,
				5898AA637DFC1677DFC4475C /* BMLazyModel.h */,
				5898A4A1810763453463D20B /* BMLazyModel.m */,
				5898AE68393D2FA383B6E0E3 /* BMAnotherLazyModel.m */,
				5898ACB33534C6A20FB372C7 /* BMAnotherLazyModel.h */,
				5898A05C65B2C230BF4EEA30 /* BMLazyTestProtocol.h */,
				5898AB48E07B499415688C53 /* BMTestProtocolModel.m */,
				5898A186DDB289E67E1B2E92 /* BMTestProtocolModel.h */,
				5898A17D6FCF311A9623421E /* BMBaseModel.mm */,
				5898AAE84167173170C22605 /* BMBaseModel.h */,
				5898A29F077635D7ABE153A4 /* BMDerivedModel.mm */,
				5898AF33B270563953264AC2 /* BMDerivedModel.h */,
				4665B8FC181DE41600E56A01 /* BMDerivedLazyModel.h */,
				4665B8FD181DE41600E56A01 /* BMDerivedLazyModel.m */,
				4665B8FF181F167100E56A01 /* BMDerivedExtendedModel.h */,
				4665B900181F167100E56A01 /* BMDerivedExtendedModel.m */,
				467029D5182D958E003EAFB0 /* BMInheritedModel.h */,
				467029D6182D958E003EAFB0 /* BMInheritedModel.m */,
				467029DB182DA49D003EAFB0 /* BMInheritedExcludedModel.h */,
				467029DC182DA49D003EAFB0 /* BMInheritedExcludedModel.m */,
				46435A8F185F8A1F003FE5E7 /* BMProject.h */,
				46435A90185F8A1F003FE5E7 /* BMProject.m */,
				6B8762AB53AF36D327BDDE2C /* BMInheritedProtocol.m */,
				6B876989598903CB20ADE4FF /* BMInheritedProtocol.h */,
				46F2A74418DA381E00EAADB0 /* BMInitializerModel.h */,
				46F2A74518DA381E00EAADB0 /* BMInitializerModel.m */,
			);
			path = LazySpecs;
			sourceTree = "<group>";
		};
		5898A1419B732DFFA7E72C0B /* Core */ = {
			isa = PBXGroup;
			children = (
				5898A1DBE0363C078350D8AF /* Private */,
				5898AF6E8EBC61B1177CE665 /* Public */,
			);
			path = Core;
			sourceTree = "<group>";
		};
		5898A19E3E1505FD50FF5637 /* cxx */ = {
			isa = PBXGroup;
			children = (
				5898A2A6AB1CDFCD419700DC /* BMLazyInitializer.h */,
				5898A77B21962B60BC691E1E /* BMLazyInitializer.mm */,
			);
			path = cxx;
			sourceTree = "<group>";
		};
		5898A1DBE0363C078350D8AF /* Private */ = {
			isa = PBXGroup;
			children = (
				46535A1218207975004A9DA4 /* Classes */,
				5898AED98A660C0E042D643B /* Properties */,
				5898ACDDE74F72748284D1BA /* Collectors */,
				5898A8B19DB7370E366DA6B7 /* Injectors */,
				5898AAD55AEDF682F4E8A33A /* Finders */,
				5898A33CD9D0FEA44187C827 /* Parsers */,
				6B8768AEF7B39442021A524B /* BMInternalTypes.h */,
			);
			path = Private;
			sourceTree = "<group>";
		};
		5898A2563C9FEF5632AE6DF0 /* Core */ = {
			isa = PBXGroup;
			children = (
				5898A05DDFF3CB72918D36BE /* BMClassCollector */,
				5898A571049C6ED36081ABE2 /* BMPropertyCollector */,
				5898A94692E7E0977981D24B /* BMProperty */,
				5898AF7AD0313CE9ED6E14E4 /* BMBloodMagicInjector */,
				5898ABC027D972B47A38D499 /* BMPropertyTypeParser */,
			);
			path = Core;
			sourceTree = "<group>";
		};
		5898A2DD95A47DD6543BD4DE /* Private */ = {
			isa = PBXGroup;
			children = (
				5898A76A19A37C4A1B6A850B /* BMLazyHook.h */,
				5898A80630FF05327FC75DF8 /* BMLazyHook.mm */,
				5898A703E558929782CC712D /* BMLazyModuleLoader.h */,
				CA0D845D1803BF8B0068D8F9 /* BMLazyModuleLoader.m */,
				5898AC1CD2B2C4D3D48600CC /* BMLazyInitializerFinder.h */,
				5898AB726253851E30D7ABED /* BMLazyInitializerFinder.mm */,
			);
			path = Private;
			sourceTree = "<group>";
		};
		5898A33CD9D0FEA44187C827 /* Parsers */ = {
			isa = PBXGroup;
			children = (
				5898A22B36B614509CC62C8A /* BMPropertyTypeParser.h */,
				5898ADC9AE557375AFF36A5A /* BMPropertyTypeParser.mm */,
			);
			path = Parsers;
			sourceTree = "<group>";
		};
		5898A34F4630E953DE73E09D /* Lazy */ = {
			isa = PBXGroup;
			children = (
				4663AFE718DD798A0073ADA4 /* BMLazyHooksSpec.mm */,
				5898A5CD525AC6AE9B392FC4 /* BMInitializerSpec.mm */,
				5898A87ABE5DDCA021D4B972 /* LazySpec.mm */,
				6B876F22748D58CCE8D43895 /* LazyProtocolsSpec.mm */,
				46F2A74218DA37FA00EAADB0 /* BMInitializerFinderSpec.mm */,
			);
			path = Lazy;
			sourceTree = "<group>";
		};
		5898A3A2F447B7B7F8BF84C1 /* TestModels */ = {
			isa = PBXGroup;
			children = (
				467F6F3618F5505100205D29 /* Preference */,
				46DD5B8218A26EAA00DD4830 /* Final */,
				5898ABA54CB1FDD879918252 /* BMUser.m */,
				5898A13ABA2FAFB3C1BA2ECC /* BMUser.h */,
				5898A2916C0B285BCC6D8D22 /* BMEntityWithoutProtocols.m */,
				5898A2397B0F92C7E95B0FAB /* BMEntityWithoutProtocols.h */,
				5898A6668657BD77086EB963 /* BMTestProtocol.h */,
				5898AF609766255D9E734C8C /* BMFatModel.m */,
				5898ACA5069B5D47DFF23D88 /* BMFatModel.h */,
				5898A8368CE2E3C020F672B3 /* BMFatDynamicModel.h */,
				5898AC19F85BB236C5A894E5 /* BMFatDynamicModel.m */,
				5898AFE76C9AAEDBB60AC0A4 /* BMFatTestProtocol.h */,
				5898A0EE123F78A40C1169BB /* LazySpecs */,
				6B876CF432409A751234F28A /* Partial */,
				46A6BA8118AECBFB00C01CDC /* BMMultiple.h */,
				46A6BA8218AECBFB00C01CDC /* BMMultiple.m */,
			);
			path = TestModels;
			sourceTree = "<group>";
		};
		5898A571049C6ED36081ABE2 /* BMPropertyCollector */ = {
			isa = PBXGroup;
			children = (
				5898AB03D505BEEAA3C6642E /* BMPropertyCollectorSpec.mm */,
			);
			path = BMPropertyCollector;
			sourceTree = "<group>";
		};
		5898A78B1998EAE180A54FDC /* Sources */ = {
			isa = PBXGroup;
			children = (
				5898AE3A888D28CCE6C24ABF /* Modules */,
			);
			path = Sources;
			sourceTree = "<group>";
		};
		5898A8B19DB7370E366DA6B7 /* Injectors */ = {
			isa = PBXGroup;
			children = (
				5898A364FD70B97A294A963A /* BMDynamicPropertyInjector.h */,
				5898A8DAF052929211F88752 /* BMDynamicPropertyInjector.mm */,
				5898A137D9E0D2ADD672538E /* BMKVCInjector.h */,
				5898A4F5295E8136D4D4EB45 /* BMKVCInjector.m */,
			);
			path = Injectors;
			sourceTree = "<group>";
		};
		5898A8B7D54178D78A29A349 /* Specs */ = {
			isa = PBXGroup;
			children = (
				5898A3A2F447B7B7F8BF84C1 /* TestModels */,
				5898A09B25989B8A1FD1BDF7 /* Specs */,
				5898ABE271A19E6FCCCE2BB8 /* Support */,
			);
			path = Specs;
			sourceTree = "<group>";
		};
		5898A94692E7E0977981D24B /* BMProperty */ = {
			isa = PBXGroup;
			children = (
				5898AAA1520BC6CEEB4844F5 /* BMPropertySpec.mm */,
			);
			path = BMProperty;
			sourceTree = "<group>";
		};
		5898A9A1A842D90808CAA8C1 /* Modules */ = {
			isa = PBXGroup;
			children = (
				467F6F3D18F5509D00205D29 /* Preference */,
				46A6BA7E18AECB3500C01CDC /* MultipleProperties */,
				46DD5B8618A270E900DD4830 /* Final */,
				5898A2563C9FEF5632AE6DF0 /* Core */,
				5898A34F4630E953DE73E09D /* Lazy */,
				6B87650A56F2EB55A859384F /* Partial */,
			);
			path = Modules;
			sourceTree = "<group>";
		};
		5898A9DAEFD634A5CF3F3445 /* Lazy */ = {
			isa = PBXGroup;
			children = (
				5898AD94A5549C01FBB6DC12 /* Public */,
				5898A2DD95A47DD6543BD4DE /* Private */,
			);
			path = Lazy;
			sourceTree = "<group>";
		};
		5898AA218C401973E24ADECD /* Public */ = {
			isa = PBXGroup;
			children = (
				5898A2B6AE9F0D991ED04E36 /* BMInitializer.m */,
				5898ADB350603FE30D34CF8A /* BMInitializer.h */,
				5898A7DA60BD450A0CDFA120 /* BMInitializerRegistry.h */,
				5898A34FD5C35BD598B1A11E /* BMInitializerRegistry.m */,
				5898A1D35AEBE8E36E906CCA /* BMInitializer_Private.h */,
			);
			path = Public;
			sourceTree = "<group>";
		};
		5898AA5EAE9498F9FBAF3974 /* Initializers */ = {
			isa = PBXGroup;
			children = (
				5898AA218C401973E24ADECD /* Public */,
			);
			path = Initializers;
			sourceTree = "<group>";
		};
		5898AAB6602394DD99C50ACE /* Supporting Files */ = {
			isa = PBXGroup;
			children = (
				5898A229D3D15A975412F930 /* BloodMagic-Info.plist */,
				5898A82CFD1F53CD71F7941B /* BloodMagic-Prefix.pch */,
				5898A8018761C6808041620C /* main.m */,
				5898A814D657DD9212874C36 /* Default-568h@2x.png */,
				5898A133A66D70A440474897 /* Default@2x.png */,
				5898A5D2A99CE78B9AA7F571 /* Default.png */,
			);
			path = "Supporting Files";
			sourceTree = "<group>";
		};
		5898AAD55AEDF682F4E8A33A /* Finders */ = {
			isa = PBXGroup;
			children = (
				5898A0F6CC0832C2AAC67AE6 /* BMPropertyFinder.h */,
				5898AA03DB938ADD52A695FB /* BMPropertyFinder.mm */,
			);
			path = Finders;
			sourceTree = "<group>";
		};
		5898ABC027D972B47A38D499 /* BMPropertyTypeParser */ = {
			isa = PBXGroup;
			children = (
				5898A4239B9E4000CFB3E695 /* BMPropertyTypeParserSpec.mm */,
			);
			path = BMPropertyTypeParser;
			sourceTree = "<group>";
		};
		5898ABE271A19E6FCCCE2BB8 /* Support */ = {
			isa = PBXGroup;
			children = (
				5898ACB657BA24774521E52F /* SpecHelper.h */,
			);
			path = Support;
			sourceTree = "<group>";
		};
		5898ACDDE74F72748284D1BA /* Collectors */ = {
			isa = PBXGroup;
			children = (
				5898A71B8AF66DF557B67E7F /* BMClassCollector.h */,
				5898A96D679982C27C309333 /* BMClassCollector.mm */,
				5898ADD2F19F769DC98274B7 /* BMPropertyCollector.h */,
				5898A5E97EFA8A48AEA991F6 /* BMPropertyCollector.mm */,
			);
			path = Collectors;
			sourceTree = "<group>";
		};
		5898AD94A5549C01FBB6DC12 /* Public */ = {
			isa = PBXGroup;
			children = (
				5898A83C183F57B2C0937ABD /* BMInitializer+LazyInitializer.h */,
				5898AB1F52BFF48E4C3DE65C /* BMInitializer+LazyInitializer.m */,
				5898AB9F4613E1ECA2E75711 /* BMInitializerRegistry+LazyRegistry.h */,
				5898AC5D06D970807E136F41 /* BMInitializerRegistry+LazyRegistry.m */,
				5898AEF8CAA0DB0BBB750EA0 /* BMLazy.h */,
				467029D4182D94CC003EAFB0 /* BMLazyExclude.h */,
				5898A19E3E1505FD50FF5637 /* cxx */,
				5898AEB1DF36EF33AFE5A21B /* BMLazyDefinitions.h */,
			);
			path = Public;
			sourceTree = "<group>";
		};
		5898ADD960EF3DE3087A8D60 /* ConcreteProperties */ = {
			isa = PBXGroup;
			children = (
				5898A6834D58538F8D843245 /* BMCompsiteProperty.mm */,
				5898A13A7F388FAEFCFB1FA3 /* BMCompsiteProperty.h */,
				5898A7002E604DF850319996 /* BMPrimitiveCharProperty.mm */,
				5898AE53E7AB7DADC55FE83A /* BMPrimitiveCharProperty.h */,
				5898AAD4E07E2D7B42B00A68 /* BMPrimitiveUnsignedCharProperty.mm */,
				5898AE04162FB7A76DD2FA43 /* BMPrimitiveUnsignedCharProperty.h */,
				5898A5076BD6FE710272339A /* BMPrimitiveShortProperty.mm */,
				5898A8D7B73A7128D29ED58B /* BMPrimitiveShortProperty.h */,
				5898A4A554737916846C3AC3 /* BMPrimitiveUnsignedShortProperty.mm */,
				5898A966FB03512A9F26B718 /* BMPrimitiveUnsignedShortProperty.h */,
				5898A465F93827E7DBF72E82 /* BMPrimitiveIntProperty.mm */,
				5898AD6EF217FC8183F0DFB5 /* BMPrimitiveIntProperty.h */,
				5898A30E2BBCADC9BCACC4BF /* BMPrimitiveUnsignedIntProperty.mm */,
				5898A875524120E81360C779 /* BMPrimitiveUnsignedIntProperty.h */,
				5898ACA257539D36AC542B5C /* BMPrimitiveLongProperty.mm */,
				5898ADF87BC8A526E3AC9656 /* BMPrimitiveLongProperty.h */,
				5898AE86E34292B96D05DAA4 /* BMPrimitiveUnsignedLongProperty.mm */,
				5898ACE40181D8DAEBC54212 /* BMPrimitiveUnsignedLongProperty.h */,
				5898A00A6BF6E6793CD7D67F /* BMPrimitiveLongLongProperty.mm */,
				5898A2EF09380095DD200671 /* BMPrimitiveLongLongProperty.h */,
				5898AD76894E8A32BAD57705 /* BMPrimitiveUnsignedLongLongProperty.mm */,
				5898A3D04BB40BA7B8B877B1 /* BMPrimitiveUnsignedLongLongProperty.h */,
				5898AB36EF21FFE02F7E95A3 /* BMPrimitiveFloatProperty.mm */,
				5898A8AE9D2813476024CC65 /* BMPrimitiveFloatProperty.h */,
				5898A44ADC6CBCAB1D7450AF /* BMPrimitiveDoubleProperty.mm */,
				5898A9919F65F14D0894DE4B /* BMPrimitiveDoubleProperty.h */,
			);
			path = ConcreteProperties;
			sourceTree = "<group>";
		};
		5898AE3A888D28CCE6C24ABF /* Modules */ = {
			isa = PBXGroup;
			children = (
				46DD5B8918A3EE1600DD4830 /* Final */,
				5898A1419B732DFFA7E72C0B /* Core */,
				5898AA5EAE9498F9FBAF3974 /* Initializers */,
				5898A9DAEFD634A5CF3F3445 /* Lazy */,
				6B87679410FE8AC0EEEF510B /* Partial */,
				6B876165CE73A7354C45FA60 /* Preference */,
			);
			path = Modules;
			sourceTree = "<group>";
		};
		5898AED98A660C0E042D643B /* Properties */ = {
			isa = PBXGroup;
			children = (
				5898AE28D8A20B0F07093014 /* BMInternalPropertyTemplate.h */,
				5898AFEDFC0917CBBD32A3FF /* BMInternalPropertyTemplate.mm */,
				5898ADD960EF3DE3087A8D60 /* ConcreteProperties */,
				5898A31B2260B06ADEA89C9B /* BMInternalPropertyFactory.h */,
				5898AD28A392EAA3FAE516A6 /* BMInternalPropertyFactory.mm */,
				5898A58C0F3DA7769B0D19E9 /* BMInternalProperty.h */,
				5898AF26F9ED8167F06562E9 /* BMInternalProperty.mm */,
				5898A1FB0B40C6C457870EE7 /* BMProperty_Private.h */,
				5898AF0FA6CF74B0A05389D4 /* BMPropertyKVCHandler.h */,
				5898A28663DDF3F3BA7AFDD9 /* BMPropertyKVCHandler.mm */,
				5898A964B7BE16D059B05D2B /* BMPropertyValueService.mm */,
				5898A8BAFFC537024EE4C585 /* BMPropertyValueService.h */,
			);
			path = Properties;
			sourceTree = "<group>";
		};
		5898AF6E8EBC61B1177CE665 /* Public */ = {
			isa = PBXGroup;
			children = (
				5898A0A6FE808724133FD0EE /* Injectors */,
				5898AD69F9108807AD109048 /* BMPublicCoreDefnitions.h */,
				5898A149D312FC06A9484573 /* BMHook.h */,
				6B8763ED63991E78BABAD301 /* Property */,
			);
			path = Public;
			sourceTree = "<group>";
		};
		5898AF7AD0313CE9ED6E14E4 /* BMBloodMagicInjector */ = {
			isa = PBXGroup;
			children = (
				5898A24538965685603A3E94 /* BMBloodMagicInjectorSpec.mm */,
			);
			path = BMBloodMagicInjector;
			sourceTree = "<group>";
		};
		6B87601326E2F4EF04C1727D /* Public */ = {
			isa = PBXGroup;
			children = (
				6B876111AB860E76E876080F /* BMPartial.h */,
			);
			path = Public;
			sourceTree = "<group>";
		};
		6B876165CE73A7354C45FA60 /* Preference */ = {
			isa = PBXGroup;
			children = (
				6B87683AD58C675D39CF941E /* Private */,
				6B876995DAF1C6D8AD8B0BA7 /* Public */,
			);
			path = Preference;
			sourceTree = "<group>";
		};
		6B8763ED63991E78BABAD301 /* Property */ = {
			isa = PBXGroup;
			children = (
				6B876AFD1AAA3C414487B226 /* BMProperty.mm */,
				6B876020B111F4C8A68A4059 /* BMProperty.h */,
			);
			path = Property;
			sourceTree = "<group>";
		};
		6B87650A56F2EB55A859384F /* Partial */ = {
			isa = PBXGroup;
			children = (
				6B876D9EE344396A8B4EE51F /* BMPartialSpec.mm */,
			);
			path = Partial;
			sourceTree = "<group>";
		};
		6B87679410FE8AC0EEEF510B /* Partial */ = {
			isa = PBXGroup;
			children = (
				6B87601326E2F4EF04C1727D /* Public */,
				6B8768D67F96926888EDAFEE /* Private */,
			);
			path = Partial;
			sourceTree = "<group>";
		};
		6B87683AD58C675D39CF941E /* Private */ = {
			isa = PBXGroup;
			children = (
				6B876765D3EAAC22F947CDC5 /* BMPreferenceModuleLoader.m */,
				6B876B1B9240F9C64CC89BBB /* BMPreferenceModuleLoader.h */,
				6B876C54AD78847F441FC47F /* BMPreferenceHook.m */,
				6B87622831C2EDB044B772E8 /* BMPreferenceHook.h */,
			);
			path = Private;
			sourceTree = "<group>";
		};
		6B8768D67F96926888EDAFEE /* Private */ = {
			isa = PBXGroup;
			children = (
				6B876E7DDAEBFFAC9E3CEF95 /* BMPartialModuleLoader.m */,
				6B876C8236ED1A26770478E5 /* BMPartialModuleLoader.h */,
				6B876180729C3B3443E9C7C4 /* BMPartialHook.mm */,
				6B8762841AEA753743D57E43 /* BMPartialHook.h */,
			);
			path = Private;
			sourceTree = "<group>";
		};
		6B876995DAF1C6D8AD8B0BA7 /* Public */ = {
			isa = PBXGroup;
			children = (
				6B876287C8AC1D5F5A2B5942 /* BMPreference.h */,
			);
			path = Public;
			sourceTree = "<group>";
		};
		6B876CF432409A751234F28A /* Partial */ = {
			isa = PBXGroup;
			children = (
				6B8761081E781EA7D14A4DEB /* BMTestPartialView.m */,
				6B876E01073EDAB9D216804C /* BMTestPartialView.h */,
				6B876085169B80F1F3E90826 /* BMPartialWrapperView.m */,
				6B876EB0A34531ECE6D29C20 /* BMPartialWrapperView.h */,
				6B876F598E75C28B6ECAAC87 /* BMTestPartialView.xib */,
			);
			path = Partial;
			sourceTree = "<group>";
		};
		CADB6AE8178FFE330060E11D = {
			isa = PBXGroup;
			children = (
				CADB6AFA178FFE330060E11D /* BloodMagic */,
				CADB6AF3178FFE330060E11D /* Frameworks */,
				CADB6AF2178FFE330060E11D /* Products */,
				E0923875F301408CA184BE42 /* Pods.xcconfig */,
				5898AC10B28C12F4824ED56E /* Podfile */,
			);
			sourceTree = "<group>";
		};
		CADB6AF2178FFE330060E11D /* Products */ = {
			isa = PBXGroup;
			children = (
				CADB6AF1178FFE330060E11D /* BloodMagic.app */,
			);
			name = Products;
			sourceTree = "<group>";
		};
		CADB6AF3178FFE330060E11D /* Frameworks */ = {
			isa = PBXGroup;
			children = (
				CADB6AF4178FFE330060E11D /* UIKit.framework */,
				CADB6AF6178FFE330060E11D /* Foundation.framework */,
				CADB6AF8178FFE330060E11D /* CoreGraphics.framework */,
				ABE4C2C66C0F4B13850586E3 /* libPods.a */,
			);
			name = Frameworks;
			sourceTree = "<group>";
		};
		CADB6AFA178FFE330060E11D /* BloodMagic */ = {
			isa = PBXGroup;
			children = (
				5898AAB6602394DD99C50ACE /* Supporting Files */,
				5898A8B7D54178D78A29A349 /* Specs */,
				5898A78B1998EAE180A54FDC /* Sources */,
				6B8763A7E32B983A1A8E88D8 /* Final.h */,
				6B876744FFA157EE330D0A2A /* Core.h */,
				6B876688EF1E1722917B305E /* Initializers.h */,
				6B876C366CB4050E12956584 /* Lazy.h */,
				6B8766D74A276049A5B243AB /* Partial.h */,
				6B87617F9B1578554B3F26E5 /* Lazy_cxx.h */,
			);
			path = BloodMagic;
			sourceTree = "<group>";
		};
/* End PBXGroup section */

/* Begin PBXNativeTarget section */
		CADB6AF0178FFE330060E11D /* BloodMagic */ = {
			isa = PBXNativeTarget;
			buildConfigurationList = CADB6B14178FFE340060E11D /* Build configuration list for PBXNativeTarget "BloodMagic" */;
			buildPhases = (
				E09217D1AA3442C48E8849BE /* Check Pods Manifest.lock */,
				CADB6AED178FFE330060E11D /* Sources */,
				CADB6AEE178FFE330060E11D /* Frameworks */,
				CADB6AEF178FFE330060E11D /* Resources */,
				2AD10C04704747ED9D4C7643 /* Copy Pods Resources */,
			);
			buildRules = (
			);
			dependencies = (
			);
			name = BloodMagic;
			productName = BloodMagic;
			productReference = CADB6AF1178FFE330060E11D /* BloodMagic.app */;
			productType = "com.apple.product-type.application";
		};
/* End PBXNativeTarget section */

/* Begin PBXProject section */
		CADB6AE9178FFE330060E11D /* Project object */ = {
			isa = PBXProject;
			attributes = {
				CLASSPREFIX = BM;
				LastUpgradeCheck = 0460;
				ORGANIZATIONNAME = Railsware;
			};
			buildConfigurationList = CADB6AEC178FFE330060E11D /* Build configuration list for PBXProject "BloodMagic" */;
			compatibilityVersion = "Xcode 3.2";
			developmentRegion = English;
			hasScannedForEncodings = 0;
			knownRegions = (
				en,
			);
			mainGroup = CADB6AE8178FFE330060E11D;
			productRefGroup = CADB6AF2178FFE330060E11D /* Products */;
			projectDirPath = "";
			projectRoot = "";
			targets = (
				CADB6AF0178FFE330060E11D /* BloodMagic */,
			);
		};
/* End PBXProject section */

/* Begin PBXResourcesBuildPhase section */
		CADB6AEF178FFE330060E11D /* Resources */ = {
			isa = PBXResourcesBuildPhase;
			buildActionMask = 2147483647;
			files = (
				5898AA70A774F7DF8E909999 /* Default-568h@2x.png in Resources */,
				5898A2C8207D7781F57F24EA /* Default@2x.png in Resources */,
				5898AB9C4CB354AE02C69D96 /* Default.png in Resources */,
				5898A5D0BC3F831DDE32C388 /* Podfile in Resources */,
				6B876FB8AA2B123CD27E3B38 /* BMTestPartialView.xib in Resources */,
			);
			runOnlyForDeploymentPostprocessing = 0;
		};
/* End PBXResourcesBuildPhase section */

/* Begin PBXShellScriptBuildPhase section */
		2AD10C04704747ED9D4C7643 /* Copy Pods Resources */ = {
			isa = PBXShellScriptBuildPhase;
			buildActionMask = 2147483647;
			files = (
			);
			inputPaths = (
			);
			name = "Copy Pods Resources";
			outputPaths = (
			);
			runOnlyForDeploymentPostprocessing = 0;
			shellPath = /bin/sh;
			shellScript = "\"${SRCROOT}/Pods/Pods-resources.sh\"\n";
			showEnvVarsInLog = 0;
		};
		E09217D1AA3442C48E8849BE /* Check Pods Manifest.lock */ = {
			isa = PBXShellScriptBuildPhase;
			buildActionMask = 2147483647;
			files = (
			);
			inputPaths = (
			);
			name = "Check Pods Manifest.lock";
			outputPaths = (
			);
			runOnlyForDeploymentPostprocessing = 0;
			shellPath = /bin/sh;
			shellScript = "diff \"${PODS_ROOT}/../Podfile.lock\" \"${PODS_ROOT}/Manifest.lock\" > /dev/null\nif [[ $? != 0 ]] ; then\n    cat << EOM\nerror: The sandbox is not in sync with the Podfile.lock. Run 'pod install' or update your CocoaPods installation.\nEOM\n    exit 1\nfi\n";
			showEnvVarsInLog = 0;
		};
/* End PBXShellScriptBuildPhase section */

/* Begin PBXSourcesBuildPhase section */
		CADB6AED178FFE330060E11D /* Sources */ = {
			isa = PBXSourcesBuildPhase;
			buildActionMask = 2147483647;
			files = (
				5898A27BCE0B33AD1E8E4C66 /* main.m in Sources */,
				467F6F3F18F5510600205D29 /* BMPreferenceSpec.mm in Sources */,
				46535A1518207993004A9DA4 /* BMClass.mm in Sources */,
				4663AFE618DD797C0073ADA4 /* BMHookedModel.m in Sources */,
				46DD5B8818A2711900DD4830 /* BMFinalSpec.mm in Sources */,
				5898A45B2A4DCE1A9AA65DCB /* BMUser.m in Sources */,
				5898A8741F5E6A53D2ED3899 /* BMEntityWithoutProtocols.m in Sources */,
				46F2A74618DA381E00EAADB0 /* BMInitializerModel.m in Sources */,
				5898A3719A705BD6EC7C3E9D /* BMFatModel.m in Sources */,
				5898AE4A4B22742AC125B9C3 /* BMFatDynamicModel.m in Sources */,
				5898A823498F8761546A0C4A /* BMLazyModel.m in Sources */,
				5898A7BA1B185B8009A29A86 /* BMAnotherLazyModel.m in Sources */,
				5898A61EC3D55D4B81954F8B /* BMClassCollectorSpec.mm in Sources */,
				5898A249297C9E1F30D810D0 /* BMPropertyCollectorSpec.mm in Sources */,
				5898AFFD9D64A3A7C5FE7A2C /* BMPropertySpec.mm in Sources */,
				5898A85C94EC84E38CD0E755 /* BMBloodMagicInjectorSpec.mm in Sources */,
				5898A563F84AC7463D8DDC35 /* BMInitializerSpec.mm in Sources */,
				4665B8FE181DE41600E56A01 /* BMDerivedLazyModel.m in Sources */,
				5898A8FEFD44EB7E5C18D61B /* LazySpec.mm in Sources */,
				5898A651A77CDB32E60D64C5 /* BMInternalPropertyTemplate.mm in Sources */,
				5898ACD9D84887129205F314 /* BMCompsiteProperty.mm in Sources */,
				5898AFDE4DD1390DE717B55F /* BMPrimitiveCharProperty.mm in Sources */,
				5898A773D33DA2B9534F964D /* BMPrimitiveUnsignedCharProperty.mm in Sources */,
				46DD5B9218A3EE9000DD4830 /* BMFinalHook.mm in Sources */,
				46DD5B8518A26ED500DD4830 /* BMFinalModel.m in Sources */,
				5898A66BAF0F869845D90CD4 /* BMPrimitiveShortProperty.mm in Sources */,
				467F6F3C18F5509000205D29 /* BMCustomStorage.m in Sources */,
				5898AAF2DCEC3423B78DD0FE /* BMPrimitiveUnsignedShortProperty.mm in Sources */,
				5898AA834CBABF16303FEB52 /* BMPrimitiveIntProperty.mm in Sources */,
				5898A6C6B784E1E14B5BD973 /* BMPrimitiveUnsignedIntProperty.mm in Sources */,
				5898A906CC8ECD6E99A13CF9 /* BMPrimitiveLongProperty.mm in Sources */,
				46435A91185F8A1F003FE5E7 /* BMProject.m in Sources */,
				5898A8ED9D434EF755D75136 /* BMPrimitiveUnsignedLongProperty.mm in Sources */,
				5898A4E69E7A24DE95E1E8A0 /* BMPrimitiveLongLongProperty.mm in Sources */,
				5898AC739A2AC086C3D8C8E3 /* BMPrimitiveUnsignedLongLongProperty.mm in Sources */,
				5898A55C5D70026099999F20 /* BMPrimitiveFloatProperty.mm in Sources */,
				46F2A74318DA37FA00EAADB0 /* BMInitializerFinderSpec.mm in Sources */,
				5898A017EC315B4F7ACA8ED4 /* BMPrimitiveDoubleProperty.mm in Sources */,
				5898A4179EA38C3AC9700FE6 /* BMInternalPropertyFactory.mm in Sources */,
				5898AAE85D683A61FC4796E1 /* BMInternalProperty.mm in Sources */,
				5898A218C9410D8867560420 /* BMPropertyKVCHandler.mm in Sources */,
				467F6F3918F5508400205D29 /* BMStandardStorage.m in Sources */,
				5898A76EC56F78D669E39538 /* BMClassCollector.mm in Sources */,
				5898A3F32A113286A329FB13 /* BMPropertyCollector.mm in Sources */,
				5898A7D05176A61081F991ED /* BMDynamicPropertyInjector.mm in Sources */,
				5898AA90B595309AE51C3A7E /* BMKVCInjector.m in Sources */,
				5898A8315483748CCEA9E6E8 /* BMBloodMagicInjector.mm in Sources */,
				5898A65B63ACA3AEBDDB271C /* BMInitializer.m in Sources */,
				5898A5B7E6C5E94E2FA6F615 /* BMInitializerRegistry.m in Sources */,
				5898A83570614C55B432D848 /* BMInitializer+LazyInitializer.m in Sources */,
				5898A3FD3F85991506BCC251 /* BMInitializerRegistry+LazyRegistry.m in Sources */,
				46A6BA8018AECBE300C01CDC /* MultiplePropertiesSpec.mm in Sources */,
				5898ABF44B746E7583646C13 /* BMLazyHook.mm in Sources */,
				CA0D845E1803BF8B0068D8F9 /* BMLazyModuleLoader.m in Sources */,
				5898A234C8F98F32DEA0C427 /* BMLazyInitializer.mm in Sources */,
				5898A5B8898AB5C3BB60B7D7 /* BMPropertyFinder.mm in Sources */,
				5898A5D5376DD0CC1122BA2A /* BMPropertyTypeParser.mm in Sources */,
				46435A8E185F60F6003FE5E7 /* BMClassCache.mm in Sources */,
				467029DD182DA49D003EAFB0 /* BMInheritedExcludedModel.m in Sources */,
				5898A440B7DF163D8A5829CB /* BMPropertyTypeParserSpec.mm in Sources */,
				467029D7182D958E003EAFB0 /* BMInheritedModel.m in Sources */,
				4665B901181F167100E56A01 /* BMDerivedExtendedModel.m in Sources */,
				5898AEFE4638A4A76E754D55 /* BMTestProtocolModel.m in Sources */,
				5898AF46023327D4875EE89A /* BMBaseModel.mm in Sources */,
				46A6BA8318AECBFB00C01CDC /* BMMultiple.m in Sources */,
				5898A1CBA9606A1BD3D94399 /* BMDerivedModel.mm in Sources */,
				5898A0CDBC271D861D86A9D4 /* BMPropertyValueService.mm in Sources */,
				5898AE69FBE7838F959AFD3B /* BMLazyInitializerFinder.mm in Sources */,
				6B87690D16274EFAC2003EF1 /* BMProperty.mm in Sources */,
				46DD5B9518A3EFD500DD4830 /* BMFinalModuleLoader.m in Sources */,
				6B876EEDF8582A401DED9E9C /* BMPartialSpec.mm in Sources */,
				4663AFE818DD798A0073ADA4 /* BMLazyHooksSpec.mm in Sources */,
				6B8766E9F0D89354E31E41F0 /* BMTestPartialView.m in Sources */,
				6B8761CDAA8CBF29EBA4B7DE /* BMPartialWrapperView.m in Sources */,
				6B876476984A4DEBF9D875B5 /* BMPartialModuleLoader.m in Sources */,
				6B87673B4FA4120C94BCAA3B /* BMPartialHook.mm in Sources */,
				6B876E7DD795CD09E74BFE16 /* LazyProtocolsSpec.mm in Sources */,
				6B8764CAE53CAE3A13BBD06F /* BMInheritedProtocol.m in Sources */,
				6B87674CBAD58DEEF5A2DD18 /* BMPreferenceModuleLoader.m in Sources */,
				6B8764D5DCF794CEFDC703C9 /* BMPreferenceHook.m in Sources */,
			);
			runOnlyForDeploymentPostprocessing = 0;
		};
/* End PBXSourcesBuildPhase section */

/* Begin XCBuildConfiguration section */
		CADB6B12178FFE340060E11D /* Debug */ = {
			isa = XCBuildConfiguration;
			buildSettings = {
				ALWAYS_SEARCH_USER_PATHS = NO;
				CLANG_CXX_LANGUAGE_STANDARD = "gnu++0x";
				CLANG_CXX_LIBRARY = "libc++";
				CLANG_ENABLE_OBJC_ARC = YES;
				CLANG_WARN_CONSTANT_CONVERSION = YES;
				CLANG_WARN_EMPTY_BODY = YES;
				CLANG_WARN_ENUM_CONVERSION = YES;
				CLANG_WARN_INT_CONVERSION = YES;
				CLANG_WARN__DUPLICATE_METHOD_MATCH = YES;
				"CODE_SIGN_IDENTITY[sdk=iphoneos*]" = "";
				COPY_PHASE_STRIP = NO;
				GCC_C_LANGUAGE_STANDARD = gnu99;
				GCC_DYNAMIC_NO_PIC = NO;
				GCC_OPTIMIZATION_LEVEL = 0;
				GCC_PREPROCESSOR_DEFINITIONS = (
					"DEBUG=1",
					"$(inherited)",
				);
				GCC_SYMBOLS_PRIVATE_EXTERN = NO;
				GCC_WARN_ABOUT_RETURN_TYPE = YES;
				GCC_WARN_UNINITIALIZED_AUTOS = YES;
				GCC_WARN_UNUSED_VARIABLE = YES;
				IPHONEOS_DEPLOYMENT_TARGET = 5.0;
				ONLY_ACTIVE_ARCH = YES;
				SDKROOT = iphoneos;
			};
			name = Debug;
		};
		CADB6B13178FFE340060E11D /* Release */ = {
			isa = XCBuildConfiguration;
			buildSettings = {
				ALWAYS_SEARCH_USER_PATHS = NO;
				CLANG_CXX_LANGUAGE_STANDARD = "gnu++0x";
				CLANG_CXX_LIBRARY = "libc++";
				CLANG_ENABLE_OBJC_ARC = YES;
				CLANG_WARN_CONSTANT_CONVERSION = YES;
				CLANG_WARN_EMPTY_BODY = YES;
				CLANG_WARN_ENUM_CONVERSION = YES;
				CLANG_WARN_INT_CONVERSION = YES;
				CLANG_WARN__DUPLICATE_METHOD_MATCH = YES;
				"CODE_SIGN_IDENTITY[sdk=iphoneos*]" = "";
				COPY_PHASE_STRIP = YES;
				GCC_C_LANGUAGE_STANDARD = gnu99;
				GCC_WARN_ABOUT_RETURN_TYPE = YES;
				GCC_WARN_UNINITIALIZED_AUTOS = YES;
				GCC_WARN_UNUSED_VARIABLE = YES;
				IPHONEOS_DEPLOYMENT_TARGET = 5.0;
				OTHER_CFLAGS = "-DNS_BLOCK_ASSERTIONS=1";
				SDKROOT = iphoneos;
				VALIDATE_PRODUCT = YES;
			};
			name = Release;
		};
		CADB6B15178FFE340060E11D /* Debug */ = {
			isa = XCBuildConfiguration;
			baseConfigurationReference = E0923875F301408CA184BE42 /* Pods.xcconfig */;
			buildSettings = {
				GCC_PRECOMPILE_PREFIX_HEADER = YES;
				GCC_PREFIX_HEADER = "BloodMagic/Supporting Files/BloodMagic-Prefix.pch";
				HEADER_SEARCH_PATHS = (
					"$(SOURCE_ROOT)/**",
					"\"${PODS_ROOT}/Headers\"",
					"\"${PODS_ROOT}/Headers/Cedar\"",
					"\"${PODS_ROOT}/Headers/Cedar/Cedar-iOS\"",
				);
				INFOPLIST_FILE = "$(SRCROOT)/BloodMagic/Supporting Files/BloodMagic-Info.plist";
				OTHER_LDFLAGS = (
					"-ObjC",
					"-lc++",
				);
				PRODUCT_NAME = "$(TARGET_NAME)";
				WRAPPER_EXTENSION = app;
			};
			name = Debug;
		};
		CADB6B16178FFE340060E11D /* Release */ = {
			isa = XCBuildConfiguration;
			baseConfigurationReference = E0923875F301408CA184BE42 /* Pods.xcconfig */;
			buildSettings = {
				GCC_PRECOMPILE_PREFIX_HEADER = YES;
				GCC_PREFIX_HEADER = "BloodMagic/Supporting Files/BloodMagic-Prefix.pch";
				HEADER_SEARCH_PATHS = (
					"$(SOURCE_ROOT)/**",
					"\"${PODS_ROOT}/Headers\"",
					"\"${PODS_ROOT}/Headers/Cedar\"",
					"\"${PODS_ROOT}/Headers/Cedar/Cedar-iOS\"",
				);
				INFOPLIST_FILE = "$(SRCROOT)/BloodMagic/Supporting Files/BloodMagic-Info.plist";
				OTHER_LDFLAGS = (
					"-ObjC",
					"-lc++",
				);
				PRODUCT_NAME = "$(TARGET_NAME)";
				WRAPPER_EXTENSION = app;
			};
			name = Release;
		};
/* End XCBuildConfiguration section */

/* Begin XCConfigurationList section */
		CADB6AEC178FFE330060E11D /* Build configuration list for PBXProject "BloodMagic" */ = {
			isa = XCConfigurationList;
			buildConfigurations = (
				CADB6B12178FFE340060E11D /* Debug */,
				CADB6B13178FFE340060E11D /* Release */,
			);
			defaultConfigurationIsVisible = 0;
			defaultConfigurationName = Release;
		};
		CADB6B14178FFE340060E11D /* Build configuration list for PBXNativeTarget "BloodMagic" */ = {
			isa = XCConfigurationList;
			buildConfigurations = (
				CADB6B15178FFE340060E11D /* Debug */,
				CADB6B16178FFE340060E11D /* Release */,
			);
			defaultConfigurationIsVisible = 0;
			defaultConfigurationName = Release;
		};
/* End XCConfigurationList section */
	};
	rootObject = CADB6AE9178FFE330060E11D /* Project object */;
}
