// !$*UTF8*$!
{
	archiveVersion = 1;
	classes = {
	};
	objectVersion = 46;
	objects = {

/* Begin PBXBuildFile section */
		5898A0BCDE6BE289F65FE50A /* RDPrimitiveDoubleProperty.mm in Sources */ = {isa = PBXBuildFile; fileRef = 5898A492A8E485C0CA798229 /* RDPrimitiveDoubleProperty.mm */; };
		5898A0EBF95EB3BC880A17E5 /* RDPropertyCollectorSpec.mm in Sources */ = {isa = PBXBuildFile; fileRef = 5898AE7A52631570AF1CB669 /* RDPropertyCollectorSpec.mm */; settings = {COMPILER_FLAGS = "-fno-objc-arc"; }; };
		5898A1C2609F3028F6333563 /* RDLazyHook.mm in Sources */ = {isa = PBXBuildFile; fileRef = 5898AFE0BEDD91D94CA5D2A3 /* RDLazyHook.mm */; };
		5898A1F1426967A299536EF4 /* RDClassCollector.m in Sources */ = {isa = PBXBuildFile; fileRef = 5898AF1062218FE8F5B872A3 /* RDClassCollector.m */; };
		5898A227051423C3B1577A18 /* RDProperty.mm in Sources */ = {isa = PBXBuildFile; fileRef = 5898AABA7037B137E9DFF9B3 /* RDProperty.mm */; };
		5898A24842C5DCBCE0284894 /* RDPrimitiveUnsignedLongLongProperty.mm in Sources */ = {isa = PBXBuildFile; fileRef = 5898A191648409863D2D1FEE /* RDPrimitiveUnsignedLongLongProperty.mm */; };
		5898A27BCE0B33AD1E8E4C66 /* main.m in Sources */ = {isa = PBXBuildFile; fileRef = 5898A8018761C6808041620C /* main.m */; };
		5898A2C8207D7781F57F24EA /* Default@2x.png in Resources */ = {isa = PBXBuildFile; fileRef = 5898A133A66D70A440474897 /* Default@2x.png */; };
		5898A3333419DA804CB0BB1C /* RDLazyInitializer.mm in Sources */ = {isa = PBXBuildFile; fileRef = 5898A67A55A4C89E19EC645B /* RDLazyInitializer.mm */; };
		5898A34E9758EC1D1475C5DC /* RDInitializerRegistry.mm in Sources */ = {isa = PBXBuildFile; fileRef = 5898AE6EA641915F31FD4BBB /* RDInitializerRegistry.mm */; };
		5898A3719A705BD6EC7C3E9D /* RDFatModel.m in Sources */ = {isa = PBXBuildFile; fileRef = 5898AF609766255D9E734C8C /* RDFatModel.m */; };
		5898A4434AEC380352D68B34 /* RDPrimitiveUnsignedShortProperty.mm in Sources */ = {isa = PBXBuildFile; fileRef = 5898AC75170670ADE0D146DE /* RDPrimitiveUnsignedShortProperty.mm */; };
		5898A45B2A4DCE1A9AA65DCB /* RDUser.m in Sources */ = {isa = PBXBuildFile; fileRef = 5898ABA54CB1FDD879918252 /* RDUser.m */; };
		5898A48F534E57949C14103D /* RDCompsiteProperty.mm in Sources */ = {isa = PBXBuildFile; fileRef = 5898A55E23865776377A723C /* RDCompsiteProperty.mm */; };
		5898A4CFEB83B4286B9CC6D3 /* RDInitializerRegistry+LazyRegistry.mm in Sources */ = {isa = PBXBuildFile; fileRef = 5898AAB85F5383A2158BDE14 /* RDInitializerRegistry+LazyRegistry.mm */; };
		5898A53C706B98E242D2C9E3 /* RDPropertySpec.mm in Sources */ = {isa = PBXBuildFile; fileRef = 5898A05098123873090DC24E /* RDPropertySpec.mm */; settings = {COMPILER_FLAGS = "-fno-objc-arc"; }; };
		5898A5410E6EA0BEC4F5E9DF /* RDDynamicsInjector.m in Sources */ = {isa = PBXBuildFile; fileRef = 5898AD7938843780BBCDC106 /* RDDynamicsInjector.m */; };
		5898A58566ABAD7478266038 /* RDInitializer.mm in Sources */ = {isa = PBXBuildFile; fileRef = 5898A37077080DE62EE2A9FB /* RDInitializer.mm */; };
		5898A5AC23E62C03AACFCBB7 /* RDPrimitiveLongProperty.mm in Sources */ = {isa = PBXBuildFile; fileRef = 5898A56F8EB06D9DDB2F68D3 /* RDPrimitiveLongProperty.mm */; };
		5898A5F834DB3ABF726E76B1 /* RDInternalPropertyTemplate.mm in Sources */ = {isa = PBXBuildFile; fileRef = 5898ACC00FCEE85EDA615ED7 /* RDInternalPropertyTemplate.mm */; };
		5898A62F46F768AD5B6D6B7C /* RDPrimitiveUnsignedIntProperty.mm in Sources */ = {isa = PBXBuildFile; fileRef = 5898AD61268DF0115447EB76 /* RDPrimitiveUnsignedIntProperty.mm */; };
		5898A6C9A4141AC4B3C71178 /* RDClassCollectorSpec.mm in Sources */ = {isa = PBXBuildFile; fileRef = 5898AFE676B233452322195D /* RDClassCollectorSpec.mm */; settings = {COMPILER_FLAGS = "-fno-objc-arc"; }; };
		5898A6FE217BA052CCDA3BBF /* RDPrimitiveUnsignedCharProperty.mm in Sources */ = {isa = PBXBuildFile; fileRef = 5898A4954BCF97705A5C74F5 /* RDPrimitiveUnsignedCharProperty.mm */; };
		5898A7572CC094498A015D14 /* RDInitializer+LazyInitializer.mm in Sources */ = {isa = PBXBuildFile; fileRef = 5898AA90F17909416A48FD90 /* RDInitializer+LazyInitializer.mm */; };
		5898A7BA1B185B8009A29A86 /* RDAnotherLazyModel.m in Sources */ = {isa = PBXBuildFile; fileRef = 5898AE68393D2FA383B6E0E3 /* RDAnotherLazyModel.m */; };
		5898A8150F85EE2968FDC145 /* RDPrimitiveUnsignedLongProperty.mm in Sources */ = {isa = PBXBuildFile; fileRef = 5898A93EFE0573D113AE19E6 /* RDPrimitiveUnsignedLongProperty.mm */; };
		5898A816C8BEE721E0EEAB98 /* RDInitializerSpec.mm in Sources */ = {isa = PBXBuildFile; fileRef = 5898A52C165E3508C5DCEC1B /* RDInitializerSpec.mm */; settings = {COMPILER_FLAGS = "-fno-objc-arc"; }; };
		5898A823498F8761546A0C4A /* RDLazyModel.m in Sources */ = {isa = PBXBuildFile; fileRef = 5898A4A1810763453463D20B /* RDLazyModel.m */; };
		5898A8741F5E6A53D2ED3899 /* RDEntityWithoutProtocols.m in Sources */ = {isa = PBXBuildFile; fileRef = 5898A2916C0B285BCC6D8D22 /* RDEntityWithoutProtocols.m */; };
		5898AA02F2787BCFCD573A61 /* RDInternalProperty.mm in Sources */ = {isa = PBXBuildFile; fileRef = 5898AB685B8FB27D9137D5A0 /* RDInternalProperty.mm */; };
		5898AA70A774F7DF8E909999 /* Default-568h@2x.png in Resources */ = {isa = PBXBuildFile; fileRef = 5898A814D657DD9212874C36 /* Default-568h@2x.png */; };
		5898AAC59967843A217DAD2C /* RDPropertyKVCHandler.mm in Sources */ = {isa = PBXBuildFile; fileRef = 5898A1F1B193731DE1031C27 /* RDPropertyKVCHandler.mm */; };
		5898AB297B481AA3F37FCDE5 /* RDDynamicsInjectorSpec.mm in Sources */ = {isa = PBXBuildFile; fileRef = 5898AB684AC3DB3B7A4D60D8 /* RDDynamicsInjectorSpec.mm */; settings = {COMPILER_FLAGS = "-fno-objc-arc"; }; };
		5898AB9C4CB354AE02C69D96 /* Default.png in Resources */ = {isa = PBXBuildFile; fileRef = 5898A5D2A99CE78B9AA7F571 /* Default.png */; };
		5898ABF3A93C9749A7D2643E /* RDInternalPropertyFactory.mm in Sources */ = {isa = PBXBuildFile; fileRef = 5898AFC889C2E965B35BF905 /* RDInternalPropertyFactory.mm */; };
		5898ABFD4F6646DEAE3FC17B /* InfoPlist.strings in Resources */ = {isa = PBXBuildFile; fileRef = 5898A3F33ECC6353AABAC9B1 /* InfoPlist.strings */; };
		5898ACD26442300D2D3A4A96 /* RDPrimitiveIntProperty.mm in Sources */ = {isa = PBXBuildFile; fileRef = 5898A92AEB267BE29748769B /* RDPrimitiveIntProperty.mm */; };
		5898ACE995D426FA45BC4D88 /* RDPrimitiveLongLongProperty.mm in Sources */ = {isa = PBXBuildFile; fileRef = 5898AEFBA449998B08493B2F /* RDPrimitiveLongLongProperty.mm */; };
		5898ACFAA47F2944095C5B87 /* RDPropertyFinder.mm in Sources */ = {isa = PBXBuildFile; fileRef = 5898A9BAD0D9549E0853B015 /* RDPropertyFinder.mm */; };
		5898AD41ECD762A614BA6DA3 /* RDPropertyCollector.mm in Sources */ = {isa = PBXBuildFile; fileRef = 5898AD113859B74E1B1D875B /* RDPropertyCollector.mm */; };
		5898ADB29972986CA123E321 /* RDPrimitiveCharProperty.mm in Sources */ = {isa = PBXBuildFile; fileRef = 5898A2CCAF723554E60CC328 /* RDPrimitiveCharProperty.mm */; };
		5898ADD12D519D1B4C3F6118 /* RDPrimitiveFloatProperty.mm in Sources */ = {isa = PBXBuildFile; fileRef = 5898A6078F8E687089B134F4 /* RDPrimitiveFloatProperty.mm */; };
		5898AE0624618629F4BE430A /* RDDynamicPropertyInjector.mm in Sources */ = {isa = PBXBuildFile; fileRef = 5898A7AE1842AE0E6111C659 /* RDDynamicPropertyInjector.mm */; };
		5898AE4A4B22742AC125B9C3 /* RDFatDynamicModel.m in Sources */ = {isa = PBXBuildFile; fileRef = 5898AC19F85BB236C5A894E5 /* RDFatDynamicModel.m */; };
		5898AF5EA273AC305CE31077 /* RDKVCInjector.mm in Sources */ = {isa = PBXBuildFile; fileRef = 5898A56DCAF66BA91EF8266D /* RDKVCInjector.mm */; };
		5898AF900FBFDD25DEBF6C6C /* LazySpec.mm in Sources */ = {isa = PBXBuildFile; fileRef = 5898AD60F708846586D8111D /* LazySpec.mm */; settings = {COMPILER_FLAGS = "-fno-objc-arc"; }; };
		5898AF9D7B53E5A789E40909 /* RDPrimitiveShortProperty.mm in Sources */ = {isa = PBXBuildFile; fileRef = 5898A83A761F2D690D4EDBEE /* RDPrimitiveShortProperty.mm */; };
		BBEC1366FC85407F9C9DE034 /* libPods.a in Frameworks */ = {isa = PBXBuildFile; fileRef = ABE4C2C66C0F4B13850586E3 /* libPods.a */; };
		CADB6AF5178FFE330060E11D /* UIKit.framework in Frameworks */ = {isa = PBXBuildFile; fileRef = CADB6AF4178FFE330060E11D /* UIKit.framework */; };
		CADB6AF7178FFE330060E11D /* Foundation.framework in Frameworks */ = {isa = PBXBuildFile; fileRef = CADB6AF6178FFE330060E11D /* Foundation.framework */; };
		CADB6AF9178FFE330060E11D /* CoreGraphics.framework in Frameworks */ = {isa = PBXBuildFile; fileRef = CADB6AF8178FFE330060E11D /* CoreGraphics.framework */; };
/* End PBXBuildFile section */

/* Begin PBXFileReference section */
		5898A0023F79A5ED44DAE906 /* RDPropertyCollector.h */ = {isa = PBXFileReference; fileEncoding = 4; lastKnownFileType = sourcecode.c.h; path = RDPropertyCollector.h; sourceTree = "<group>"; };
		5898A020C02BE2BC4E36553C /* RDPrimitiveUnsignedShortProperty.h */ = {isa = PBXFileReference; fileEncoding = 4; lastKnownFileType = sourcecode.c.h; path = RDPrimitiveUnsignedShortProperty.h; sourceTree = "<group>"; };
		5898A05098123873090DC24E /* RDPropertySpec.mm */ = {isa = PBXFileReference; fileEncoding = 4; lastKnownFileType = sourcecode.cpp.objcpp; path = RDPropertySpec.mm; sourceTree = "<group>"; };
		5898A07CC1AB6134D74ED563 /* RDCompsiteProperty.h */ = {isa = PBXFileReference; fileEncoding = 4; lastKnownFileType = sourcecode.c.h; path = RDCompsiteProperty.h; sourceTree = "<group>"; };
		5898A133A66D70A440474897 /* Default@2x.png */ = {isa = PBXFileReference; lastKnownFileType = image.png; path = "Default@2x.png"; sourceTree = "<group>"; };
		5898A13ABA2FAFB3C1BA2ECC /* RDUser.h */ = {isa = PBXFileReference; fileEncoding = 4; lastKnownFileType = sourcecode.c.h; path = RDUser.h; sourceTree = "<group>"; };
		5898A191648409863D2D1FEE /* RDPrimitiveUnsignedLongLongProperty.mm */ = {isa = PBXFileReference; fileEncoding = 4; lastKnownFileType = sourcecode.cpp.objcpp; path = RDPrimitiveUnsignedLongLongProperty.mm; sourceTree = "<group>"; };
		5898A192512790A218291D2A /* RDProperty.h */ = {isa = PBXFileReference; fileEncoding = 4; lastKnownFileType = sourcecode.c.h; path = RDProperty.h; sourceTree = "<group>"; };
		5898A1BBE4EF27D94BFF17E6 /* RDInternalPropertyFactory.h */ = {isa = PBXFileReference; fileEncoding = 4; lastKnownFileType = sourcecode.c.h; path = RDInternalPropertyFactory.h; sourceTree = "<group>"; };
		5898A1F1B193731DE1031C27 /* RDPropertyKVCHandler.mm */ = {isa = PBXFileReference; fileEncoding = 4; lastKnownFileType = sourcecode.cpp.objcpp; path = RDPropertyKVCHandler.mm; sourceTree = "<group>"; };
		5898A229D3D15A975412F930 /* Dynamics-Info.plist */ = {isa = PBXFileReference; fileEncoding = 4; lastKnownFileType = text.plist.info; path = "Dynamics-Info.plist"; sourceTree = "<group>"; };
		5898A2397B0F92C7E95B0FAB /* RDEntityWithoutProtocols.h */ = {isa = PBXFileReference; fileEncoding = 4; lastKnownFileType = sourcecode.c.h; path = RDEntityWithoutProtocols.h; sourceTree = "<group>"; };
		5898A2421B1737B042C831D6 /* RDPropertyKVCHandler.h */ = {isa = PBXFileReference; fileEncoding = 4; lastKnownFileType = sourcecode.c.h; path = RDPropertyKVCHandler.h; sourceTree = "<group>"; };
		5898A263BD745E52680AD5E6 /* RDPrimitiveCharProperty.h */ = {isa = PBXFileReference; fileEncoding = 4; lastKnownFileType = sourcecode.c.h; path = RDPrimitiveCharProperty.h; sourceTree = "<group>"; };
		5898A2916C0B285BCC6D8D22 /* RDEntityWithoutProtocols.m */ = {isa = PBXFileReference; fileEncoding = 4; lastKnownFileType = sourcecode.c.objc; path = RDEntityWithoutProtocols.m; sourceTree = "<group>"; };
		5898A2CCAF723554E60CC328 /* RDPrimitiveCharProperty.mm */ = {isa = PBXFileReference; fileEncoding = 4; lastKnownFileType = sourcecode.cpp.objcpp; path = RDPrimitiveCharProperty.mm; sourceTree = "<group>"; };
		5898A2E5D6EB7B20CBF2B10C /* RDProperty_Private.h */ = {isa = PBXFileReference; fileEncoding = 4; lastKnownFileType = sourcecode.c.h; path = RDProperty_Private.h; sourceTree = "<group>"; };
		5898A321DF9ABB57D72B132A /* RDInitializer+LazyInitializer.h */ = {isa = PBXFileReference; fileEncoding = 4; lastKnownFileType = sourcecode.c.h; path = "RDInitializer+LazyInitializer.h"; sourceTree = "<group>"; };
		5898A37077080DE62EE2A9FB /* RDInitializer.mm */ = {isa = PBXFileReference; fileEncoding = 4; lastKnownFileType = sourcecode.cpp.objcpp; path = RDInitializer.mm; sourceTree = "<group>"; };
		5898A492A8E485C0CA798229 /* RDPrimitiveDoubleProperty.mm */ = {isa = PBXFileReference; fileEncoding = 4; lastKnownFileType = sourcecode.cpp.objcpp; path = RDPrimitiveDoubleProperty.mm; sourceTree = "<group>"; };
		5898A4954BCF97705A5C74F5 /* RDPrimitiveUnsignedCharProperty.mm */ = {isa = PBXFileReference; fileEncoding = 4; lastKnownFileType = sourcecode.cpp.objcpp; path = RDPrimitiveUnsignedCharProperty.mm; sourceTree = "<group>"; };
		5898A4A1810763453463D20B /* RDLazyModel.m */ = {isa = PBXFileReference; fileEncoding = 4; lastKnownFileType = sourcecode.c.objc; path = RDLazyModel.m; sourceTree = "<group>"; };
		5898A4B8E04F8A8DAEABBF06 /* RDPrimitiveUnsignedIntProperty.h */ = {isa = PBXFileReference; fileEncoding = 4; lastKnownFileType = sourcecode.c.h; path = RDPrimitiveUnsignedIntProperty.h; sourceTree = "<group>"; };
		5898A52C165E3508C5DCEC1B /* RDInitializerSpec.mm */ = {isa = PBXFileReference; fileEncoding = 4; lastKnownFileType = sourcecode.cpp.objcpp; path = RDInitializerSpec.mm; sourceTree = "<group>"; };
		5898A543863BC96921329060 /* RDPrimitiveLongLongProperty.h */ = {isa = PBXFileReference; fileEncoding = 4; lastKnownFileType = sourcecode.c.h; path = RDPrimitiveLongLongProperty.h; sourceTree = "<group>"; };
		5898A55E23865776377A723C /* RDCompsiteProperty.mm */ = {isa = PBXFileReference; fileEncoding = 4; lastKnownFileType = sourcecode.cpp.objcpp; path = RDCompsiteProperty.mm; sourceTree = "<group>"; };
		5898A56DCAF66BA91EF8266D /* RDKVCInjector.mm */ = {isa = PBXFileReference; fileEncoding = 4; lastKnownFileType = sourcecode.cpp.objcpp; path = RDKVCInjector.mm; sourceTree = "<group>"; };
		5898A56F8EB06D9DDB2F68D3 /* RDPrimitiveLongProperty.mm */ = {isa = PBXFileReference; fileEncoding = 4; lastKnownFileType = sourcecode.cpp.objcpp; path = RDPrimitiveLongProperty.mm; sourceTree = "<group>"; };
		5898A5D2A99CE78B9AA7F571 /* Default.png */ = {isa = PBXFileReference; lastKnownFileType = image.png; path = Default.png; sourceTree = "<group>"; };
		5898A6078F8E687089B134F4 /* RDPrimitiveFloatProperty.mm */ = {isa = PBXFileReference; fileEncoding = 4; lastKnownFileType = sourcecode.cpp.objcpp; path = RDPrimitiveFloatProperty.mm; sourceTree = "<group>"; };
		5898A6668657BD77086EB963 /* RDTestProtocol.h */ = {isa = PBXFileReference; fileEncoding = 4; lastKnownFileType = sourcecode.c.h; path = RDTestProtocol.h; sourceTree = "<group>"; };
		5898A67442F7822F5E241278 /* RDLazyHook.h */ = {isa = PBXFileReference; fileEncoding = 4; lastKnownFileType = sourcecode.c.h; path = RDLazyHook.h; sourceTree = "<group>"; };
		5898A6796CC53DA210631033 /* RDPropertyFinder.h */ = {isa = PBXFileReference; fileEncoding = 4; lastKnownFileType = sourcecode.c.h; path = RDPropertyFinder.h; sourceTree = "<group>"; };
		5898A67A55A4C89E19EC645B /* RDLazyInitializer.mm */ = {isa = PBXFileReference; fileEncoding = 4; lastKnownFileType = sourcecode.cpp.objcpp; path = RDLazyInitializer.mm; sourceTree = "<group>"; };
		5898A6D7BD674B65804D1130 /* RDKVCInjector.h */ = {isa = PBXFileReference; fileEncoding = 4; lastKnownFileType = sourcecode.c.h; path = RDKVCInjector.h; sourceTree = "<group>"; };
		5898A6FF3DEAC4019431E67B /* RDDynamicPropertyInjector.h */ = {isa = PBXFileReference; fileEncoding = 4; lastKnownFileType = sourcecode.c.h; path = RDDynamicPropertyInjector.h; sourceTree = "<group>"; };
		5898A7AE1842AE0E6111C659 /* RDDynamicPropertyInjector.mm */ = {isa = PBXFileReference; fileEncoding = 4; lastKnownFileType = sourcecode.cpp.objcpp; path = RDDynamicPropertyInjector.mm; sourceTree = "<group>"; };
		5898A8018761C6808041620C /* main.m */ = {isa = PBXFileReference; fileEncoding = 4; lastKnownFileType = sourcecode.c.objc; path = main.m; sourceTree = "<group>"; };
		5898A814D657DD9212874C36 /* Default-568h@2x.png */ = {isa = PBXFileReference; lastKnownFileType = image.png; path = "Default-568h@2x.png"; sourceTree = "<group>"; };
		5898A82CFD1F53CD71F7941B /* Dynamics-Prefix.pch */ = {isa = PBXFileReference; fileEncoding = 4; lastKnownFileType = sourcecode.c.h; path = "Dynamics-Prefix.pch"; sourceTree = "<group>"; };
		5898A8368CE2E3C020F672B3 /* RDFatDynamicModel.h */ = {isa = PBXFileReference; fileEncoding = 4; lastKnownFileType = sourcecode.c.h; path = RDFatDynamicModel.h; sourceTree = "<group>"; };
		5898A83A761F2D690D4EDBEE /* RDPrimitiveShortProperty.mm */ = {isa = PBXFileReference; fileEncoding = 4; lastKnownFileType = sourcecode.cpp.objcpp; path = RDPrimitiveShortProperty.mm; sourceTree = "<group>"; };
		5898A869AC914D49E613AA37 /* RDLazy.h */ = {isa = PBXFileReference; fileEncoding = 4; lastKnownFileType = sourcecode.c.h; path = RDLazy.h; sourceTree = "<group>"; };
		5898A880105DD7D8D0851F24 /* RDPrimitiveIntProperty.h */ = {isa = PBXFileReference; fileEncoding = 4; lastKnownFileType = sourcecode.c.h; path = RDPrimitiveIntProperty.h; sourceTree = "<group>"; };
		5898A88756EDCF536E406003 /* RDInitializer.h */ = {isa = PBXFileReference; fileEncoding = 4; lastKnownFileType = sourcecode.c.h; path = RDInitializer.h; sourceTree = "<group>"; };
		5898A8B055CB5986D7B93686 /* RDHook.h */ = {isa = PBXFileReference; fileEncoding = 4; lastKnownFileType = sourcecode.c.h; path = RDHook.h; sourceTree = "<group>"; };
		5898A8F78549687DE7712A71 /* RDDynamicsInjector.h */ = {isa = PBXFileReference; fileEncoding = 4; lastKnownFileType = sourcecode.c.h; path = RDDynamicsInjector.h; sourceTree = "<group>"; };
		5898A92AEB267BE29748769B /* RDPrimitiveIntProperty.mm */ = {isa = PBXFileReference; fileEncoding = 4; lastKnownFileType = sourcecode.cpp.objcpp; path = RDPrimitiveIntProperty.mm; sourceTree = "<group>"; };
		5898A93EFE0573D113AE19E6 /* RDPrimitiveUnsignedLongProperty.mm */ = {isa = PBXFileReference; fileEncoding = 4; lastKnownFileType = sourcecode.cpp.objcpp; path = RDPrimitiveUnsignedLongProperty.mm; sourceTree = "<group>"; };
		5898A9BAD0D9549E0853B015 /* RDPropertyFinder.mm */ = {isa = PBXFileReference; fileEncoding = 4; lastKnownFileType = sourcecode.cpp.objcpp; path = RDPropertyFinder.mm; sourceTree = "<group>"; };
		5898A9F38ADC660890FD6031 /* RDPrimitiveUnsignedLongLongProperty.h */ = {isa = PBXFileReference; fileEncoding = 4; lastKnownFileType = sourcecode.c.h; path = RDPrimitiveUnsignedLongLongProperty.h; sourceTree = "<group>"; };
		5898A9FAAB962C1D268A4798 /* RDPrimitiveDoubleProperty.h */ = {isa = PBXFileReference; fileEncoding = 4; lastKnownFileType = sourcecode.c.h; path = RDPrimitiveDoubleProperty.h; sourceTree = "<group>"; };
		5898AA637DFC1677DFC4475C /* RDLazyModel.h */ = {isa = PBXFileReference; fileEncoding = 4; lastKnownFileType = sourcecode.c.h; path = RDLazyModel.h; sourceTree = "<group>"; };
		5898AA90F17909416A48FD90 /* RDInitializer+LazyInitializer.mm */ = {isa = PBXFileReference; fileEncoding = 4; lastKnownFileType = sourcecode.cpp.objcpp; path = "RDInitializer+LazyInitializer.mm"; sourceTree = "<group>"; };
		5898AA9AD6EDFAF45996777E /* RDClassCollector.h */ = {isa = PBXFileReference; fileEncoding = 4; lastKnownFileType = sourcecode.c.h; path = RDClassCollector.h; sourceTree = "<group>"; };
		5898AAB85F5383A2158BDE14 /* RDInitializerRegistry+LazyRegistry.mm */ = {isa = PBXFileReference; fileEncoding = 4; lastKnownFileType = sourcecode.cpp.objcpp; path = "RDInitializerRegistry+LazyRegistry.mm"; sourceTree = "<group>"; };
		5898AABA7037B137E9DFF9B3 /* RDProperty.mm */ = {isa = PBXFileReference; fileEncoding = 4; lastKnownFileType = sourcecode.cpp.objcpp; path = RDProperty.mm; sourceTree = "<group>"; };
		5898AABDEBA1D4F3E458555A /* RDPrimitiveUnsignedCharProperty.h */ = {isa = PBXFileReference; fileEncoding = 4; lastKnownFileType = sourcecode.c.h; path = RDPrimitiveUnsignedCharProperty.h; sourceTree = "<group>"; };
		5898AB684AC3DB3B7A4D60D8 /* RDDynamicsInjectorSpec.mm */ = {isa = PBXFileReference; fileEncoding = 4; lastKnownFileType = sourcecode.cpp.objcpp; path = RDDynamicsInjectorSpec.mm; sourceTree = "<group>"; };
		5898AB685B8FB27D9137D5A0 /* RDInternalProperty.mm */ = {isa = PBXFileReference; fileEncoding = 4; lastKnownFileType = sourcecode.cpp.objcpp; path = RDInternalProperty.mm; sourceTree = "<group>"; };
		5898ABA54CB1FDD879918252 /* RDUser.m */ = {isa = PBXFileReference; fileEncoding = 4; lastKnownFileType = sourcecode.c.objc; path = RDUser.m; sourceTree = "<group>"; };
		5898AC19F85BB236C5A894E5 /* RDFatDynamicModel.m */ = {isa = PBXFileReference; fileEncoding = 4; lastKnownFileType = sourcecode.c.objc; path = RDFatDynamicModel.m; sourceTree = "<group>"; };
		5898AC68A3FA7A7533DD3FC8 /* RDInternalProperty.h */ = {isa = PBXFileReference; fileEncoding = 4; lastKnownFileType = sourcecode.c.h; path = RDInternalProperty.h; sourceTree = "<group>"; };
		5898AC75170670ADE0D146DE /* RDPrimitiveUnsignedShortProperty.mm */ = {isa = PBXFileReference; fileEncoding = 4; lastKnownFileType = sourcecode.cpp.objcpp; path = RDPrimitiveUnsignedShortProperty.mm; sourceTree = "<group>"; };
		5898AC9391252A65FE3DFDF6 /* RDPrimitiveShortProperty.h */ = {isa = PBXFileReference; fileEncoding = 4; lastKnownFileType = sourcecode.c.h; path = RDPrimitiveShortProperty.h; sourceTree = "<group>"; };
		5898ACA5069B5D47DFF23D88 /* RDFatModel.h */ = {isa = PBXFileReference; fileEncoding = 4; lastKnownFileType = sourcecode.c.h; path = RDFatModel.h; sourceTree = "<group>"; };
		5898ACA7EBA73742C818FA7E /* RDPrimitiveFloatProperty.h */ = {isa = PBXFileReference; fileEncoding = 4; lastKnownFileType = sourcecode.c.h; path = RDPrimitiveFloatProperty.h; sourceTree = "<group>"; };
		5898ACB33534C6A20FB372C7 /* RDAnotherLazyModel.h */ = {isa = PBXFileReference; fileEncoding = 4; lastKnownFileType = sourcecode.c.h; path = RDAnotherLazyModel.h; sourceTree = "<group>"; };
		5898ACB657BA24774521E52F /* SpecHelper.h */ = {isa = PBXFileReference; fileEncoding = 4; lastKnownFileType = sourcecode.c.h; path = SpecHelper.h; sourceTree = "<group>"; };
		5898ACC00FCEE85EDA615ED7 /* RDInternalPropertyTemplate.mm */ = {isa = PBXFileReference; fileEncoding = 4; lastKnownFileType = sourcecode.cpp.objcpp; path = RDInternalPropertyTemplate.mm; sourceTree = "<group>"; };
		5898ACEC60971BB851904002 /* RDPrimitiveUnsignedLongProperty.h */ = {isa = PBXFileReference; fileEncoding = 4; lastKnownFileType = sourcecode.c.h; path = RDPrimitiveUnsignedLongProperty.h; sourceTree = "<group>"; };
		5898AD113859B74E1B1D875B /* RDPropertyCollector.mm */ = {isa = PBXFileReference; fileEncoding = 4; lastKnownFileType = sourcecode.cpp.objcpp; path = RDPropertyCollector.mm; sourceTree = "<group>"; };
		5898AD35E7256BE21A40AB69 /* RDInitializerRegistry+LazyRegistry.h */ = {isa = PBXFileReference; fileEncoding = 4; lastKnownFileType = sourcecode.c.h; path = "RDInitializerRegistry+LazyRegistry.h"; sourceTree = "<group>"; };
		5898AD60F708846586D8111D /* LazySpec.mm */ = {isa = PBXFileReference; fileEncoding = 4; lastKnownFileType = sourcecode.cpp.objcpp; path = LazySpec.mm; sourceTree = "<group>"; };
		5898AD61268DF0115447EB76 /* RDPrimitiveUnsignedIntProperty.mm */ = {isa = PBXFileReference; fileEncoding = 4; lastKnownFileType = sourcecode.cpp.objcpp; path = RDPrimitiveUnsignedIntProperty.mm; sourceTree = "<group>"; };
		5898AD7938843780BBCDC106 /* RDDynamicsInjector.m */ = {isa = PBXFileReference; fileEncoding = 4; lastKnownFileType = sourcecode.c.objc; path = RDDynamicsInjector.m; sourceTree = "<group>"; };
		5898ADE14019B16262002D23 /* RDDefinitions.h */ = {isa = PBXFileReference; fileEncoding = 4; lastKnownFileType = sourcecode.c.h; path = RDDefinitions.h; sourceTree = "<group>"; };
		5898ADFF83A693E5A54D53C4 /* RDInternalPropertyTemplate.h */ = {isa = PBXFileReference; fileEncoding = 4; lastKnownFileType = sourcecode.c.h; path = RDInternalPropertyTemplate.h; sourceTree = "<group>"; };
		5898AE4943FFA8AEB08CDE33 /* RDPrimitiveLongProperty.h */ = {isa = PBXFileReference; fileEncoding = 4; lastKnownFileType = sourcecode.c.h; path = RDPrimitiveLongProperty.h; sourceTree = "<group>"; };
		5898AE605A7D3CABD3B50A78 /* en */ = {isa = PBXFileReference; fileEncoding = 4; lastKnownFileType = text.plist.strings; name = en; path = Dynamics/en.lproj/InfoPlist.strings; sourceTree = SOURCE_ROOT; };
		5898AE68393D2FA383B6E0E3 /* RDAnotherLazyModel.m */ = {isa = PBXFileReference; fileEncoding = 4; lastKnownFileType = sourcecode.c.objc; path = RDAnotherLazyModel.m; sourceTree = "<group>"; };
		5898AE6EA641915F31FD4BBB /* RDInitializerRegistry.mm */ = {isa = PBXFileReference; fileEncoding = 4; lastKnownFileType = sourcecode.cpp.objcpp; path = RDInitializerRegistry.mm; sourceTree = "<group>"; };
		5898AE7A52631570AF1CB669 /* RDPropertyCollectorSpec.mm */ = {isa = PBXFileReference; fileEncoding = 4; lastKnownFileType = sourcecode.cpp.objcpp; path = RDPropertyCollectorSpec.mm; sourceTree = "<group>"; };
		5898AEC01F18125240CFEA4F /* RDInitializerRegistry.h */ = {isa = PBXFileReference; fileEncoding = 4; lastKnownFileType = sourcecode.c.h; path = RDInitializerRegistry.h; sourceTree = "<group>"; };
		5898AEFBA449998B08493B2F /* RDPrimitiveLongLongProperty.mm */ = {isa = PBXFileReference; fileEncoding = 4; lastKnownFileType = sourcecode.cpp.objcpp; path = RDPrimitiveLongLongProperty.mm; sourceTree = "<group>"; };
		5898AF1062218FE8F5B872A3 /* RDClassCollector.m */ = {isa = PBXFileReference; fileEncoding = 4; lastKnownFileType = sourcecode.c.objc; path = RDClassCollector.m; sourceTree = "<group>"; };
		5898AF609766255D9E734C8C /* RDFatModel.m */ = {isa = PBXFileReference; fileEncoding = 4; lastKnownFileType = sourcecode.c.objc; path = RDFatModel.m; sourceTree = "<group>"; };
		5898AFC889C2E965B35BF905 /* RDInternalPropertyFactory.mm */ = {isa = PBXFileReference; fileEncoding = 4; lastKnownFileType = sourcecode.cpp.objcpp; path = RDInternalPropertyFactory.mm; sourceTree = "<group>"; };
		5898AFE0BEDD91D94CA5D2A3 /* RDLazyHook.mm */ = {isa = PBXFileReference; fileEncoding = 4; lastKnownFileType = sourcecode.cpp.objcpp; path = RDLazyHook.mm; sourceTree = "<group>"; };
		5898AFE676B233452322195D /* RDClassCollectorSpec.mm */ = {isa = PBXFileReference; fileEncoding = 4; lastKnownFileType = sourcecode.cpp.objcpp; path = RDClassCollectorSpec.mm; sourceTree = "<group>"; };
		5898AFE76C9AAEDBB60AC0A4 /* RDFatTestProtocol.h */ = {isa = PBXFileReference; fileEncoding = 4; lastKnownFileType = sourcecode.c.h; path = RDFatTestProtocol.h; sourceTree = "<group>"; };
		ABE4C2C66C0F4B13850586E3 /* libPods.a */ = {isa = PBXFileReference; explicitFileType = archive.ar; includeInIndex = 0; path = libPods.a; sourceTree = BUILT_PRODUCTS_DIR; };
		CADB6AF1178FFE330060E11D /* Dynamics.app */ = {isa = PBXFileReference; explicitFileType = wrapper.application; includeInIndex = 0; path = Dynamics.app; sourceTree = BUILT_PRODUCTS_DIR; };
		CADB6AF4178FFE330060E11D /* UIKit.framework */ = {isa = PBXFileReference; lastKnownFileType = wrapper.framework; name = UIKit.framework; path = System/Library/Frameworks/UIKit.framework; sourceTree = SDKROOT; };
		CADB6AF6178FFE330060E11D /* Foundation.framework */ = {isa = PBXFileReference; lastKnownFileType = wrapper.framework; name = Foundation.framework; path = System/Library/Frameworks/Foundation.framework; sourceTree = SDKROOT; };
		CADB6AF8178FFE330060E11D /* CoreGraphics.framework */ = {isa = PBXFileReference; lastKnownFileType = wrapper.framework; name = CoreGraphics.framework; path = System/Library/Frameworks/CoreGraphics.framework; sourceTree = SDKROOT; };
		E0923875F301408CA184BE42 /* Pods.xcconfig */ = {isa = PBXFileReference; includeInIndex = 1; lastKnownFileType = text.xcconfig; name = Pods.xcconfig; path = Pods/Pods.xcconfig; sourceTree = SOURCE_ROOT; };
/* End PBXFileReference section */

/* Begin PBXFrameworksBuildPhase section */
		CADB6AEE178FFE330060E11D /* Frameworks */ = {
			isa = PBXFrameworksBuildPhase;
			buildActionMask = 2147483647;
			files = (
				CADB6AF5178FFE330060E11D /* UIKit.framework in Frameworks */,
				CADB6AF7178FFE330060E11D /* Foundation.framework in Frameworks */,
				CADB6AF9178FFE330060E11D /* CoreGraphics.framework in Frameworks */,
				BBEC1366FC85407F9C9DE034 /* libPods.a in Frameworks */,
			);
			runOnlyForDeploymentPostprocessing = 0;
		};
/* End PBXFrameworksBuildPhase section */

/* Begin PBXGroup section */
		5898A09B25989B8A1FD1BDF7 /* Specs */ = {
			isa = PBXGroup;
			children = (
				5898AB49D80E7DF338520705 /* RDClassCollector */,
				5898A0CD58030DB167972BF7 /* RDPropertyCollector */,
				5898A2BCA04C55B96C10C7D8 /* RDProperty */,
				5898AE10F7318E69C3A36980 /* RDDynamicsInjector */,
				5898A0FBE5EE0D919D7F6B89 /* Dynamics */,
			);
			path = Specs;
			sourceTree = "<group>";
		};
		5898A0B05186CB28E262CEE0 /* Core */ = {
			isa = PBXGroup;
			children = (
				5898ACD05D9338344A0328E0 /* Protocols */,
				5898A251284CF866684D5C60 /* Classes */,
			);
			path = Core;
			sourceTree = "<group>";
		};
		5898A0CD58030DB167972BF7 /* RDPropertyCollector */ = {
			isa = PBXGroup;
			children = (
				5898A133786FA4B8ECC07CBF /* Instance */,
			);
			path = RDPropertyCollector;
			sourceTree = "<group>";
		};
		5898A0EE123F78A40C1169BB /* LazySpecs */ = {
			isa = PBXGroup;
			children = (
				5898AA637DFC1677DFC4475C /* RDLazyModel.h */,
				5898A4A1810763453463D20B /* RDLazyModel.m */,
				5898AE68393D2FA383B6E0E3 /* RDAnotherLazyModel.m */,
				5898ACB33534C6A20FB372C7 /* RDAnotherLazyModel.h */,
			);
			path = LazySpecs;
			sourceTree = "<group>";
		};
		5898A0FBE5EE0D919D7F6B89 /* Dynamics */ = {
			isa = PBXGroup;
			children = (
				5898A9F176875CE79E0EDEE1 /* Lazy */,
			);
			path = Dynamics;
			sourceTree = "<group>";
		};
		5898A133786FA4B8ECC07CBF /* Instance */ = {
			isa = PBXGroup;
			children = (
				5898AE7A52631570AF1CB669 /* RDPropertyCollectorSpec.mm */,
			);
			path = Instance;
			sourceTree = "<group>";
		};
		5898A251284CF866684D5C60 /* Classes */ = {
			isa = PBXGroup;
			children = (
				5898A5D6BB74BD0364C50289 /* Properties */,
				5898ADE14019B16262002D23 /* RDDefinitions.h */,
				5898AC282F254BA93203075E /* Collectors */,
				5898A5DCF0045ABB3D2DF022 /* Hooks */,
				5898A9D3DEBC9FE878ACC7EF /* Dynamics */,
				5898A6B94919F29346046CE1 /* Injectors */,
				5898AF0CF709BC3DACEEE34D /* Initializers */,
			);
			path = Classes;
			sourceTree = "<group>";
		};
		5898A2BCA04C55B96C10C7D8 /* RDProperty */ = {
			isa = PBXGroup;
			children = (
				5898AF150728BB2190D90A66 /* Instance */,
			);
			path = RDProperty;
			sourceTree = "<group>";
		};
		5898A3A2F447B7B7F8BF84C1 /* TestModels */ = {
			isa = PBXGroup;
			children = (
				5898ABA54CB1FDD879918252 /* RDUser.m */,
				5898A13ABA2FAFB3C1BA2ECC /* RDUser.h */,
				5898A2916C0B285BCC6D8D22 /* RDEntityWithoutProtocols.m */,
				5898A2397B0F92C7E95B0FAB /* RDEntityWithoutProtocols.h */,
				5898A6668657BD77086EB963 /* RDTestProtocol.h */,
				5898AF609766255D9E734C8C /* RDFatModel.m */,
				5898ACA5069B5D47DFF23D88 /* RDFatModel.h */,
				5898A8368CE2E3C020F672B3 /* RDFatDynamicModel.h */,
				5898AC19F85BB236C5A894E5 /* RDFatDynamicModel.m */,
				5898AFE76C9AAEDBB60AC0A4 /* RDFatTestProtocol.h */,
				5898A0EE123F78A40C1169BB /* LazySpecs */,
			);
			path = TestModels;
			sourceTree = "<group>";
		};
		5898A549258E6F2698144011 /* Instance */ = {
			isa = PBXGroup;
			children = (
				5898AFE676B233452322195D /* RDClassCollectorSpec.mm */,
			);
			path = Instance;
			sourceTree = "<group>";
		};
		5898A5D6BB74BD0364C50289 /* Properties */ = {
			isa = PBXGroup;
			children = (
				5898ACC00FCEE85EDA615ED7 /* RDInternalPropertyTemplate.mm */,
				5898ADFF83A693E5A54D53C4 /* RDInternalPropertyTemplate.h */,
				5898A7A614ED3B115AF64D77 /* ConcreteProperties */,
				5898AABA7037B137E9DFF9B3 /* RDProperty.mm */,
				5898AFC889C2E965B35BF905 /* RDInternalPropertyFactory.mm */,
				5898A1BBE4EF27D94BFF17E6 /* RDInternalPropertyFactory.h */,
				5898AC68A3FA7A7533DD3FC8 /* RDInternalProperty.h */,
				5898A2E5D6EB7B20CBF2B10C /* RDProperty_Private.h */,
				5898A192512790A218291D2A /* RDProperty.h */,
				5898AB685B8FB27D9137D5A0 /* RDInternalProperty.mm */,
				5898A9BAD0D9549E0853B015 /* RDPropertyFinder.mm */,
				5898A6796CC53DA210631033 /* RDPropertyFinder.h */,
				5898A2421B1737B042C831D6 /* RDPropertyKVCHandler.h */,
				5898A1F1B193731DE1031C27 /* RDPropertyKVCHandler.mm */,
			);
			path = Properties;
			sourceTree = "<group>";
		};
		5898A5DCF0045ABB3D2DF022 /* Hooks */ = {
			isa = PBXGroup;
			children = (
			);
			path = Hooks;
			sourceTree = "<group>";
		};
		5898A6B94919F29346046CE1 /* Injectors */ = {
			isa = PBXGroup;
			children = (
				5898A8F78549687DE7712A71 /* RDDynamicsInjector.h */,
				5898AD7938843780BBCDC106 /* RDDynamicsInjector.m */,
				5898A6D7BD674B65804D1130 /* RDKVCInjector.h */,
				5898A56DCAF66BA91EF8266D /* RDKVCInjector.mm */,
				5898A6FF3DEAC4019431E67B /* RDDynamicPropertyInjector.h */,
				5898A7AE1842AE0E6111C659 /* RDDynamicPropertyInjector.mm */,
			);
			path = Injectors;
			sourceTree = "<group>";
		};
		5898A7A614ED3B115AF64D77 /* ConcreteProperties */ = {
			isa = PBXGroup;
			children = (
				5898A55E23865776377A723C /* RDCompsiteProperty.mm */,
				5898A07CC1AB6134D74ED563 /* RDCompsiteProperty.h */,
				5898A2CCAF723554E60CC328 /* RDPrimitiveCharProperty.mm */,
				5898A263BD745E52680AD5E6 /* RDPrimitiveCharProperty.h */,
				5898A4954BCF97705A5C74F5 /* RDPrimitiveUnsignedCharProperty.mm */,
				5898AABDEBA1D4F3E458555A /* RDPrimitiveUnsignedCharProperty.h */,
				5898A83A761F2D690D4EDBEE /* RDPrimitiveShortProperty.mm */,
				5898AC9391252A65FE3DFDF6 /* RDPrimitiveShortProperty.h */,
				5898AC75170670ADE0D146DE /* RDPrimitiveUnsignedShortProperty.mm */,
				5898A020C02BE2BC4E36553C /* RDPrimitiveUnsignedShortProperty.h */,
				5898A92AEB267BE29748769B /* RDPrimitiveIntProperty.mm */,
				5898A880105DD7D8D0851F24 /* RDPrimitiveIntProperty.h */,
				5898AD61268DF0115447EB76 /* RDPrimitiveUnsignedIntProperty.mm */,
				5898A4B8E04F8A8DAEABBF06 /* RDPrimitiveUnsignedIntProperty.h */,
				5898A56F8EB06D9DDB2F68D3 /* RDPrimitiveLongProperty.mm */,
				5898AE4943FFA8AEB08CDE33 /* RDPrimitiveLongProperty.h */,
				5898A93EFE0573D113AE19E6 /* RDPrimitiveUnsignedLongProperty.mm */,
				5898ACEC60971BB851904002 /* RDPrimitiveUnsignedLongProperty.h */,
				5898AEFBA449998B08493B2F /* RDPrimitiveLongLongProperty.mm */,
				5898A543863BC96921329060 /* RDPrimitiveLongLongProperty.h */,
				5898A191648409863D2D1FEE /* RDPrimitiveUnsignedLongLongProperty.mm */,
				5898A9F38ADC660890FD6031 /* RDPrimitiveUnsignedLongLongProperty.h */,
				5898A6078F8E687089B134F4 /* RDPrimitiveFloatProperty.mm */,
				5898ACA7EBA73742C818FA7E /* RDPrimitiveFloatProperty.h */,
				5898A492A8E485C0CA798229 /* RDPrimitiveDoubleProperty.mm */,
				5898A9FAAB962C1D268A4798 /* RDPrimitiveDoubleProperty.h */,
			);
			path = ConcreteProperties;
			sourceTree = "<group>";
		};
		5898A89646C53B70FFA42F00 /* Lazy */ = {
			isa = PBXGroup;
			children = (
				5898AFE0BEDD91D94CA5D2A3 /* RDLazyHook.mm */,
				5898A67442F7822F5E241278 /* RDLazyHook.h */,
				5898A869AC914D49E613AA37 /* RDLazy.h */,
				5898A67A55A4C89E19EC645B /* RDLazyInitializer.mm */,
				5898AAB85F5383A2158BDE14 /* RDInitializerRegistry+LazyRegistry.mm */,
				5898AD35E7256BE21A40AB69 /* RDInitializerRegistry+LazyRegistry.h */,
				5898AA90F17909416A48FD90 /* RDInitializer+LazyInitializer.mm */,
				5898A321DF9ABB57D72B132A /* RDInitializer+LazyInitializer.h */,
			);
			path = Lazy;
			sourceTree = "<group>";
		};
		5898A8B7D54178D78A29A349 /* Specs */ = {
			isa = PBXGroup;
			children = (
				5898A3A2F447B7B7F8BF84C1 /* TestModels */,
				5898A09B25989B8A1FD1BDF7 /* Specs */,
				5898ABE271A19E6FCCCE2BB8 /* Support */,
			);
			path = Specs;
			sourceTree = "<group>";
		};
		5898A9D3DEBC9FE878ACC7EF /* Dynamics */ = {
			isa = PBXGroup;
			children = (
				5898A89646C53B70FFA42F00 /* Lazy */,
			);
			path = Dynamics;
			sourceTree = "<group>";
		};
		5898A9F176875CE79E0EDEE1 /* Lazy */ = {
			isa = PBXGroup;
			children = (
				5898AD60F708846586D8111D /* LazySpec.mm */,
				5898A52C165E3508C5DCEC1B /* RDInitializerSpec.mm */,
			);
			path = Lazy;
			sourceTree = "<group>";
		};
		5898AAB6602394DD99C50ACE /* Supporting Files */ = {
			isa = PBXGroup;
			children = (
				5898A3F33ECC6353AABAC9B1 /* InfoPlist.strings */,
				5898A229D3D15A975412F930 /* Dynamics-Info.plist */,
				5898A82CFD1F53CD71F7941B /* Dynamics-Prefix.pch */,
				5898A8018761C6808041620C /* main.m */,
				5898A814D657DD9212874C36 /* Default-568h@2x.png */,
				5898A133A66D70A440474897 /* Default@2x.png */,
				5898A5D2A99CE78B9AA7F571 /* Default.png */,
			);
			path = "Supporting Files";
			sourceTree = "<group>";
		};
		5898AB49D80E7DF338520705 /* RDClassCollector */ = {
			isa = PBXGroup;
			children = (
				5898A549258E6F2698144011 /* Instance */,
			);
			path = RDClassCollector;
			sourceTree = "<group>";
		};
		5898ABE271A19E6FCCCE2BB8 /* Support */ = {
			isa = PBXGroup;
			children = (
				5898ACB657BA24774521E52F /* SpecHelper.h */,
			);
			path = Support;
			sourceTree = "<group>";
		};
		5898AC282F254BA93203075E /* Collectors */ = {
			isa = PBXGroup;
			children = (
				5898AF1062218FE8F5B872A3 /* RDClassCollector.m */,
				5898AA9AD6EDFAF45996777E /* RDClassCollector.h */,
				5898A0023F79A5ED44DAE906 /* RDPropertyCollector.h */,
				5898AD113859B74E1B1D875B /* RDPropertyCollector.mm */,
			);
			path = Collectors;
			sourceTree = "<group>";
		};
		5898ACD05D9338344A0328E0 /* Protocols */ = {
			isa = PBXGroup;
			children = (
				5898A8B055CB5986D7B93686 /* RDHook.h */,
			);
			path = Protocols;
			sourceTree = "<group>";
		};
		5898AD9B5E6214BE2C1AFFDF /* Instance */ = {
			isa = PBXGroup;
			children = (
				5898AB684AC3DB3B7A4D60D8 /* RDDynamicsInjectorSpec.mm */,
			);
			path = Instance;
			sourceTree = "<group>";
		};
		5898AE10F7318E69C3A36980 /* RDDynamicsInjector */ = {
			isa = PBXGroup;
			children = (
				5898AD9B5E6214BE2C1AFFDF /* Instance */,
			);
			path = RDDynamicsInjector;
			sourceTree = "<group>";
		};
		5898AF0CF709BC3DACEEE34D /* Initializers */ = {
			isa = PBXGroup;
			children = (
				5898AE6EA641915F31FD4BBB /* RDInitializerRegistry.mm */,
				5898AEC01F18125240CFEA4F /* RDInitializerRegistry.h */,
				5898A37077080DE62EE2A9FB /* RDInitializer.mm */,
				5898A88756EDCF536E406003 /* RDInitializer.h */,
			);
			path = Initializers;
			sourceTree = "<group>";
		};
		5898AF150728BB2190D90A66 /* Instance */ = {
			isa = PBXGroup;
			children = (
				5898A05098123873090DC24E /* RDPropertySpec.mm */,
			);
			path = Instance;
			sourceTree = "<group>";
		};
		CADB6AE8178FFE330060E11D = {
			isa = PBXGroup;
			children = (
				CADB6AFA178FFE330060E11D /* Dynamics */,
				CADB6AF3178FFE330060E11D /* Frameworks */,
				CADB6AF2178FFE330060E11D /* Products */,
				E0923875F301408CA184BE42 /* Pods.xcconfig */,
			);
			sourceTree = "<group>";
		};
		CADB6AF2178FFE330060E11D /* Products */ = {
			isa = PBXGroup;
			children = (
				CADB6AF1178FFE330060E11D /* Dynamics.app */,
			);
			name = Products;
			sourceTree = "<group>";
		};
		CADB6AF3178FFE330060E11D /* Frameworks */ = {
			isa = PBXGroup;
			children = (
				CADB6AF4178FFE330060E11D /* UIKit.framework */,
				CADB6AF6178FFE330060E11D /* Foundation.framework */,
				CADB6AF8178FFE330060E11D /* CoreGraphics.framework */,
				ABE4C2C66C0F4B13850586E3 /* libPods.a */,
			);
			name = Frameworks;
			sourceTree = "<group>";
		};
		CADB6AFA178FFE330060E11D /* Dynamics */ = {
			isa = PBXGroup;
			children = (
				5898AAB6602394DD99C50ACE /* Supporting Files */,
				5898A0B05186CB28E262CEE0 /* Core */,
				5898A8B7D54178D78A29A349 /* Specs */,
			);
			path = Dynamics;
			sourceTree = "<group>";
		};
/* End PBXGroup section */

/* Begin PBXNativeTarget section */
		CADB6AF0178FFE330060E11D /* Dynamics */ = {
			isa = PBXNativeTarget;
			buildConfigurationList = CADB6B14178FFE340060E11D /* Build configuration list for PBXNativeTarget "Dynamics" */;
			buildPhases = (
				E09217D1AA3442C48E8849BE /* Check Pods Manifest.lock */,
				CADB6AED178FFE330060E11D /* Sources */,
				CADB6AEE178FFE330060E11D /* Frameworks */,
				CADB6AEF178FFE330060E11D /* Resources */,
				2AD10C04704747ED9D4C7643 /* Copy Pods Resources */,
			);
			buildRules = (
			);
			dependencies = (
			);
			name = Dynamics;
			productName = Dynamics;
			productReference = CADB6AF1178FFE330060E11D /* Dynamics.app */;
			productType = "com.apple.product-type.application";
		};
/* End PBXNativeTarget section */

/* Begin PBXProject section */
		CADB6AE9178FFE330060E11D /* Project object */ = {
			isa = PBXProject;
			attributes = {
				CLASSPREFIX = RD;
				LastUpgradeCheck = 0460;
				ORGANIZATIONNAME = railsware;
			};
			buildConfigurationList = CADB6AEC178FFE330060E11D /* Build configuration list for PBXProject "Dynamics" */;
			compatibilityVersion = "Xcode 3.2";
			developmentRegion = English;
			hasScannedForEncodings = 0;
			knownRegions = (
				en,
			);
			mainGroup = CADB6AE8178FFE330060E11D;
			productRefGroup = CADB6AF2178FFE330060E11D /* Products */;
			projectDirPath = "";
			projectRoot = "";
			targets = (
				CADB6AF0178FFE330060E11D /* Dynamics */,
			);
		};
/* End PBXProject section */

/* Begin PBXResourcesBuildPhase section */
		CADB6AEF178FFE330060E11D /* Resources */ = {
			isa = PBXResourcesBuildPhase;
			buildActionMask = 2147483647;
			files = (
				5898ABFD4F6646DEAE3FC17B /* InfoPlist.strings in Resources */,
				5898AA70A774F7DF8E909999 /* Default-568h@2x.png in Resources */,
				5898A2C8207D7781F57F24EA /* Default@2x.png in Resources */,
				5898AB9C4CB354AE02C69D96 /* Default.png in Resources */,
			);
			runOnlyForDeploymentPostprocessing = 0;
		};
/* End PBXResourcesBuildPhase section */

/* Begin PBXShellScriptBuildPhase section */
		2AD10C04704747ED9D4C7643 /* Copy Pods Resources */ = {
			isa = PBXShellScriptBuildPhase;
			buildActionMask = 2147483647;
			files = (
			);
			inputPaths = (
			);
			name = "Copy Pods Resources";
			outputPaths = (
			);
			runOnlyForDeploymentPostprocessing = 0;
			shellPath = /bin/sh;
			shellScript = "\"${SRCROOT}/Pods/Pods-resources.sh\"\n";
			showEnvVarsInLog = 0;
		};
		E09217D1AA3442C48E8849BE /* Check Pods Manifest.lock */ = {
			isa = PBXShellScriptBuildPhase;
			buildActionMask = 2147483647;
			files = (
			);
			inputPaths = (
			);
			name = "Check Pods Manifest.lock";
			outputPaths = (
			);
			runOnlyForDeploymentPostprocessing = 0;
			shellPath = /bin/sh;
			shellScript = "diff \"${PODS_ROOT}/../Podfile.lock\" \"${PODS_ROOT}/Manifest.lock\" > /dev/null\nif [[ $? != 0 ]] ; then\n    cat << EOM\nerror: The sandbox is not in sync with the Podfile.lock. Run 'pod install' or update your CocoaPods installation.\nEOM\n    exit 1\nfi\n";
			showEnvVarsInLog = 0;
		};
/* End PBXShellScriptBuildPhase section */

/* Begin PBXSourcesBuildPhase section */
		CADB6AED178FFE330060E11D /* Sources */ = {
			isa = PBXSourcesBuildPhase;
			buildActionMask = 2147483647;
			files = (
				5898A27BCE0B33AD1E8E4C66 /* main.m in Sources */,
				5898A45B2A4DCE1A9AA65DCB /* RDUser.m in Sources */,
				5898A8741F5E6A53D2ED3899 /* RDEntityWithoutProtocols.m in Sources */,
				5898A6C9A4141AC4B3C71178 /* RDClassCollectorSpec.mm in Sources */,
				5898A0EBF95EB3BC880A17E5 /* RDPropertyCollectorSpec.mm in Sources */,
				5898A53C706B98E242D2C9E3 /* RDPropertySpec.mm in Sources */,
				5898A3719A705BD6EC7C3E9D /* RDFatModel.m in Sources */,
				5898AB297B481AA3F37FCDE5 /* RDDynamicsInjectorSpec.mm in Sources */,
				5898AE4A4B22742AC125B9C3 /* RDFatDynamicModel.m in Sources */,
				5898A5F834DB3ABF726E76B1 /* RDInternalPropertyTemplate.mm in Sources */,
				5898A48F534E57949C14103D /* RDCompsiteProperty.mm in Sources */,
				5898ADB29972986CA123E321 /* RDPrimitiveCharProperty.mm in Sources */,
				5898A6FE217BA052CCDA3BBF /* RDPrimitiveUnsignedCharProperty.mm in Sources */,
				5898AF9D7B53E5A789E40909 /* RDPrimitiveShortProperty.mm in Sources */,
				5898A4434AEC380352D68B34 /* RDPrimitiveUnsignedShortProperty.mm in Sources */,
				5898ACD26442300D2D3A4A96 /* RDPrimitiveIntProperty.mm in Sources */,
				5898A62F46F768AD5B6D6B7C /* RDPrimitiveUnsignedIntProperty.mm in Sources */,
				5898A5AC23E62C03AACFCBB7 /* RDPrimitiveLongProperty.mm in Sources */,
				5898A8150F85EE2968FDC145 /* RDPrimitiveUnsignedLongProperty.mm in Sources */,
				5898ACE995D426FA45BC4D88 /* RDPrimitiveLongLongProperty.mm in Sources */,
				5898A24842C5DCBCE0284894 /* RDPrimitiveUnsignedLongLongProperty.mm in Sources */,
				5898ADD12D519D1B4C3F6118 /* RDPrimitiveFloatProperty.mm in Sources */,
				5898A0BCDE6BE289F65FE50A /* RDPrimitiveDoubleProperty.mm in Sources */,
				5898A227051423C3B1577A18 /* RDProperty.mm in Sources */,
				5898ABF3A93C9749A7D2643E /* RDInternalPropertyFactory.mm in Sources */,
				5898AA02F2787BCFCD573A61 /* RDInternalProperty.mm in Sources */,
				5898A1F1426967A299536EF4 /* RDClassCollector.m in Sources */,
				5898AD41ECD762A614BA6DA3 /* RDPropertyCollector.mm in Sources */,
				5898A1C2609F3028F6333563 /* RDLazyHook.mm in Sources */,
				5898AF900FBFDD25DEBF6C6C /* LazySpec.mm in Sources */,
				5898A3333419DA804CB0BB1C /* RDLazyInitializer.mm in Sources */,
				5898ACFAA47F2944095C5B87 /* RDPropertyFinder.mm in Sources */,
				5898AAC59967843A217DAD2C /* RDPropertyKVCHandler.mm in Sources */,
				5898A5410E6EA0BEC4F5E9DF /* RDDynamicsInjector.m in Sources */,
				5898AF5EA273AC305CE31077 /* RDKVCInjector.mm in Sources */,
				5898AE0624618629F4BE430A /* RDDynamicPropertyInjector.mm in Sources */,
				5898A34E9758EC1D1475C5DC /* RDInitializerRegistry.mm in Sources */,
				5898A58566ABAD7478266038 /* RDInitializer.mm in Sources */,
				5898A4CFEB83B4286B9CC6D3 /* RDInitializerRegistry+LazyRegistry.mm in Sources */,
				5898A7572CC094498A015D14 /* RDInitializer+LazyInitializer.mm in Sources */,
				5898A816C8BEE721E0EEAB98 /* RDInitializerSpec.mm in Sources */,
				5898A823498F8761546A0C4A /* RDLazyModel.m in Sources */,
				5898A7BA1B185B8009A29A86 /* RDAnotherLazyModel.m in Sources */,
			);
			runOnlyForDeploymentPostprocessing = 0;
		};
/* End PBXSourcesBuildPhase section */

/* Begin PBXVariantGroup section */
		5898A3F33ECC6353AABAC9B1 /* InfoPlist.strings */ = {
			isa = PBXVariantGroup;
			children = (
				5898AE605A7D3CABD3B50A78 /* en */,
			);
			name = InfoPlist.strings;
			sourceTree = "<group>";
		};
/* End PBXVariantGroup section */

/* Begin XCBuildConfiguration section */
		CADB6B12178FFE340060E11D /* Debug */ = {
			isa = XCBuildConfiguration;
			buildSettings = {
				ALWAYS_SEARCH_USER_PATHS = NO;
				CLANG_CXX_LANGUAGE_STANDARD = "gnu++0x";
				CLANG_CXX_LIBRARY = "libc++";
				CLANG_ENABLE_OBJC_ARC = YES;
				CLANG_WARN_CONSTANT_CONVERSION = YES;
				CLANG_WARN_EMPTY_BODY = YES;
				CLANG_WARN_ENUM_CONVERSION = YES;
				CLANG_WARN_INT_CONVERSION = YES;
				CLANG_WARN__DUPLICATE_METHOD_MATCH = YES;
				"CODE_SIGN_IDENTITY[sdk=iphoneos*]" = "iPhone Developer";
				COPY_PHASE_STRIP = NO;
				GCC_C_LANGUAGE_STANDARD = gnu99;
				GCC_DYNAMIC_NO_PIC = NO;
				GCC_OPTIMIZATION_LEVEL = 0;
				GCC_PREPROCESSOR_DEFINITIONS = (
					"DEBUG=1",
					"$(inherited)",
				);
				GCC_SYMBOLS_PRIVATE_EXTERN = NO;
				GCC_WARN_ABOUT_RETURN_TYPE = YES;
				GCC_WARN_UNINITIALIZED_AUTOS = YES;
				GCC_WARN_UNUSED_VARIABLE = YES;
				IPHONEOS_DEPLOYMENT_TARGET = 5.0;
				ONLY_ACTIVE_ARCH = YES;
				SDKROOT = iphoneos;
			};
			name = Debug;
		};
		CADB6B13178FFE340060E11D /* Release */ = {
			isa = XCBuildConfiguration;
			buildSettings = {
				ALWAYS_SEARCH_USER_PATHS = NO;
				CLANG_CXX_LANGUAGE_STANDARD = "gnu++0x";
				CLANG_CXX_LIBRARY = "libc++";
				CLANG_ENABLE_OBJC_ARC = YES;
				CLANG_WARN_CONSTANT_CONVERSION = YES;
				CLANG_WARN_EMPTY_BODY = YES;
				CLANG_WARN_ENUM_CONVERSION = YES;
				CLANG_WARN_INT_CONVERSION = YES;
				CLANG_WARN__DUPLICATE_METHOD_MATCH = YES;
				"CODE_SIGN_IDENTITY[sdk=iphoneos*]" = "iPhone Developer";
				COPY_PHASE_STRIP = YES;
				GCC_C_LANGUAGE_STANDARD = gnu99;
				GCC_WARN_ABOUT_RETURN_TYPE = YES;
				GCC_WARN_UNINITIALIZED_AUTOS = YES;
				GCC_WARN_UNUSED_VARIABLE = YES;
				IPHONEOS_DEPLOYMENT_TARGET = 5.0;
				OTHER_CFLAGS = "-DNS_BLOCK_ASSERTIONS=1";
				SDKROOT = iphoneos;
				VALIDATE_PRODUCT = YES;
			};
			name = Release;
		};
		CADB6B15178FFE340060E11D /* Debug */ = {
			isa = XCBuildConfiguration;
			baseConfigurationReference = E0923875F301408CA184BE42 /* Pods.xcconfig */;
			buildSettings = {
				GCC_PRECOMPILE_PREFIX_HEADER = YES;
				GCC_PREFIX_HEADER = "Dynamics/Supporting Files/Dynamics-Prefix.pch";
				INFOPLIST_FILE = "Dynamics/Supporting Files/Dynamics-Info.plist";
				OTHER_LDFLAGS = (
					"-ObjC",
					"-lc++",
				);
				PRODUCT_NAME = "$(TARGET_NAME)";
				WRAPPER_EXTENSION = app;
			};
			name = Debug;
		};
		CADB6B16178FFE340060E11D /* Release */ = {
			isa = XCBuildConfiguration;
			baseConfigurationReference = E0923875F301408CA184BE42 /* Pods.xcconfig */;
			buildSettings = {
				GCC_PRECOMPILE_PREFIX_HEADER = YES;
				GCC_PREFIX_HEADER = "Dynamics/Supporting Files/Dynamics-Prefix.pch";
				INFOPLIST_FILE = "Dynamics/Supporting Files/Dynamics-Info.plist";
				OTHER_LDFLAGS = (
					"-ObjC",
					"-lc++",
				);
				PRODUCT_NAME = "$(TARGET_NAME)";
				WRAPPER_EXTENSION = app;
			};
			name = Release;
		};
/* End XCBuildConfiguration section */

/* Begin XCConfigurationList section */
		CADB6AEC178FFE330060E11D /* Build configuration list for PBXProject "Dynamics" */ = {
			isa = XCConfigurationList;
			buildConfigurations = (
				CADB6B12178FFE340060E11D /* Debug */,
				CADB6B13178FFE340060E11D /* Release */,
			);
			defaultConfigurationIsVisible = 0;
			defaultConfigurationName = Release;
		};
		CADB6B14178FFE340060E11D /* Build configuration list for PBXNativeTarget "Dynamics" */ = {
			isa = XCConfigurationList;
			buildConfigurations = (
				CADB6B15178FFE340060E11D /* Debug */,
				CADB6B16178FFE340060E11D /* Release */,
			);
			defaultConfigurationIsVisible = 0;
			defaultConfigurationName = Release;
		};
/* End XCConfigurationList section */
	};
	rootObject = CADB6AE9178FFE330060E11D /* Project object */;
}
